// !$*UTF8*$!
{
	archiveVersion = 1;
	classes = {
	};
	objectVersion = 52;
	objects = {

/* Begin PBXBuildFile section */
		E152D3C524A7A58C0009972F /* Core.framework in Frameworks */ = {isa = PBXBuildFile; fileRef = E152D3C324A7A58C0009972F /* Core.framework */; };
		E152D3C624A7A58C0009972F /* Core.framework in Embed Frameworks */ = {isa = PBXBuildFile; fileRef = E152D3C324A7A58C0009972F /* Core.framework */; settings = {ATTRIBUTES = (CodeSignOnCopy, RemoveHeadersOnCopy, ); }; };
		E152D3C724A7A58C0009972F /* UI.framework in Frameworks */ = {isa = PBXBuildFile; fileRef = E152D3C424A7A58C0009972F /* UI.framework */; };
		E152D3C824A7A58C0009972F /* UI.framework in Embed Frameworks */ = {isa = PBXBuildFile; fileRef = E152D3C424A7A58C0009972F /* UI.framework */; settings = {ATTRIBUTES = (CodeSignOnCopy, RemoveHeadersOnCopy, ); }; };
		E187689524A4F63C001EB69E /* Questions.framework in Frameworks */ = {isa = PBXBuildFile; fileRef = E187688B24A4F63C001EB69E /* Questions.framework */; };
		E187689A24A4F63C001EB69E /* QuestionsTests.swift in Sources */ = {isa = PBXBuildFile; fileRef = E187689924A4F63C001EB69E /* QuestionsTests.swift */; };
		E18768B224A4F6FC001EB69E /* Questions.storyboard in Resources */ = {isa = PBXBuildFile; fileRef = E18768B124A4F6FC001EB69E /* Questions.storyboard */; };
		E18768B524A4F715001EB69E /* QuestionsViewController.swift in Sources */ = {isa = PBXBuildFile; fileRef = E18768B424A4F715001EB69E /* QuestionsViewController.swift */; };
		E18768B724A4F8FC001EB69E /* QuestionsCoordinator.swift in Sources */ = {isa = PBXBuildFile; fileRef = E18768B624A4F8FC001EB69E /* QuestionsCoordinator.swift */; };
		E18768B924A4F913001EB69E /* ViewControllerFactory.swift in Sources */ = {isa = PBXBuildFile; fileRef = E18768B824A4F913001EB69E /* ViewControllerFactory.swift */; };
		E1E4509C24AA7B2800BDDAFF /* QuestionCollectionViewCell.swift in Sources */ = {isa = PBXBuildFile; fileRef = E1E4509B24AA7B2800BDDAFF /* QuestionCollectionViewCell.swift */; };
		E1E4509E24AA7B5D00BDDAFF /* Question.swift in Sources */ = {isa = PBXBuildFile; fileRef = E1E4509D24AA7B5D00BDDAFF /* Question.swift */; };
		E1E450A224AA7E9200BDDAFF /* SDWebImage in Frameworks */ = {isa = PBXBuildFile; productRef = E1E450A124AA7E9200BDDAFF /* SDWebImage */; };
		E1E450A624AA7F8A00BDDAFF /* Assets.xcassets in Resources */ = {isa = PBXBuildFile; fileRef = E1E450A524AA7F8A00BDDAFF /* Assets.xcassets */; };
		E1E450AB24AA855000BDDAFF /* QuestionsService.swift in Sources */ = {isa = PBXBuildFile; fileRef = E1E450AA24AA855000BDDAFF /* QuestionsService.swift */; };
		E1E450AD24AA86CE00BDDAFF /* Answer.swift in Sources */ = {isa = PBXBuildFile; fileRef = E1E450AC24AA86CE00BDDAFF /* Answer.swift */; };
/* End PBXBuildFile section */

/* Begin PBXContainerItemProxy section */
		E187689624A4F63C001EB69E /* PBXContainerItemProxy */ = {
			isa = PBXContainerItemProxy;
			containerPortal = E187688224A4F63C001EB69E /* Project object */;
			proxyType = 1;
			remoteGlobalIDString = E187688A24A4F63C001EB69E;
			remoteInfo = Questions;
		};
/* End PBXContainerItemProxy section */

/* Begin PBXCopyFilesBuildPhase section */
		E1B267E724A7992500A4144E /* Embed Frameworks */ = {
			isa = PBXCopyFilesBuildPhase;
			buildActionMask = 2147483647;
			dstPath = "";
			dstSubfolderSpec = 10;
			files = (
				E152D3C824A7A58C0009972F /* UI.framework in Embed Frameworks */,
				E152D3C624A7A58C0009972F /* Core.framework in Embed Frameworks */,
			);
			name = "Embed Frameworks";
			runOnlyForDeploymentPostprocessing = 0;
		};
/* End PBXCopyFilesBuildPhase section */

/* Begin PBXFileReference section */
		E139BEA024A74680004A7EA2 /* PhoneNumberKit.framework */ = {isa = PBXFileReference; explicitFileType = wrapper.framework; path = PhoneNumberKit.framework; sourceTree = BUILT_PRODUCTS_DIR; };
		E152D3C324A7A58C0009972F /* Core.framework */ = {isa = PBXFileReference; explicitFileType = wrapper.framework; path = Core.framework; sourceTree = BUILT_PRODUCTS_DIR; };
		E152D3C424A7A58C0009972F /* UI.framework */ = {isa = PBXFileReference; explicitFileType = wrapper.framework; path = UI.framework; sourceTree = BUILT_PRODUCTS_DIR; };
		E187688B24A4F63C001EB69E /* Questions.framework */ = {isa = PBXFileReference; explicitFileType = wrapper.framework; includeInIndex = 0; path = Questions.framework; sourceTree = BUILT_PRODUCTS_DIR; };
		E187688F24A4F63C001EB69E /* Info.plist */ = {isa = PBXFileReference; lastKnownFileType = text.plist.xml; path = Info.plist; sourceTree = "<group>"; };
		E187689424A4F63C001EB69E /* QuestionsTests.xctest */ = {isa = PBXFileReference; explicitFileType = wrapper.cfbundle; includeInIndex = 0; path = QuestionsTests.xctest; sourceTree = BUILT_PRODUCTS_DIR; };
		E187689924A4F63C001EB69E /* QuestionsTests.swift */ = {isa = PBXFileReference; lastKnownFileType = sourcecode.swift; path = QuestionsTests.swift; sourceTree = "<group>"; };
		E187689B24A4F63C001EB69E /* Info.plist */ = {isa = PBXFileReference; lastKnownFileType = text.plist.xml; path = Info.plist; sourceTree = "<group>"; };
		E18768A924A4F6DA001EB69E /* Core.framework */ = {isa = PBXFileReference; explicitFileType = wrapper.framework; path = Core.framework; sourceTree = BUILT_PRODUCTS_DIR; };
		E18768AD24A4F6DE001EB69E /* UI.framework */ = {isa = PBXFileReference; explicitFileType = wrapper.framework; path = UI.framework; sourceTree = BUILT_PRODUCTS_DIR; };
		E18768B124A4F6FC001EB69E /* Questions.storyboard */ = {isa = PBXFileReference; lastKnownFileType = file.storyboard; path = Questions.storyboard; sourceTree = "<group>"; };
		E18768B424A4F715001EB69E /* QuestionsViewController.swift */ = {isa = PBXFileReference; lastKnownFileType = sourcecode.swift; path = QuestionsViewController.swift; sourceTree = "<group>"; };
		E18768B624A4F8FC001EB69E /* QuestionsCoordinator.swift */ = {isa = PBXFileReference; lastKnownFileType = sourcecode.swift; path = QuestionsCoordinator.swift; sourceTree = "<group>"; };
		E18768B824A4F913001EB69E /* ViewControllerFactory.swift */ = {isa = PBXFileReference; lastKnownFileType = sourcecode.swift; path = ViewControllerFactory.swift; sourceTree = "<group>"; };
		E1E4509B24AA7B2800BDDAFF /* QuestionCollectionViewCell.swift */ = {isa = PBXFileReference; lastKnownFileType = sourcecode.swift; path = QuestionCollectionViewCell.swift; sourceTree = "<group>"; };
		E1E4509D24AA7B5D00BDDAFF /* Question.swift */ = {isa = PBXFileReference; lastKnownFileType = sourcecode.swift; path = Question.swift; sourceTree = "<group>"; };
		E1E450A524AA7F8A00BDDAFF /* Assets.xcassets */ = {isa = PBXFileReference; lastKnownFileType = folder.assetcatalog; path = Assets.xcassets; sourceTree = "<group>"; };
		E1E450AA24AA855000BDDAFF /* QuestionsService.swift */ = {isa = PBXFileReference; lastKnownFileType = sourcecode.swift; path = QuestionsService.swift; sourceTree = "<group>"; };
		E1E450AC24AA86CE00BDDAFF /* Answer.swift */ = {isa = PBXFileReference; lastKnownFileType = sourcecode.swift; path = Answer.swift; sourceTree = "<group>"; };
/* End PBXFileReference section */

/* Begin PBXFrameworksBuildPhase section */
		E187688824A4F63C001EB69E /* Frameworks */ = {
			isa = PBXFrameworksBuildPhase;
			buildActionMask = 2147483647;
			files = (
				E1E450A224AA7E9200BDDAFF /* SDWebImage in Frameworks */,
				E152D3C724A7A58C0009972F /* UI.framework in Frameworks */,
				E152D3C524A7A58C0009972F /* Core.framework in Frameworks */,
			);
			runOnlyForDeploymentPostprocessing = 0;
		};
		E187689124A4F63C001EB69E /* Frameworks */ = {
			isa = PBXFrameworksBuildPhase;
			buildActionMask = 2147483647;
			files = (
				E187689524A4F63C001EB69E /* Questions.framework in Frameworks */,
			);
			runOnlyForDeploymentPostprocessing = 0;
		};
/* End PBXFrameworksBuildPhase section */

/* Begin PBXGroup section */
		E187688124A4F63C001EB69E = {
			isa = PBXGroup;
			children = (
				E187688D24A4F63C001EB69E /* Questions */,
				E187689824A4F63C001EB69E /* QuestionsTests */,
				E187688C24A4F63C001EB69E /* Products */,
				E18768A824A4F6DA001EB69E /* Frameworks */,
			);
			sourceTree = "<group>";
		};
		E187688C24A4F63C001EB69E /* Products */ = {
			isa = PBXGroup;
			children = (
				E187688B24A4F63C001EB69E /* Questions.framework */,
				E187689424A4F63C001EB69E /* QuestionsTests.xctest */,
			);
			name = Products;
			sourceTree = "<group>";
		};
		E187688D24A4F63C001EB69E /* Questions */ = {
			isa = PBXGroup;
			children = (
				E18768B024A4F6E8001EB69E /* ViewControllers */,
				E1E4509A24AA7AA300BDDAFF /* QuestionsService */,
				E1E450A724AA7F9700BDDAFF /* Resources */,
				E1E450AE24AA8A3900BDDAFF /* Coordinator */,
				E187688F24A4F63C001EB69E /* Info.plist */,
			);
			path = Questions;
			sourceTree = "<group>";
		};
		E187689824A4F63C001EB69E /* QuestionsTests */ = {
			isa = PBXGroup;
			children = (
				E187689924A4F63C001EB69E /* QuestionsTests.swift */,
				E187689B24A4F63C001EB69E /* Info.plist */,
			);
			path = QuestionsTests;
			sourceTree = "<group>";
		};
		E18768A824A4F6DA001EB69E /* Frameworks */ = {
			isa = PBXGroup;
			children = (
				E152D3C324A7A58C0009972F /* Core.framework */,
				E152D3C424A7A58C0009972F /* UI.framework */,
				E139BEA024A74680004A7EA2 /* PhoneNumberKit.framework */,
				E18768AD24A4F6DE001EB69E /* UI.framework */,
				E18768A924A4F6DA001EB69E /* Core.framework */,
			);
			name = Frameworks;
			sourceTree = "<group>";
		};
		E18768B024A4F6E8001EB69E /* ViewControllers */ = {
			isa = PBXGroup;
			children = (
				E18768B324A4F703001EB69E /* QuestionsViewController */,
				E18768B124A4F6FC001EB69E /* Questions.storyboard */,
				E18768B824A4F913001EB69E /* ViewControllerFactory.swift */,
			);
			path = ViewControllers;
			sourceTree = "<group>";
		};
		E18768B324A4F703001EB69E /* QuestionsViewController */ = {
			isa = PBXGroup;
			children = (
				E18768B424A4F715001EB69E /* QuestionsViewController.swift */,
				E1E4509B24AA7B2800BDDAFF /* QuestionCollectionViewCell.swift */,
			);
			path = QuestionsViewController;
			sourceTree = "<group>";
		};
		E1E4509A24AA7AA300BDDAFF /* QuestionsService */ = {
			isa = PBXGroup;
			children = (
				E1E450AA24AA855000BDDAFF /* QuestionsService.swift */,
				E1E4509D24AA7B5D00BDDAFF /* Question.swift */,
				E1E450AC24AA86CE00BDDAFF /* Answer.swift */,
			);
			path = QuestionsService;
			sourceTree = "<group>";
		};
		E1E450A724AA7F9700BDDAFF /* Resources */ = {
			isa = PBXGroup;
			children = (
				E1E450A524AA7F8A00BDDAFF /* Assets.xcassets */,
			);
			path = Resources;
			sourceTree = "<group>";
		};
		E1E450AE24AA8A3900BDDAFF /* Coordinator */ = {
			isa = PBXGroup;
			children = (
				E18768B624A4F8FC001EB69E /* QuestionsCoordinator.swift */,
			);
			path = Coordinator;
			sourceTree = "<group>";
		};
/* End PBXGroup section */

/* Begin PBXNativeTarget section */
		E187688A24A4F63C001EB69E /* Questions */ = {
			isa = PBXNativeTarget;
			buildConfigurationList = E187689F24A4F63C001EB69E /* Build configuration list for PBXNativeTarget "Questions" */;
			buildPhases = (
				E187688724A4F63C001EB69E /* Sources */,
				E187688824A4F63C001EB69E /* Frameworks */,
				E187688924A4F63C001EB69E /* Resources */,
				E1E4509F24AA7DC900BDDAFF /* ShellScript */,
				E1B267E724A7992500A4144E /* Embed Frameworks */,
			);
			buildRules = (
			);
			dependencies = (
				E1E450A424AA7EA000BDDAFF /* PBXTargetDependency */,
			);
			name = Questions;
			packageProductDependencies = (
				E1E450A124AA7E9200BDDAFF /* SDWebImage */,
			);
			productName = Questions;
			productReference = E187688B24A4F63C001EB69E /* Questions.framework */;
			productType = "com.apple.product-type.framework";
		};
		E187689324A4F63C001EB69E /* QuestionsTests */ = {
			isa = PBXNativeTarget;
			buildConfigurationList = E18768A224A4F63C001EB69E /* Build configuration list for PBXNativeTarget "QuestionsTests" */;
			buildPhases = (
				E187689024A4F63C001EB69E /* Sources */,
				E187689124A4F63C001EB69E /* Frameworks */,
				E187689224A4F63C001EB69E /* Resources */,
			);
			buildRules = (
			);
			dependencies = (
				E187689724A4F63C001EB69E /* PBXTargetDependency */,
			);
			name = QuestionsTests;
			productName = QuestionsTests;
			productReference = E187689424A4F63C001EB69E /* QuestionsTests.xctest */;
			productType = "com.apple.product-type.bundle.unit-test";
		};
/* End PBXNativeTarget section */

/* Begin PBXProject section */
		E187688224A4F63C001EB69E /* Project object */ = {
			isa = PBXProject;
			attributes = {
				LastSwiftUpdateCheck = 1150;
				LastUpgradeCheck = 1150;
				ORGANIZATIONNAME = "Maxim Timokhin";
				TargetAttributes = {
					E187688A24A4F63C001EB69E = {
						CreatedOnToolsVersion = 11.5;
						LastSwiftMigration = 1150;
					};
					E187689324A4F63C001EB69E = {
						CreatedOnToolsVersion = 11.5;
					};
				};
			};
			buildConfigurationList = E187688524A4F63C001EB69E /* Build configuration list for PBXProject "Questions" */;
			compatibilityVersion = "Xcode 9.3";
			developmentRegion = en;
			hasScannedForEncodings = 0;
			knownRegions = (
				en,
				Base,
			);
			mainGroup = E187688124A4F63C001EB69E;
			packageReferences = (
				E1E450A024AA7E9200BDDAFF /* XCRemoteSwiftPackageReference "SDWebImage" */,
			);
			productRefGroup = E187688C24A4F63C001EB69E /* Products */;
			projectDirPath = "";
			projectRoot = "";
			targets = (
				E187688A24A4F63C001EB69E /* Questions */,
				E187689324A4F63C001EB69E /* QuestionsTests */,
			);
		};
/* End PBXProject section */

/* Begin PBXResourcesBuildPhase section */
		E187688924A4F63C001EB69E /* Resources */ = {
			isa = PBXResourcesBuildPhase;
			buildActionMask = 2147483647;
			files = (
				E1E450A624AA7F8A00BDDAFF /* Assets.xcassets in Resources */,
				E18768B224A4F6FC001EB69E /* Questions.storyboard in Resources */,
			);
			runOnlyForDeploymentPostprocessing = 0;
		};
		E187689224A4F63C001EB69E /* Resources */ = {
			isa = PBXResourcesBuildPhase;
			buildActionMask = 2147483647;
			files = (
			);
			runOnlyForDeploymentPostprocessing = 0;
		};
/* End PBXResourcesBuildPhase section */

/* Begin PBXShellScriptBuildPhase section */
		E1E4509F24AA7DC900BDDAFF /* ShellScript */ = {
			isa = PBXShellScriptBuildPhase;
			buildActionMask = 2147483647;
			files = (
			);
			inputFileListPaths = (
			);
			inputPaths = (
			);
			outputFileListPaths = (
			);
			outputPaths = (
			);
			runOnlyForDeploymentPostprocessing = 0;
			shellPath = /bin/sh;
			shellScript = "# Type a script or drag a script file from your workspace to insert its path.\nswiftlint\n";
		};
/* End PBXShellScriptBuildPhase section */

/* Begin PBXSourcesBuildPhase section */
		E187688724A4F63C001EB69E /* Sources */ = {
			isa = PBXSourcesBuildPhase;
			buildActionMask = 2147483647;
			files = (
				E1E4509E24AA7B5D00BDDAFF /* Question.swift in Sources */,
				E1E4509C24AA7B2800BDDAFF /* QuestionCollectionViewCell.swift in Sources */,
				E18768B924A4F913001EB69E /* ViewControllerFactory.swift in Sources */,
				E1E450AD24AA86CE00BDDAFF /* Answer.swift in Sources */,
				E1E450AB24AA855000BDDAFF /* QuestionsService.swift in Sources */,
				E18768B724A4F8FC001EB69E /* QuestionsCoordinator.swift in Sources */,
				E18768B524A4F715001EB69E /* QuestionsViewController.swift in Sources */,
			);
			runOnlyForDeploymentPostprocessing = 0;
		};
		E187689024A4F63C001EB69E /* Sources */ = {
			isa = PBXSourcesBuildPhase;
			buildActionMask = 2147483647;
			files = (
				E187689A24A4F63C001EB69E /* QuestionsTests.swift in Sources */,
			);
			runOnlyForDeploymentPostprocessing = 0;
		};
/* End PBXSourcesBuildPhase section */

/* Begin PBXTargetDependency section */
		E187689724A4F63C001EB69E /* PBXTargetDependency */ = {
			isa = PBXTargetDependency;
			target = E187688A24A4F63C001EB69E /* Questions */;
			targetProxy = E187689624A4F63C001EB69E /* PBXContainerItemProxy */;
		};
		E1E450A424AA7EA000BDDAFF /* PBXTargetDependency */ = {
			isa = PBXTargetDependency;
			productRef = E1E450A324AA7EA000BDDAFF /* SDWebImage */;
		};
/* End PBXTargetDependency section */

/* Begin XCBuildConfiguration section */
		E187689D24A4F63C001EB69E /* Debug */ = {
			isa = XCBuildConfiguration;
			buildSettings = {
				ALWAYS_SEARCH_USER_PATHS = NO;
				CLANG_ANALYZER_NONNULL = YES;
				CLANG_ANALYZER_NUMBER_OBJECT_CONVERSION = YES_AGGRESSIVE;
				CLANG_CXX_LANGUAGE_STANDARD = "gnu++14";
				CLANG_CXX_LIBRARY = "libc++";
				CLANG_ENABLE_MODULES = YES;
				CLANG_ENABLE_OBJC_ARC = YES;
				CLANG_ENABLE_OBJC_WEAK = YES;
				CLANG_WARN_BLOCK_CAPTURE_AUTORELEASING = YES;
				CLANG_WARN_BOOL_CONVERSION = YES;
				CLANG_WARN_COMMA = YES;
				CLANG_WARN_CONSTANT_CONVERSION = YES;
				CLANG_WARN_DEPRECATED_OBJC_IMPLEMENTATIONS = YES;
				CLANG_WARN_DIRECT_OBJC_ISA_USAGE = YES_ERROR;
				CLANG_WARN_DOCUMENTATION_COMMENTS = YES;
				CLANG_WARN_EMPTY_BODY = YES;
				CLANG_WARN_ENUM_CONVERSION = YES;
				CLANG_WARN_INFINITE_RECURSION = YES;
				CLANG_WARN_INT_CONVERSION = YES;
				CLANG_WARN_NON_LITERAL_NULL_CONVERSION = YES;
				CLANG_WARN_OBJC_IMPLICIT_RETAIN_SELF = YES;
				CLANG_WARN_OBJC_LITERAL_CONVERSION = YES;
				CLANG_WARN_OBJC_ROOT_CLASS = YES_ERROR;
				CLANG_WARN_RANGE_LOOP_ANALYSIS = YES;
				CLANG_WARN_STRICT_PROTOTYPES = YES;
				CLANG_WARN_SUSPICIOUS_MOVE = YES;
				CLANG_WARN_UNGUARDED_AVAILABILITY = YES_AGGRESSIVE;
				CLANG_WARN_UNREACHABLE_CODE = YES;
				CLANG_WARN__DUPLICATE_METHOD_MATCH = YES;
				COPY_PHASE_STRIP = NO;
				CURRENT_PROJECT_VERSION = 1;
				DEBUG_INFORMATION_FORMAT = dwarf;
				ENABLE_STRICT_OBJC_MSGSEND = YES;
				ENABLE_TESTABILITY = YES;
				GCC_C_LANGUAGE_STANDARD = gnu11;
				GCC_DYNAMIC_NO_PIC = NO;
				GCC_NO_COMMON_BLOCKS = YES;
				GCC_OPTIMIZATION_LEVEL = 0;
				GCC_PREPROCESSOR_DEFINITIONS = (
					"DEBUG=1",
					"$(inherited)",
				);
				GCC_WARN_64_TO_32_BIT_CONVERSION = YES;
				GCC_WARN_ABOUT_RETURN_TYPE = YES_ERROR;
				GCC_WARN_UNDECLARED_SELECTOR = YES;
				GCC_WARN_UNINITIALIZED_AUTOS = YES_AGGRESSIVE;
				GCC_WARN_UNUSED_FUNCTION = YES;
				GCC_WARN_UNUSED_VARIABLE = YES;
				IPHONEOS_DEPLOYMENT_TARGET = 10.3;
				MTL_ENABLE_DEBUG_INFO = INCLUDE_SOURCE;
				MTL_FAST_MATH = YES;
				ONLY_ACTIVE_ARCH = YES;
				SDKROOT = iphoneos;
				SWIFT_ACTIVE_COMPILATION_CONDITIONS = DEBUG;
				SWIFT_OPTIMIZATION_LEVEL = "-Onone";
				VERSIONING_SYSTEM = "apple-generic";
				VERSION_INFO_PREFIX = "";
			};
			name = Debug;
		};
		E187689E24A4F63C001EB69E /* Release */ = {
			isa = XCBuildConfiguration;
			buildSettings = {
				ALWAYS_SEARCH_USER_PATHS = NO;
				CLANG_ANALYZER_NONNULL = YES;
				CLANG_ANALYZER_NUMBER_OBJECT_CONVERSION = YES_AGGRESSIVE;
				CLANG_CXX_LANGUAGE_STANDARD = "gnu++14";
				CLANG_CXX_LIBRARY = "libc++";
				CLANG_ENABLE_MODULES = YES;
				CLANG_ENABLE_OBJC_ARC = YES;
				CLANG_ENABLE_OBJC_WEAK = YES;
				CLANG_WARN_BLOCK_CAPTURE_AUTORELEASING = YES;
				CLANG_WARN_BOOL_CONVERSION = YES;
				CLANG_WARN_COMMA = YES;
				CLANG_WARN_CONSTANT_CONVERSION = YES;
				CLANG_WARN_DEPRECATED_OBJC_IMPLEMENTATIONS = YES;
				CLANG_WARN_DIRECT_OBJC_ISA_USAGE = YES_ERROR;
				CLANG_WARN_DOCUMENTATION_COMMENTS = YES;
				CLANG_WARN_EMPTY_BODY = YES;
				CLANG_WARN_ENUM_CONVERSION = YES;
				CLANG_WARN_INFINITE_RECURSION = YES;
				CLANG_WARN_INT_CONVERSION = YES;
				CLANG_WARN_NON_LITERAL_NULL_CONVERSION = YES;
				CLANG_WARN_OBJC_IMPLICIT_RETAIN_SELF = YES;
				CLANG_WARN_OBJC_LITERAL_CONVERSION = YES;
				CLANG_WARN_OBJC_ROOT_CLASS = YES_ERROR;
				CLANG_WARN_RANGE_LOOP_ANALYSIS = YES;
				CLANG_WARN_STRICT_PROTOTYPES = YES;
				CLANG_WARN_SUSPICIOUS_MOVE = YES;
				CLANG_WARN_UNGUARDED_AVAILABILITY = YES_AGGRESSIVE;
				CLANG_WARN_UNREACHABLE_CODE = YES;
				CLANG_WARN__DUPLICATE_METHOD_MATCH = YES;
				COPY_PHASE_STRIP = NO;
				CURRENT_PROJECT_VERSION = 1;
				DEBUG_INFORMATION_FORMAT = "dwarf-with-dsym";
				ENABLE_NS_ASSERTIONS = NO;
				ENABLE_STRICT_OBJC_MSGSEND = YES;
				GCC_C_LANGUAGE_STANDARD = gnu11;
				GCC_NO_COMMON_BLOCKS = YES;
				GCC_WARN_64_TO_32_BIT_CONVERSION = YES;
				GCC_WARN_ABOUT_RETURN_TYPE = YES_ERROR;
				GCC_WARN_UNDECLARED_SELECTOR = YES;
				GCC_WARN_UNINITIALIZED_AUTOS = YES_AGGRESSIVE;
				GCC_WARN_UNUSED_FUNCTION = YES;
				GCC_WARN_UNUSED_VARIABLE = YES;
				IPHONEOS_DEPLOYMENT_TARGET = 10.3;
				MTL_ENABLE_DEBUG_INFO = NO;
				MTL_FAST_MATH = YES;
				SDKROOT = iphoneos;
				SWIFT_COMPILATION_MODE = wholemodule;
				SWIFT_OPTIMIZATION_LEVEL = "-O";
				VALIDATE_PRODUCT = YES;
				VERSIONING_SYSTEM = "apple-generic";
				VERSION_INFO_PREFIX = "";
			};
			name = Release;
		};
		E18768A024A4F63C001EB69E /* Debug */ = {
			isa = XCBuildConfiguration;
			buildSettings = {
				CLANG_ENABLE_MODULES = YES;
				CODE_SIGN_STYLE = Manual;
				DEFINES_MODULE = YES;
				DEVELOPMENT_TEAM = "";
				DYLIB_COMPATIBILITY_VERSION = 1;
				DYLIB_CURRENT_VERSION = 1;
				DYLIB_INSTALL_NAME_BASE = "@rpath";
				INFOPLIST_FILE = Questions/Info.plist;
				INSTALL_PATH = "$(LOCAL_LIBRARY_DIR)/Frameworks";
				IPHONEOS_DEPLOYMENT_TARGET = 10.3;
				LD_RUNPATH_SEARCH_PATHS = (
					"$(inherited)",
					"@executable_path/Frameworks",
					"@loader_path/Frameworks",
				);
				PRODUCT_BUNDLE_IDENTIFIER = ru.getproger.Questions;
				PRODUCT_NAME = "$(TARGET_NAME:c99extidentifier)";
				PROVISIONING_PROFILE_SPECIFIER = "";
				SKIP_INSTALL = YES;
				SUPPORTS_MACCATALYST = NO;
				SWIFT_OPTIMIZATION_LEVEL = "-Onone";
				SWIFT_VERSION = 5.0;
				TARGETED_DEVICE_FAMILY = 1;
			};
			name = Debug;
		};
		E18768A124A4F63C001EB69E /* Release */ = {
			isa = XCBuildConfiguration;
			buildSettings = {
				CLANG_ENABLE_MODULES = YES;
				CODE_SIGN_STYLE = Manual;
				DEFINES_MODULE = YES;
				DEVELOPMENT_TEAM = "";
				DYLIB_COMPATIBILITY_VERSION = 1;
				DYLIB_CURRENT_VERSION = 1;
				DYLIB_INSTALL_NAME_BASE = "@rpath";
				INFOPLIST_FILE = Questions/Info.plist;
				INSTALL_PATH = "$(LOCAL_LIBRARY_DIR)/Frameworks";
				IPHONEOS_DEPLOYMENT_TARGET = 10.3;
				LD_RUNPATH_SEARCH_PATHS = (
					"$(inherited)",
					"@executable_path/Frameworks",
					"@loader_path/Frameworks",
				);
				PRODUCT_BUNDLE_IDENTIFIER = ru.getproger.Questions;
				PRODUCT_NAME = "$(TARGET_NAME:c99extidentifier)";
				PROVISIONING_PROFILE_SPECIFIER = "";
				SKIP_INSTALL = YES;
				SUPPORTS_MACCATALYST = NO;
				SWIFT_VERSION = 5.0;
				TARGETED_DEVICE_FAMILY = 1;
			};
			name = Release;
		};
		E18768A324A4F63C001EB69E /* Debug */ = {
			isa = XCBuildConfiguration;
			buildSettings = {
				ALWAYS_EMBED_SWIFT_STANDARD_LIBRARIES = YES;
				CODE_SIGN_STYLE = Automatic;
				DEVELOPMENT_TEAM = "";
				INFOPLIST_FILE = QuestionsTests/Info.plist;
				LD_RUNPATH_SEARCH_PATHS = (
					"$(inherited)",
					"@executable_path/Frameworks",
					"@loader_path/Frameworks",
				);
				PRODUCT_BUNDLE_IDENTIFIER = ru.getproger.QuestionsTests;
				PRODUCT_NAME = "$(TARGET_NAME)";
				SWIFT_VERSION = 5.0;
				TARGETED_DEVICE_FAMILY = "1,2";
			};
			name = Debug;
		};
		E18768A424A4F63C001EB69E /* Release */ = {
			isa = XCBuildConfiguration;
			buildSettings = {
				ALWAYS_EMBED_SWIFT_STANDARD_LIBRARIES = YES;
				CODE_SIGN_STYLE = Automatic;
				DEVELOPMENT_TEAM = "";
				INFOPLIST_FILE = QuestionsTests/Info.plist;
				LD_RUNPATH_SEARCH_PATHS = (
					"$(inherited)",
					"@executable_path/Frameworks",
					"@loader_path/Frameworks",
				);
				PRODUCT_BUNDLE_IDENTIFIER = ru.getproger.QuestionsTests;
				PRODUCT_NAME = "$(TARGET_NAME)";
				SWIFT_VERSION = 5.0;
				TARGETED_DEVICE_FAMILY = "1,2";
			};
			name = Release;
		};
/* End XCBuildConfiguration section */

/* Begin XCConfigurationList section */
		E187688524A4F63C001EB69E /* Build configuration list for PBXProject "Questions" */ = {
			isa = XCConfigurationList;
			buildConfigurations = (
				E187689D24A4F63C001EB69E /* Debug */,
				E187689E24A4F63C001EB69E /* Release */,
			);
			defaultConfigurationIsVisible = 0;
			defaultConfigurationName = Release;
		};
		E187689F24A4F63C001EB69E /* Build configuration list for PBXNativeTarget "Questions" */ = {
			isa = XCConfigurationList;
			buildConfigurations = (
				E18768A024A4F63C001EB69E /* Debug */,
				E18768A124A4F63C001EB69E /* Release */,
			);
			defaultConfigurationIsVisible = 0;
			defaultConfigurationName = Release;
		};
		E18768A224A4F63C001EB69E /* Build configuration list for PBXNativeTarget "QuestionsTests" */ = {
			isa = XCConfigurationList;
			buildConfigurations = (
				E18768A324A4F63C001EB69E /* Debug */,
				E18768A424A4F63C001EB69E /* Release */,
			);
			defaultConfigurationIsVisible = 0;
			defaultConfigurationName = Release;
		};
/* End XCConfigurationList section */

/* Begin XCRemoteSwiftPackageReference section */
		E1E450A024AA7E9200BDDAFF /* XCRemoteSwiftPackageReference "SDWebImage" */ = {
			isa = XCRemoteSwiftPackageReference;
			repositoryURL = "https://github.com/SDWebImage/SDWebImage.git";
			requirement = {
				kind = upToNextMajorVersion;
				minimumVersion = 5.8.2;
			};
		};
/* End XCRemoteSwiftPackageReference section */

/* Begin XCSwiftPackageProductDependency section */
		E1E450A124AA7E9200BDDAFF /* SDWebImage */ = {
			isa = XCSwiftPackageProductDependency;
			package = E1E450A024AA7E9200BDDAFF /* XCRemoteSwiftPackageReference "SDWebImage" */;
			productName = SDWebImage;
		};
		E1E450A324AA7EA000BDDAFF /* SDWebImage */ = {
			isa = XCSwiftPackageProductDependency;
			package = E1E450A024AA7E9200BDDAFF /* XCRemoteSwiftPackageReference "SDWebImage" */;
			productName = SDWebImage;
		};
/* End XCSwiftPackageProductDependency section */
	};
	rootObject = E187688224A4F63C001EB69E /* Project object */;
}
