// !$*UTF8*$!
{
	archiveVersion = 1;
	classes = {
	};
	objectVersion = 50;
	objects = {

/* Begin PBXBuildFile section */
		E12150D024A4961100C691E4 /* Core.framework in Frameworks */ = {isa = PBXBuildFile; fileRef = E12150CF24A4961100C691E4 /* Core.framework */; };
		E12150D124A4961100C691E4 /* Core.framework in Embed Frameworks */ = {isa = PBXBuildFile; fileRef = E12150CF24A4961100C691E4 /* Core.framework */; settings = {ATTRIBUTES = (CodeSignOnCopy, RemoveHeadersOnCopy, ); }; };
		E12150D924A4980B00C691E4 /* Auth.framework in Frameworks */ = {isa = PBXBuildFile; fileRef = E12150D824A4980B00C691E4 /* Auth.framework */; };
		E12150DA24A4980B00C691E4 /* Auth.framework in Embed Frameworks */ = {isa = PBXBuildFile; fileRef = E12150D824A4980B00C691E4 /* Auth.framework */; settings = {ATTRIBUTES = (CodeSignOnCopy, RemoveHeadersOnCopy, ); }; };
		E130AF22249B43E6009C7A47 /* AuthenticationServices.framework in Frameworks */ = {isa = PBXBuildFile; fileRef = E130AF21249B43E6009C7A47 /* AuthenticationServices.framework */; };
		E14659C62494B0C100BBC9F5 /* AppDelegate.swift in Sources */ = {isa = PBXBuildFile; fileRef = E14659C52494B0C100BBC9F5 /* AppDelegate.swift */; };
		E14659CF2494B0C300BBC9F5 /* Assets.xcassets in Resources */ = {isa = PBXBuildFile; fileRef = E14659CE2494B0C300BBC9F5 /* Assets.xcassets */; };
		E14659D22494B0C300BBC9F5 /* LaunchScreen.storyboard in Resources */ = {isa = PBXBuildFile; fileRef = E14659D02494B0C300BBC9F5 /* LaunchScreen.storyboard */; };
		E14659DD2494B0C300BBC9F5 /* Travel_MatchTests.swift in Sources */ = {isa = PBXBuildFile; fileRef = E14659DC2494B0C300BBC9F5 /* Travel_MatchTests.swift */; };
		E14659E82494B0C300BBC9F5 /* Travel_MatchUITests.swift in Sources */ = {isa = PBXBuildFile; fileRef = E14659E72494B0C300BBC9F5 /* Travel_MatchUITests.swift */; };
		E1465A002494DD0900BBC9F5 /* AppCoordinator.swift in Sources */ = {isa = PBXBuildFile; fileRef = E14659FF2494DD0900BBC9F5 /* AppCoordinator.swift */; };
		E1465A1E24950C5200BBC9F5 /* Lato-Regular.ttf in Resources */ = {isa = PBXBuildFile; fileRef = E1465A1424950A8500BBC9F5 /* Lato-Regular.ttf */; };
		E1465A1F24950C5200BBC9F5 /* Montserrat-Bold.ttf in Resources */ = {isa = PBXBuildFile; fileRef = E1465A1124950A8500BBC9F5 /* Montserrat-Bold.ttf */; };
		E1465A2024950C5200BBC9F5 /* Montserrat-ExtraBold.ttf in Resources */ = {isa = PBXBuildFile; fileRef = E1465A1324950A8500BBC9F5 /* Montserrat-ExtraBold.ttf */; };
		E1465A2124950C5200BBC9F5 /* Montserrat-Medium.ttf in Resources */ = {isa = PBXBuildFile; fileRef = E1465A1524950A8500BBC9F5 /* Montserrat-Medium.ttf */; };
		E1465A2224950C5200BBC9F5 /* Montserrat-Regular.ttf in Resources */ = {isa = PBXBuildFile; fileRef = E1465A1624950A8500BBC9F5 /* Montserrat-Regular.ttf */; };
		E1465A2324950C5200BBC9F5 /* Montserrat-SemiBold.ttf in Resources */ = {isa = PBXBuildFile; fileRef = E1465A1224950A8500BBC9F5 /* Montserrat-SemiBold.ttf */; };
		E19063132496086500A3CB2E /* UserDefaults+Keys.swift in Sources */ = {isa = PBXBuildFile; fileRef = E19063122496086500A3CB2E /* UserDefaults+Keys.swift */; };
		E1906318249610AC00A3CB2E /* AuthService.swift in Sources */ = {isa = PBXBuildFile; fileRef = E1906317249610AC00A3CB2E /* AuthService.swift */; };
		E190E90A24A4A74500E95698 /* OnBoarding.framework in Frameworks */ = {isa = PBXBuildFile; fileRef = E190E90924A4A74500E95698 /* OnBoarding.framework */; };
		E190E90B24A4A74500E95698 /* OnBoarding.framework in Embed Frameworks */ = {isa = PBXBuildFile; fileRef = E190E90924A4A74500E95698 /* OnBoarding.framework */; settings = {ATTRIBUTES = (CodeSignOnCopy, RemoveHeadersOnCopy, ); }; };
		E1A4CEC1249B47B200DF254F /* CloudKit.framework in Frameworks */ = {isa = PBXBuildFile; fileRef = E1A4CEC0249B47B200DF254F /* CloudKit.framework */; };
		E1AB54EF24A1ED60008F5436 /* User.swift in Sources */ = {isa = PBXBuildFile; fileRef = E1AB54EE24A1ED60008F5436 /* User.swift */; };
		E1BB31102495568C00A4DA88 /* OnBoardingService.swift in Sources */ = {isa = PBXBuildFile; fileRef = E1BB310F2495568C00A4DA88 /* OnBoardingService.swift */; };
/* End PBXBuildFile section */

/* Begin PBXContainerItemProxy section */
		E14659D92494B0C300BBC9F5 /* PBXContainerItemProxy */ = {
			isa = PBXContainerItemProxy;
			containerPortal = E14659BA2494B0C100BBC9F5 /* Project object */;
			proxyType = 1;
			remoteGlobalIDString = E14659C12494B0C100BBC9F5;
			remoteInfo = "Travel Match";
		};
		E14659E42494B0C300BBC9F5 /* PBXContainerItemProxy */ = {
			isa = PBXContainerItemProxy;
			containerPortal = E14659BA2494B0C100BBC9F5 /* Project object */;
			proxyType = 1;
			remoteGlobalIDString = E14659C12494B0C100BBC9F5;
			remoteInfo = "Travel Match";
		};
		E171371524A77725009E152D /* PBXContainerItemProxy */ = {
			isa = PBXContainerItemProxy;
			containerPortal = E171371024A77725009E152D /* Core.xcodeproj */;
			proxyType = 2;
			remoteGlobalIDString = E12150B524A495EE00C691E4;
			remoteInfo = Core;
		};
		E171371724A77725009E152D /* PBXContainerItemProxy */ = {
			isa = PBXContainerItemProxy;
			containerPortal = E171371024A77725009E152D /* Core.xcodeproj */;
			proxyType = 2;
			remoteGlobalIDString = E12150BE24A495EE00C691E4;
			remoteInfo = CoreTests;
		};
		E171371E24A77756009E152D /* PBXContainerItemProxy */ = {
			isa = PBXContainerItemProxy;
			containerPortal = E171371924A77756009E152D /* Auth.xcodeproj */;
			proxyType = 2;
			remoteGlobalIDString = E121506A24A4919100C691E4;
			remoteInfo = Auth;
		};
		E171372024A77756009E152D /* PBXContainerItemProxy */ = {
			isa = PBXContainerItemProxy;
			containerPortal = E171371924A77756009E152D /* Auth.xcodeproj */;
			proxyType = 2;
			remoteGlobalIDString = E121507324A4919100C691E4;
			remoteInfo = AuthTests;
		};
		E171372724A77763009E152D /* PBXContainerItemProxy */ = {
			isa = PBXContainerItemProxy;
			containerPortal = E171372224A77763009E152D /* OnBoarding.xcodeproj */;
			proxyType = 2;
			remoteGlobalIDString = E190E8E324A4A67F00E95698;
			remoteInfo = OnBoarding;
		};
		E171372924A77763009E152D /* PBXContainerItemProxy */ = {
			isa = PBXContainerItemProxy;
			containerPortal = E171372224A77763009E152D /* OnBoarding.xcodeproj */;
			proxyType = 2;
			remoteGlobalIDString = E190E8EC24A4A67F00E95698;
			remoteInfo = OnBoardingTests;
		};
/* End PBXContainerItemProxy section */

/* Begin PBXCopyFilesBuildPhase section */
		E121508824A491FE00C691E4 /* Embed Frameworks */ = {
			isa = PBXCopyFilesBuildPhase;
			buildActionMask = 2147483647;
			dstPath = "";
			dstSubfolderSpec = 10;
			files = (
				E12150DA24A4980B00C691E4 /* Auth.framework in Embed Frameworks */,
				E12150D124A4961100C691E4 /* Core.framework in Embed Frameworks */,
				E190E90B24A4A74500E95698 /* OnBoarding.framework in Embed Frameworks */,
			);
			name = "Embed Frameworks";
			runOnlyForDeploymentPostprocessing = 0;
		};
/* End PBXCopyFilesBuildPhase section */

/* Begin PBXFileReference section */
		E12150CF24A4961100C691E4 /* Core.framework */ = {isa = PBXFileReference; explicitFileType = wrapper.framework; path = Core.framework; sourceTree = BUILT_PRODUCTS_DIR; };
		E12150D824A4980B00C691E4 /* Auth.framework */ = {isa = PBXFileReference; explicitFileType = wrapper.framework; path = Auth.framework; sourceTree = BUILT_PRODUCTS_DIR; };
		E130AF21249B43E6009C7A47 /* AuthenticationServices.framework */ = {isa = PBXFileReference; lastKnownFileType = wrapper.framework; name = AuthenticationServices.framework; path = System/Library/Frameworks/AuthenticationServices.framework; sourceTree = SDKROOT; };
		E14659C22494B0C100BBC9F5 /* Travel Match.app */ = {isa = PBXFileReference; explicitFileType = wrapper.application; includeInIndex = 0; path = "Travel Match.app"; sourceTree = BUILT_PRODUCTS_DIR; };
		E14659C52494B0C100BBC9F5 /* AppDelegate.swift */ = {isa = PBXFileReference; lastKnownFileType = sourcecode.swift; path = AppDelegate.swift; sourceTree = "<group>"; };
		E14659CE2494B0C300BBC9F5 /* Assets.xcassets */ = {isa = PBXFileReference; lastKnownFileType = folder.assetcatalog; path = Assets.xcassets; sourceTree = "<group>"; };
		E14659D12494B0C300BBC9F5 /* Base */ = {isa = PBXFileReference; lastKnownFileType = file.storyboard; name = Base; path = Base.lproj/LaunchScreen.storyboard; sourceTree = "<group>"; };
		E14659D32494B0C300BBC9F5 /* Info.plist */ = {isa = PBXFileReference; lastKnownFileType = text.plist.xml; path = Info.plist; sourceTree = "<group>"; };
		E14659D82494B0C300BBC9F5 /* Travel MatchTests.xctest */ = {isa = PBXFileReference; explicitFileType = wrapper.cfbundle; includeInIndex = 0; path = "Travel MatchTests.xctest"; sourceTree = BUILT_PRODUCTS_DIR; };
		E14659DC2494B0C300BBC9F5 /* Travel_MatchTests.swift */ = {isa = PBXFileReference; lastKnownFileType = sourcecode.swift; path = Travel_MatchTests.swift; sourceTree = "<group>"; };
		E14659DE2494B0C300BBC9F5 /* Info.plist */ = {isa = PBXFileReference; lastKnownFileType = text.plist.xml; path = Info.plist; sourceTree = "<group>"; };
		E14659E32494B0C300BBC9F5 /* Travel MatchUITests.xctest */ = {isa = PBXFileReference; explicitFileType = wrapper.cfbundle; includeInIndex = 0; path = "Travel MatchUITests.xctest"; sourceTree = BUILT_PRODUCTS_DIR; };
		E14659E72494B0C300BBC9F5 /* Travel_MatchUITests.swift */ = {isa = PBXFileReference; lastKnownFileType = sourcecode.swift; path = Travel_MatchUITests.swift; sourceTree = "<group>"; };
		E14659E92494B0C300BBC9F5 /* Info.plist */ = {isa = PBXFileReference; lastKnownFileType = text.plist.xml; path = Info.plist; sourceTree = "<group>"; };
		E14659FF2494DD0900BBC9F5 /* AppCoordinator.swift */ = {isa = PBXFileReference; lastKnownFileType = sourcecode.swift; path = AppCoordinator.swift; sourceTree = "<group>"; };
		E1465A1124950A8500BBC9F5 /* Montserrat-Bold.ttf */ = {isa = PBXFileReference; lastKnownFileType = file; path = "Montserrat-Bold.ttf"; sourceTree = "<group>"; };
		E1465A1224950A8500BBC9F5 /* Montserrat-SemiBold.ttf */ = {isa = PBXFileReference; lastKnownFileType = file; path = "Montserrat-SemiBold.ttf"; sourceTree = "<group>"; };
		E1465A1324950A8500BBC9F5 /* Montserrat-ExtraBold.ttf */ = {isa = PBXFileReference; lastKnownFileType = file; path = "Montserrat-ExtraBold.ttf"; sourceTree = "<group>"; };
		E1465A1424950A8500BBC9F5 /* Lato-Regular.ttf */ = {isa = PBXFileReference; lastKnownFileType = file; path = "Lato-Regular.ttf"; sourceTree = "<group>"; };
		E1465A1524950A8500BBC9F5 /* Montserrat-Medium.ttf */ = {isa = PBXFileReference; lastKnownFileType = file; path = "Montserrat-Medium.ttf"; sourceTree = "<group>"; };
		E1465A1624950A8500BBC9F5 /* Montserrat-Regular.ttf */ = {isa = PBXFileReference; lastKnownFileType = file; path = "Montserrat-Regular.ttf"; sourceTree = "<group>"; };
		E171371024A77725009E152D /* Core.xcodeproj */ = {isa = PBXFileReference; lastKnownFileType = "wrapper.pb-project"; name = Core.xcodeproj; path = Core/Core.xcodeproj; sourceTree = "<group>"; };
		E171371924A77756009E152D /* Auth.xcodeproj */ = {isa = PBXFileReference; lastKnownFileType = "wrapper.pb-project"; name = Auth.xcodeproj; path = Auth/Auth.xcodeproj; sourceTree = "<group>"; };
		E171372224A77763009E152D /* OnBoarding.xcodeproj */ = {isa = PBXFileReference; lastKnownFileType = "wrapper.pb-project"; name = OnBoarding.xcodeproj; path = OnBoarding/OnBoarding.xcodeproj; sourceTree = "<group>"; };
		E19063122496086500A3CB2E /* UserDefaults+Keys.swift */ = {isa = PBXFileReference; lastKnownFileType = sourcecode.swift; path = "UserDefaults+Keys.swift"; sourceTree = "<group>"; };
		E1906317249610AC00A3CB2E /* AuthService.swift */ = {isa = PBXFileReference; lastKnownFileType = sourcecode.swift; path = AuthService.swift; sourceTree = "<group>"; };
		E190E90924A4A74500E95698 /* OnBoarding.framework */ = {isa = PBXFileReference; explicitFileType = wrapper.framework; path = OnBoarding.framework; sourceTree = BUILT_PRODUCTS_DIR; };
		E1A1598324A7949600E7C313 /* Questions.framework */ = {isa = PBXFileReference; explicitFileType = wrapper.framework; path = Questions.framework; sourceTree = BUILT_PRODUCTS_DIR; };
		E1A4CEC0249B47B200DF254F /* CloudKit.framework */ = {isa = PBXFileReference; lastKnownFileType = wrapper.framework; name = CloudKit.framework; path = System/Library/Frameworks/CloudKit.framework; sourceTree = SDKROOT; };
		E1AB54EE24A1ED60008F5436 /* User.swift */ = {isa = PBXFileReference; lastKnownFileType = sourcecode.swift; path = User.swift; sourceTree = "<group>"; };
		E1BB310F2495568C00A4DA88 /* OnBoardingService.swift */ = {isa = PBXFileReference; lastKnownFileType = sourcecode.swift; path = OnBoardingService.swift; sourceTree = "<group>"; };
		E1CE976D249E23B2007630E9 /* Travel Match.entitlements */ = {isa = PBXFileReference; lastKnownFileType = text.plist.entitlements; path = "Travel Match.entitlements"; sourceTree = "<group>"; };
/* End PBXFileReference section */

/* Begin PBXFrameworksBuildPhase section */
		E14659BF2494B0C100BBC9F5 /* Frameworks */ = {
			isa = PBXFrameworksBuildPhase;
			buildActionMask = 2147483647;
			files = (
				E12150D024A4961100C691E4 /* Core.framework in Frameworks */,
				E12150D924A4980B00C691E4 /* Auth.framework in Frameworks */,
				E190E90A24A4A74500E95698 /* OnBoarding.framework in Frameworks */,
				E1A4CEC1249B47B200DF254F /* CloudKit.framework in Frameworks */,
				E130AF22249B43E6009C7A47 /* AuthenticationServices.framework in Frameworks */,
			);
			runOnlyForDeploymentPostprocessing = 0;
		};
		E14659D52494B0C300BBC9F5 /* Frameworks */ = {
			isa = PBXFrameworksBuildPhase;
			buildActionMask = 2147483647;
			files = (
			);
			runOnlyForDeploymentPostprocessing = 0;
		};
		E14659E02494B0C300BBC9F5 /* Frameworks */ = {
			isa = PBXFrameworksBuildPhase;
			buildActionMask = 2147483647;
			files = (
			);
			runOnlyForDeploymentPostprocessing = 0;
		};
/* End PBXFrameworksBuildPhase section */

/* Begin PBXGroup section */
		D94AE2D6B9F91AED3D8518BA /* Frameworks */ = {
			isa = PBXGroup;
			children = (
				E1A1598324A7949600E7C313 /* Questions.framework */,
				E190E90924A4A74500E95698 /* OnBoarding.framework */,
				E12150D824A4980B00C691E4 /* Auth.framework */,
				E12150CF24A4961100C691E4 /* Core.framework */,
				E1A4CEC0249B47B200DF254F /* CloudKit.framework */,
				E130AF21249B43E6009C7A47 /* AuthenticationServices.framework */,
			);
			name = Frameworks;
			sourceTree = "<group>";
		};
		E14659B92494B0C100BBC9F5 = {
			isa = PBXGroup;
			children = (
				E171370F24A77707009E152D /* Dependencies */,
				E14659C42494B0C100BBC9F5 /* Travel Match */,
				E14659DB2494B0C300BBC9F5 /* Travel MatchTests */,
				E14659E62494B0C300BBC9F5 /* Travel MatchUITests */,
				E14659C32494B0C100BBC9F5 /* Products */,
				D94AE2D6B9F91AED3D8518BA /* Frameworks */,
			);
			sourceTree = "<group>";
		};
		E14659C32494B0C100BBC9F5 /* Products */ = {
			isa = PBXGroup;
			children = (
				E14659C22494B0C100BBC9F5 /* Travel Match.app */,
				E14659D82494B0C300BBC9F5 /* Travel MatchTests.xctest */,
				E14659E32494B0C300BBC9F5 /* Travel MatchUITests.xctest */,
			);
			name = Products;
			sourceTree = "<group>";
		};
		E14659C42494B0C100BBC9F5 /* Travel Match */ = {
			isa = PBXGroup;
			children = (
				E14659F62494D42D00BBC9F5 /* App */,
				E14659F72494D45500BBC9F5 /* Core */,
				E14659FA2494DAE300BBC9F5 /* BusinessLogic */,
				E14659FE2494DB4700BBC9F5 /* Models */,
				E14659F82494D48B00BBC9F5 /* Environment */,
				E14659F92494D4BB00BBC9F5 /* Resources */,
				E14659D02494B0C300BBC9F5 /* LaunchScreen.storyboard */,
				E1CE976D249E23B2007630E9 /* Travel Match.entitlements */,
			);
			path = "Travel Match";
			sourceTree = "<group>";
		};
		E14659DB2494B0C300BBC9F5 /* Travel MatchTests */ = {
			isa = PBXGroup;
			children = (
				E14659DC2494B0C300BBC9F5 /* Travel_MatchTests.swift */,
				E14659DE2494B0C300BBC9F5 /* Info.plist */,
			);
			path = "Travel MatchTests";
			sourceTree = "<group>";
		};
		E14659E62494B0C300BBC9F5 /* Travel MatchUITests */ = {
			isa = PBXGroup;
			children = (
				E14659E72494B0C300BBC9F5 /* Travel_MatchUITests.swift */,
				E14659E92494B0C300BBC9F5 /* Info.plist */,
			);
			path = "Travel MatchUITests";
			sourceTree = "<group>";
		};
		E14659F62494D42D00BBC9F5 /* App */ = {
			isa = PBXGroup;
			children = (
				E14659C52494B0C100BBC9F5 /* AppDelegate.swift */,
				E14659FF2494DD0900BBC9F5 /* AppCoordinator.swift */,
			);
			path = App;
			sourceTree = "<group>";
		};
		E14659F72494D45500BBC9F5 /* Core */ = {
			isa = PBXGroup;
			children = (
				E19063122496086500A3CB2E /* UserDefaults+Keys.swift */,
			);
			path = Core;
			sourceTree = "<group>";
		};
		E14659F82494D48B00BBC9F5 /* Environment */ = {
			isa = PBXGroup;
			children = (
				E14659D32494B0C300BBC9F5 /* Info.plist */,
			);
			path = Environment;
			sourceTree = "<group>";
		};
		E14659F92494D4BB00BBC9F5 /* Resources */ = {
			isa = PBXGroup;
			children = (
				E1465A04249506FD00BBC9F5 /* Fonts */,
				E14659CE2494B0C300BBC9F5 /* Assets.xcassets */,
			);
			path = Resources;
			sourceTree = "<group>";
		};
		E14659FA2494DAE300BBC9F5 /* BusinessLogic */ = {
			isa = PBXGroup;
			children = (
				E1906317249610AC00A3CB2E /* AuthService.swift */,
				E1BB310F2495568C00A4DA88 /* OnBoardingService.swift */,
			);
			path = BusinessLogic;
			sourceTree = "<group>";
		};
		E14659FE2494DB4700BBC9F5 /* Models */ = {
			isa = PBXGroup;
			children = (
				E1AB54EE24A1ED60008F5436 /* User.swift */,
			);
			path = Models;
			sourceTree = "<group>";
		};
		E1465A04249506FD00BBC9F5 /* Fonts */ = {
			isa = PBXGroup;
			children = (
				E1465A1424950A8500BBC9F5 /* Lato-Regular.ttf */,
				E1465A1124950A8500BBC9F5 /* Montserrat-Bold.ttf */,
				E1465A1324950A8500BBC9F5 /* Montserrat-ExtraBold.ttf */,
				E1465A1524950A8500BBC9F5 /* Montserrat-Medium.ttf */,
				E1465A1624950A8500BBC9F5 /* Montserrat-Regular.ttf */,
				E1465A1224950A8500BBC9F5 /* Montserrat-SemiBold.ttf */,
			);
			path = Fonts;
			sourceTree = "<group>";
		};
		E171370F24A77707009E152D /* Dependencies */ = {
			isa = PBXGroup;
			children = (
				E171371924A77756009E152D /* Auth.xcodeproj */,
				E171372224A77763009E152D /* OnBoarding.xcodeproj */,
				E171371024A77725009E152D /* Core.xcodeproj */,
			);
			name = Dependencies;
			sourceTree = "<group>";
		};
		E171371124A77725009E152D /* Products */ = {
			isa = PBXGroup;
			children = (
				E171371624A77725009E152D /* Core.framework */,
				E171371824A77725009E152D /* CoreTests.xctest */,
			);
			name = Products;
			sourceTree = "<group>";
		};
		E171371A24A77756009E152D /* Products */ = {
			isa = PBXGroup;
			children = (
				E171371F24A77756009E152D /* Auth.framework */,
				E171372124A77756009E152D /* AuthTests.xctest */,
			);
			name = Products;
			sourceTree = "<group>";
		};
		E171372324A77763009E152D /* Products */ = {
			isa = PBXGroup;
			children = (
				E171372824A77763009E152D /* OnBoarding.framework */,
				E171372A24A77763009E152D /* OnBoardingTests.xctest */,
			);
			name = Products;
			sourceTree = "<group>";
		};
/* End PBXGroup section */

/* Begin PBXNativeTarget section */
		E14659C12494B0C100BBC9F5 /* Travel Match */ = {
			isa = PBXNativeTarget;
			buildConfigurationList = E14659EC2494B0C300BBC9F5 /* Build configuration list for PBXNativeTarget "Travel Match" */;
			buildPhases = (
				E14659BE2494B0C100BBC9F5 /* Sources */,
				E14659BF2494B0C100BBC9F5 /* Frameworks */,
				E14659C02494B0C100BBC9F5 /* Resources */,
				E14659F52494CCD400BBC9F5 /* ShellScript */,
				E121508824A491FE00C691E4 /* Embed Frameworks */,
			);
			buildRules = (
			);
			dependencies = (
			);
			name = "Travel Match";
			productName = "Travel Match";
			productReference = E14659C22494B0C100BBC9F5 /* Travel Match.app */;
			productType = "com.apple.product-type.application";
		};
		E14659D72494B0C300BBC9F5 /* Travel MatchTests */ = {
			isa = PBXNativeTarget;
			buildConfigurationList = E14659EF2494B0C300BBC9F5 /* Build configuration list for PBXNativeTarget "Travel MatchTests" */;
			buildPhases = (
				E14659D42494B0C300BBC9F5 /* Sources */,
				E14659D52494B0C300BBC9F5 /* Frameworks */,
				E14659D62494B0C300BBC9F5 /* Resources */,
			);
			buildRules = (
			);
			dependencies = (
				E14659DA2494B0C300BBC9F5 /* PBXTargetDependency */,
			);
			name = "Travel MatchTests";
			productName = "Travel MatchTests";
			productReference = E14659D82494B0C300BBC9F5 /* Travel MatchTests.xctest */;
			productType = "com.apple.product-type.bundle.unit-test";
		};
		E14659E22494B0C300BBC9F5 /* Travel MatchUITests */ = {
			isa = PBXNativeTarget;
			buildConfigurationList = E14659F22494B0C300BBC9F5 /* Build configuration list for PBXNativeTarget "Travel MatchUITests" */;
			buildPhases = (
				E14659DF2494B0C300BBC9F5 /* Sources */,
				E14659E02494B0C300BBC9F5 /* Frameworks */,
				E14659E12494B0C300BBC9F5 /* Resources */,
			);
			buildRules = (
			);
			dependencies = (
				E14659E52494B0C300BBC9F5 /* PBXTargetDependency */,
			);
			name = "Travel MatchUITests";
			productName = "Travel MatchUITests";
			productReference = E14659E32494B0C300BBC9F5 /* Travel MatchUITests.xctest */;
			productType = "com.apple.product-type.bundle.ui-testing";
		};
/* End PBXNativeTarget section */

/* Begin PBXProject section */
		E14659BA2494B0C100BBC9F5 /* Project object */ = {
			isa = PBXProject;
			attributes = {
				LastSwiftUpdateCheck = 1150;
				LastUpgradeCheck = 1150;
				ORGANIZATIONNAME = "Maxim Timokhin";
				TargetAttributes = {
					E14659C12494B0C100BBC9F5 = {
						CreatedOnToolsVersion = 11.5;
					};
					E14659D72494B0C300BBC9F5 = {
						CreatedOnToolsVersion = 11.5;
						TestTargetID = E14659C12494B0C100BBC9F5;
					};
					E14659E22494B0C300BBC9F5 = {
						CreatedOnToolsVersion = 11.5;
						TestTargetID = E14659C12494B0C100BBC9F5;
					};
				};
			};
			buildConfigurationList = E14659BD2494B0C100BBC9F5 /* Build configuration list for PBXProject "Travel Match" */;
			compatibilityVersion = "Xcode 9.3";
			developmentRegion = en;
			hasScannedForEncodings = 0;
			knownRegions = (
				en,
				Base,
			);
			mainGroup = E14659B92494B0C100BBC9F5;
			productRefGroup = E14659C32494B0C100BBC9F5 /* Products */;
			projectDirPath = "";
			projectReferences = (
				{
					ProductGroup = E171371A24A77756009E152D /* Products */;
					ProjectRef = E171371924A77756009E152D /* Auth.xcodeproj */;
				},
				{
					ProductGroup = E171371124A77725009E152D /* Products */;
					ProjectRef = E171371024A77725009E152D /* Core.xcodeproj */;
				},
				{
					ProductGroup = E171372324A77763009E152D /* Products */;
					ProjectRef = E171372224A77763009E152D /* OnBoarding.xcodeproj */;
				},
			);
			projectRoot = "";
			targets = (
				E14659C12494B0C100BBC9F5 /* Travel Match */,
				E14659D72494B0C300BBC9F5 /* Travel MatchTests */,
				E14659E22494B0C300BBC9F5 /* Travel MatchUITests */,
			);
		};
/* End PBXProject section */

/* Begin PBXReferenceProxy section */
		E171371624A77725009E152D /* Core.framework */ = {
			isa = PBXReferenceProxy;
			fileType = wrapper.framework;
			path = Core.framework;
			remoteRef = E171371524A77725009E152D /* PBXContainerItemProxy */;
			sourceTree = BUILT_PRODUCTS_DIR;
		};
		E171371824A77725009E152D /* CoreTests.xctest */ = {
			isa = PBXReferenceProxy;
			fileType = wrapper.cfbundle;
			path = CoreTests.xctest;
			remoteRef = E171371724A77725009E152D /* PBXContainerItemProxy */;
			sourceTree = BUILT_PRODUCTS_DIR;
		};
		E171371F24A77756009E152D /* Auth.framework */ = {
			isa = PBXReferenceProxy;
			fileType = wrapper.framework;
			path = Auth.framework;
			remoteRef = E171371E24A77756009E152D /* PBXContainerItemProxy */;
			sourceTree = BUILT_PRODUCTS_DIR;
		};
		E171372124A77756009E152D /* AuthTests.xctest */ = {
			isa = PBXReferenceProxy;
			fileType = wrapper.cfbundle;
			path = AuthTests.xctest;
			remoteRef = E171372024A77756009E152D /* PBXContainerItemProxy */;
			sourceTree = BUILT_PRODUCTS_DIR;
		};
		E171372824A77763009E152D /* OnBoarding.framework */ = {
			isa = PBXReferenceProxy;
			fileType = wrapper.framework;
			path = OnBoarding.framework;
			remoteRef = E171372724A77763009E152D /* PBXContainerItemProxy */;
			sourceTree = BUILT_PRODUCTS_DIR;
		};
		E171372A24A77763009E152D /* OnBoardingTests.xctest */ = {
			isa = PBXReferenceProxy;
			fileType = wrapper.cfbundle;
			path = OnBoardingTests.xctest;
			remoteRef = E171372924A77763009E152D /* PBXContainerItemProxy */;
			sourceTree = BUILT_PRODUCTS_DIR;
		};
/* End PBXReferenceProxy section */

/* Begin PBXResourcesBuildPhase section */
		E14659C02494B0C100BBC9F5 /* Resources */ = {
			isa = PBXResourcesBuildPhase;
			buildActionMask = 2147483647;
			files = (
				E1465A1E24950C5200BBC9F5 /* Lato-Regular.ttf in Resources */,
				E1465A1F24950C5200BBC9F5 /* Montserrat-Bold.ttf in Resources */,
				E1465A2024950C5200BBC9F5 /* Montserrat-ExtraBold.ttf in Resources */,
				E1465A2124950C5200BBC9F5 /* Montserrat-Medium.ttf in Resources */,
				E1465A2224950C5200BBC9F5 /* Montserrat-Regular.ttf in Resources */,
				E1465A2324950C5200BBC9F5 /* Montserrat-SemiBold.ttf in Resources */,
				E14659D22494B0C300BBC9F5 /* LaunchScreen.storyboard in Resources */,
				E14659CF2494B0C300BBC9F5 /* Assets.xcassets in Resources */,
			);
			runOnlyForDeploymentPostprocessing = 0;
		};
		E14659D62494B0C300BBC9F5 /* Resources */ = {
			isa = PBXResourcesBuildPhase;
			buildActionMask = 2147483647;
			files = (
			);
			runOnlyForDeploymentPostprocessing = 0;
		};
		E14659E12494B0C300BBC9F5 /* Resources */ = {
			isa = PBXResourcesBuildPhase;
			buildActionMask = 2147483647;
			files = (
			);
			runOnlyForDeploymentPostprocessing = 0;
		};
/* End PBXResourcesBuildPhase section */

/* Begin PBXShellScriptBuildPhase section */
		E14659F52494CCD400BBC9F5 /* ShellScript */ = {
			isa = PBXShellScriptBuildPhase;
			buildActionMask = 2147483647;
			files = (
			);
			inputFileListPaths = (
			);
			inputPaths = (
			);
			outputFileListPaths = (
			);
			outputPaths = (
			);
			runOnlyForDeploymentPostprocessing = 0;
			shellPath = /bin/sh;
			shellScript = "# Type a script or drag a script file from your workspace to insert its path.\nswiftlint\n";
		};
/* End PBXShellScriptBuildPhase section */

/* Begin PBXSourcesBuildPhase section */
		E14659BE2494B0C100BBC9F5 /* Sources */ = {
			isa = PBXSourcesBuildPhase;
			buildActionMask = 2147483647;
			files = (
				E19063132496086500A3CB2E /* UserDefaults+Keys.swift in Sources */,
				E1465A002494DD0900BBC9F5 /* AppCoordinator.swift in Sources */,
				E1AB54EF24A1ED60008F5436 /* User.swift in Sources */,
				E14659C62494B0C100BBC9F5 /* AppDelegate.swift in Sources */,
				E1BB31102495568C00A4DA88 /* OnBoardingService.swift in Sources */,
				E1906318249610AC00A3CB2E /* AuthService.swift in Sources */,
			);
			runOnlyForDeploymentPostprocessing = 0;
		};
		E14659D42494B0C300BBC9F5 /* Sources */ = {
			isa = PBXSourcesBuildPhase;
			buildActionMask = 2147483647;
			files = (
				E14659DD2494B0C300BBC9F5 /* Travel_MatchTests.swift in Sources */,
			);
			runOnlyForDeploymentPostprocessing = 0;
		};
		E14659DF2494B0C300BBC9F5 /* Sources */ = {
			isa = PBXSourcesBuildPhase;
			buildActionMask = 2147483647;
			files = (
				E14659E82494B0C300BBC9F5 /* Travel_MatchUITests.swift in Sources */,
			);
			runOnlyForDeploymentPostprocessing = 0;
		};
/* End PBXSourcesBuildPhase section */

/* Begin PBXTargetDependency section */
		E14659DA2494B0C300BBC9F5 /* PBXTargetDependency */ = {
			isa = PBXTargetDependency;
			target = E14659C12494B0C100BBC9F5 /* Travel Match */;
			targetProxy = E14659D92494B0C300BBC9F5 /* PBXContainerItemProxy */;
		};
		E14659E52494B0C300BBC9F5 /* PBXTargetDependency */ = {
			isa = PBXTargetDependency;
			target = E14659C12494B0C100BBC9F5 /* Travel Match */;
			targetProxy = E14659E42494B0C300BBC9F5 /* PBXContainerItemProxy */;
		};
/* End PBXTargetDependency section */

/* Begin PBXVariantGroup section */
		E14659D02494B0C300BBC9F5 /* LaunchScreen.storyboard */ = {
			isa = PBXVariantGroup;
			children = (
				E14659D12494B0C300BBC9F5 /* Base */,
			);
			name = LaunchScreen.storyboard;
			sourceTree = "<group>";
		};
/* End PBXVariantGroup section */

/* Begin XCBuildConfiguration section */
		E14659EA2494B0C300BBC9F5 /* Debug */ = {
			isa = XCBuildConfiguration;
			buildSettings = {
				ALWAYS_SEARCH_USER_PATHS = NO;
				CLANG_ANALYZER_NONNULL = YES;
				CLANG_ANALYZER_NUMBER_OBJECT_CONVERSION = YES_AGGRESSIVE;
				CLANG_CXX_LANGUAGE_STANDARD = "gnu++14";
				CLANG_CXX_LIBRARY = "libc++";
				CLANG_ENABLE_MODULES = YES;
				CLANG_ENABLE_OBJC_ARC = YES;
				CLANG_ENABLE_OBJC_WEAK = YES;
				CLANG_WARN_BLOCK_CAPTURE_AUTORELEASING = YES;
				CLANG_WARN_BOOL_CONVERSION = YES;
				CLANG_WARN_COMMA = YES;
				CLANG_WARN_CONSTANT_CONVERSION = YES;
				CLANG_WARN_DEPRECATED_OBJC_IMPLEMENTATIONS = YES;
				CLANG_WARN_DIRECT_OBJC_ISA_USAGE = YES_ERROR;
				CLANG_WARN_DOCUMENTATION_COMMENTS = YES;
				CLANG_WARN_EMPTY_BODY = YES;
				CLANG_WARN_ENUM_CONVERSION = YES;
				CLANG_WARN_INFINITE_RECURSION = YES;
				CLANG_WARN_INT_CONVERSION = YES;
				CLANG_WARN_NON_LITERAL_NULL_CONVERSION = YES;
				CLANG_WARN_OBJC_IMPLICIT_RETAIN_SELF = YES;
				CLANG_WARN_OBJC_LITERAL_CONVERSION = YES;
				CLANG_WARN_OBJC_ROOT_CLASS = YES_ERROR;
				CLANG_WARN_RANGE_LOOP_ANALYSIS = YES;
				CLANG_WARN_STRICT_PROTOTYPES = YES;
				CLANG_WARN_SUSPICIOUS_MOVE = YES;
				CLANG_WARN_UNGUARDED_AVAILABILITY = YES_AGGRESSIVE;
				CLANG_WARN_UNREACHABLE_CODE = YES;
				CLANG_WARN__DUPLICATE_METHOD_MATCH = YES;
				COPY_PHASE_STRIP = NO;
				DEBUG_INFORMATION_FORMAT = dwarf;
				ENABLE_STRICT_OBJC_MSGSEND = YES;
				ENABLE_TESTABILITY = YES;
				GCC_C_LANGUAGE_STANDARD = gnu11;
				GCC_DYNAMIC_NO_PIC = NO;
				GCC_NO_COMMON_BLOCKS = YES;
				GCC_OPTIMIZATION_LEVEL = 0;
				GCC_PREPROCESSOR_DEFINITIONS = (
					"DEBUG=1",
					"$(inherited)",
				);
				GCC_WARN_64_TO_32_BIT_CONVERSION = YES;
				GCC_WARN_ABOUT_RETURN_TYPE = YES_ERROR;
				GCC_WARN_UNDECLARED_SELECTOR = YES;
				GCC_WARN_UNINITIALIZED_AUTOS = YES_AGGRESSIVE;
				GCC_WARN_UNUSED_FUNCTION = YES;
				GCC_WARN_UNUSED_VARIABLE = YES;
				IPHONEOS_DEPLOYMENT_TARGET = 10.3;
				MTL_ENABLE_DEBUG_INFO = INCLUDE_SOURCE;
				MTL_FAST_MATH = YES;
				ONLY_ACTIVE_ARCH = YES;
				SDKROOT = iphoneos;
				SWIFT_ACTIVE_COMPILATION_CONDITIONS = DEBUG;
				SWIFT_OPTIMIZATION_LEVEL = "-Onone";
			};
			name = Debug;
		};
		E14659EB2494B0C300BBC9F5 /* Release */ = {
			isa = XCBuildConfiguration;
			buildSettings = {
				ALWAYS_SEARCH_USER_PATHS = NO;
				CLANG_ANALYZER_NONNULL = YES;
				CLANG_ANALYZER_NUMBER_OBJECT_CONVERSION = YES_AGGRESSIVE;
				CLANG_CXX_LANGUAGE_STANDARD = "gnu++14";
				CLANG_CXX_LIBRARY = "libc++";
				CLANG_ENABLE_MODULES = YES;
				CLANG_ENABLE_OBJC_ARC = YES;
				CLANG_ENABLE_OBJC_WEAK = YES;
				CLANG_WARN_BLOCK_CAPTURE_AUTORELEASING = YES;
				CLANG_WARN_BOOL_CONVERSION = YES;
				CLANG_WARN_COMMA = YES;
				CLANG_WARN_CONSTANT_CONVERSION = YES;
				CLANG_WARN_DEPRECATED_OBJC_IMPLEMENTATIONS = YES;
				CLANG_WARN_DIRECT_OBJC_ISA_USAGE = YES_ERROR;
				CLANG_WARN_DOCUMENTATION_COMMENTS = YES;
				CLANG_WARN_EMPTY_BODY = YES;
				CLANG_WARN_ENUM_CONVERSION = YES;
				CLANG_WARN_INFINITE_RECURSION = YES;
				CLANG_WARN_INT_CONVERSION = YES;
				CLANG_WARN_NON_LITERAL_NULL_CONVERSION = YES;
				CLANG_WARN_OBJC_IMPLICIT_RETAIN_SELF = YES;
				CLANG_WARN_OBJC_LITERAL_CONVERSION = YES;
				CLANG_WARN_OBJC_ROOT_CLASS = YES_ERROR;
				CLANG_WARN_RANGE_LOOP_ANALYSIS = YES;
				CLANG_WARN_STRICT_PROTOTYPES = YES;
				CLANG_WARN_SUSPICIOUS_MOVE = YES;
				CLANG_WARN_UNGUARDED_AVAILABILITY = YES_AGGRESSIVE;
				CLANG_WARN_UNREACHABLE_CODE = YES;
				CLANG_WARN__DUPLICATE_METHOD_MATCH = YES;
				COPY_PHASE_STRIP = NO;
				DEBUG_INFORMATION_FORMAT = "dwarf-with-dsym";
				ENABLE_NS_ASSERTIONS = NO;
				ENABLE_STRICT_OBJC_MSGSEND = YES;
				GCC_C_LANGUAGE_STANDARD = gnu11;
				GCC_NO_COMMON_BLOCKS = YES;
				GCC_WARN_64_TO_32_BIT_CONVERSION = YES;
				GCC_WARN_ABOUT_RETURN_TYPE = YES_ERROR;
				GCC_WARN_UNDECLARED_SELECTOR = YES;
				GCC_WARN_UNINITIALIZED_AUTOS = YES_AGGRESSIVE;
				GCC_WARN_UNUSED_FUNCTION = YES;
				GCC_WARN_UNUSED_VARIABLE = YES;
				IPHONEOS_DEPLOYMENT_TARGET = 10.3;
				MTL_ENABLE_DEBUG_INFO = NO;
				MTL_FAST_MATH = YES;
				SDKROOT = iphoneos;
				SWIFT_COMPILATION_MODE = wholemodule;
				SWIFT_OPTIMIZATION_LEVEL = "-O";
				VALIDATE_PRODUCT = YES;
			};
			name = Release;
		};
		E14659ED2494B0C300BBC9F5 /* Debug */ = {
			isa = XCBuildConfiguration;
			buildSettings = {
				ASSETCATALOG_COMPILER_APPICON_NAME = AppIcon;
				CODE_SIGN_ENTITLEMENTS = "Travel Match/Travel Match.entitlements";
				CODE_SIGN_IDENTITY = "Apple Development";
				CODE_SIGN_STYLE = Automatic;
				DEVELOPMENT_TEAM = 927UD5JTBP;
				INFOPLIST_FILE = "Travel Match/Environment/Info.plist";
				IPHONEOS_DEPLOYMENT_TARGET = 10.3;
				LD_RUNPATH_SEARCH_PATHS = (
					"$(inherited)",
					"@executable_path/Frameworks",
				);
				PRODUCT_BUNDLE_IDENTIFIER = "ru.getproger.Travel-Match";
				PRODUCT_NAME = "$(TARGET_NAME)";
				PROVISIONING_PROFILE_SPECIFIER = "";
				SWIFT_VERSION = 5.0;
				TARGETED_DEVICE_FAMILY = 1;
			};
			name = Debug;
		};
		E14659EE2494B0C300BBC9F5 /* Release */ = {
			isa = XCBuildConfiguration;
			buildSettings = {
				ASSETCATALOG_COMPILER_APPICON_NAME = AppIcon;
				CODE_SIGN_ENTITLEMENTS = "Travel Match/Travel Match.entitlements";
				CODE_SIGN_IDENTITY = "Apple Development";
				CODE_SIGN_STYLE = Automatic;
				DEVELOPMENT_TEAM = 927UD5JTBP;
				INFOPLIST_FILE = "Travel Match/Environment/Info.plist";
				IPHONEOS_DEPLOYMENT_TARGET = 10.3;
				LD_RUNPATH_SEARCH_PATHS = (
					"$(inherited)",
					"@executable_path/Frameworks",
				);
				PRODUCT_BUNDLE_IDENTIFIER = "ru.getproger.Travel-Match";
				PRODUCT_NAME = "$(TARGET_NAME)";
				PROVISIONING_PROFILE_SPECIFIER = "";
				SWIFT_VERSION = 5.0;
				TARGETED_DEVICE_FAMILY = 1;
			};
			name = Release;
		};
		E14659F02494B0C300BBC9F5 /* Debug */ = {
			isa = XCBuildConfiguration;
			buildSettings = {
				ALWAYS_EMBED_SWIFT_STANDARD_LIBRARIES = YES;
				BUNDLE_LOADER = "$(TEST_HOST)";
				CODE_SIGN_STYLE = Automatic;
				DEVELOPMENT_TEAM = 927UD5JTBP;
				INFOPLIST_FILE = "Travel MatchTests/Info.plist";
				IPHONEOS_DEPLOYMENT_TARGET = 13.5;
				LD_RUNPATH_SEARCH_PATHS = (
					"$(inherited)",
					"@executable_path/Frameworks",
					"@loader_path/Frameworks",
				);
				PRODUCT_BUNDLE_IDENTIFIER = "ru.getproger.Travel-MatchTests";
				PRODUCT_NAME = "$(TARGET_NAME)";
				SWIFT_VERSION = 5.0;
				TARGETED_DEVICE_FAMILY = "1,2";
				TEST_HOST = "$(BUILT_PRODUCTS_DIR)/Travel Match.app/Travel Match";
			};
			name = Debug;
		};
		E14659F12494B0C300BBC9F5 /* Release */ = {
			isa = XCBuildConfiguration;
			buildSettings = {
				ALWAYS_EMBED_SWIFT_STANDARD_LIBRARIES = YES;
				BUNDLE_LOADER = "$(TEST_HOST)";
				CODE_SIGN_STYLE = Automatic;
				DEVELOPMENT_TEAM = 927UD5JTBP;
				INFOPLIST_FILE = "Travel MatchTests/Info.plist";
				IPHONEOS_DEPLOYMENT_TARGET = 13.5;
				LD_RUNPATH_SEARCH_PATHS = (
					"$(inherited)",
					"@executable_path/Frameworks",
					"@loader_path/Frameworks",
				);
				PRODUCT_BUNDLE_IDENTIFIER = "ru.getproger.Travel-MatchTests";
				PRODUCT_NAME = "$(TARGET_NAME)";
				SWIFT_VERSION = 5.0;
				TARGETED_DEVICE_FAMILY = "1,2";
				TEST_HOST = "$(BUILT_PRODUCTS_DIR)/Travel Match.app/Travel Match";
			};
			name = Release;
		};
		E14659F32494B0C300BBC9F5 /* Debug */ = {
			isa = XCBuildConfiguration;
			buildSettings = {
				ALWAYS_EMBED_SWIFT_STANDARD_LIBRARIES = YES;
				CODE_SIGN_STYLE = Automatic;
				DEVELOPMENT_TEAM = 927UD5JTBP;
				INFOPLIST_FILE = "Travel MatchUITests/Info.plist";
				LD_RUNPATH_SEARCH_PATHS = (
					"$(inherited)",
					"@executable_path/Frameworks",
					"@loader_path/Frameworks",
				);
				PRODUCT_BUNDLE_IDENTIFIER = "ru.getproger.Travel-MatchUITests";
				PRODUCT_NAME = "$(TARGET_NAME)";
				SWIFT_VERSION = 5.0;
				TARGETED_DEVICE_FAMILY = "1,2";
				TEST_TARGET_NAME = "Travel Match";
			};
			name = Debug;
		};
		E14659F42494B0C300BBC9F5 /* Release */ = {
			isa = XCBuildConfiguration;
			buildSettings = {
				ALWAYS_EMBED_SWIFT_STANDARD_LIBRARIES = YES;
				CODE_SIGN_STYLE = Automatic;
				DEVELOPMENT_TEAM = 927UD5JTBP;
				INFOPLIST_FILE = "Travel MatchUITests/Info.plist";
				LD_RUNPATH_SEARCH_PATHS = (
					"$(inherited)",
					"@executable_path/Frameworks",
					"@loader_path/Frameworks",
				);
				PRODUCT_BUNDLE_IDENTIFIER = "ru.getproger.Travel-MatchUITests";
				PRODUCT_NAME = "$(TARGET_NAME)";
				SWIFT_VERSION = 5.0;
				TARGETED_DEVICE_FAMILY = "1,2";
				TEST_TARGET_NAME = "Travel Match";
			};
			name = Release;
		};
/* End XCBuildConfiguration section */

/* Begin XCConfigurationList section */
		E14659BD2494B0C100BBC9F5 /* Build configuration list for PBXProject "Travel Match" */ = {
			isa = XCConfigurationList;
			buildConfigurations = (
				E14659EA2494B0C300BBC9F5 /* Debug */,
				E14659EB2494B0C300BBC9F5 /* Release */,
			);
			defaultConfigurationIsVisible = 0;
			defaultConfigurationName = Release;
		};
		E14659EC2494B0C300BBC9F5 /* Build configuration list for PBXNativeTarget "Travel Match" */ = {
			isa = XCConfigurationList;
			buildConfigurations = (
				E14659ED2494B0C300BBC9F5 /* Debug */,
				E14659EE2494B0C300BBC9F5 /* Release */,
			);
			defaultConfigurationIsVisible = 0;
			defaultConfigurationName = Release;
		};
		E14659EF2494B0C300BBC9F5 /* Build configuration list for PBXNativeTarget "Travel MatchTests" */ = {
			isa = XCConfigurationList;
			buildConfigurations = (
				E14659F02494B0C300BBC9F5 /* Debug */,
				E14659F12494B0C300BBC9F5 /* Release */,
			);
			defaultConfigurationIsVisible = 0;
			defaultConfigurationName = Release;
		};
		E14659F22494B0C300BBC9F5 /* Build configuration list for PBXNativeTarget "Travel MatchUITests" */ = {
			isa = XCConfigurationList;
			buildConfigurations = (
				E14659F32494B0C300BBC9F5 /* Debug */,
				E14659F42494B0C300BBC9F5 /* Release */,
			);
			defaultConfigurationIsVisible = 0;
			defaultConfigurationName = Release;
		};
/* End XCConfigurationList section */
	};
	rootObject = E14659BA2494B0C100BBC9F5 /* Project object */;
}
