// !$*UTF8*$!
{
	archiveVersion = 1;
	classes = {
	};
	objectVersion = 50;
	objects = {

/* Begin PBXBuildFile section */
		570B38E424CC51E700827B42 /* Questions.framework in Frameworks */ = {isa = PBXBuildFile; fileRef = 570B38E324CC51E700827B42 /* Questions.framework */; };
		570B38E524CC51E700827B42 /* Questions.framework in Embed Frameworks */ = {isa = PBXBuildFile; fileRef = 570B38E324CC51E700827B42 /* Questions.framework */; settings = {ATTRIBUTES = (CodeSignOnCopy, RemoveHeadersOnCopy, ); }; };
		570B393524CCB48C00827B42 /* OffersService.swift in Sources */ = {isa = PBXBuildFile; fileRef = 570B393424CCB48C00827B42 /* OffersService.swift */; };
		57A37FAB24CEFD4D006FAFEC /* TravelAnswer.swift in Sources */ = {isa = PBXBuildFile; fileRef = 57A37FA224CEFD4D006FAFEC /* TravelAnswer.swift */; };
		57A37FAD24CEFD4D006FAFEC /* Offer.swift in Sources */ = {isa = PBXBuildFile; fileRef = 57A37FA424CEFD4D006FAFEC /* Offer.swift */; };
		57A37FAE24CEFD4D006FAFEC /* UserDefaultsUser.swift in Sources */ = {isa = PBXBuildFile; fileRef = 57A37FA524CEFD4D006FAFEC /* UserDefaultsUser.swift */; };
		57A37FAF24CEFD4D006FAFEC /* TravelQuestion.swift in Sources */ = {isa = PBXBuildFile; fileRef = 57A37FA624CEFD4D006FAFEC /* TravelQuestion.swift */; };
		57A37FB024CEFD4D006FAFEC /* OnBoardingSlide.swift in Sources */ = {isa = PBXBuildFile; fileRef = 57A37FA724CEFD4D006FAFEC /* OnBoardingSlide.swift */; };
		57A37FB624CEFEE5006FAFEC /* Offers.framework in Frameworks */ = {isa = PBXBuildFile; fileRef = 57A37FB524CEFEE5006FAFEC /* Offers.framework */; };
		57A37FB724CEFEE5006FAFEC /* Offers.framework in Embed Frameworks */ = {isa = PBXBuildFile; fileRef = 57A37FB524CEFEE5006FAFEC /* Offers.framework */; settings = {ATTRIBUTES = (CodeSignOnCopy, RemoveHeadersOnCopy, ); }; };
		57A37FC924CF42A4006FAFEC /* LocalActivity.swift in Sources */ = {isa = PBXBuildFile; fileRef = 57A37FC824CF42A4006FAFEC /* LocalActivity.swift */; };
		57A37FCB24CF42AD006FAFEC /* LocalLanguage.swift in Sources */ = {isa = PBXBuildFile; fileRef = 57A37FCA24CF42AD006FAFEC /* LocalLanguage.swift */; };
		57A37FCD24CF42B8006FAFEC /* LocalInterest.swift in Sources */ = {isa = PBXBuildFile; fileRef = 57A37FCC24CF42B8006FAFEC /* LocalInterest.swift */; };
		57A37FCF24CF42C1006FAFEC /* LocalEntity.swift in Sources */ = {isa = PBXBuildFile; fileRef = 57A37FCE24CF42C1006FAFEC /* LocalEntity.swift */; };
		57A3805C24D045CB006FAFEC /* ProfileService.swift in Sources */ = {isa = PBXBuildFile; fileRef = 57A3805B24D045CB006FAFEC /* ProfileService.swift */; };
		57A3805F24D045D7006FAFEC /* ProfileModel.swift in Sources */ = {isa = PBXBuildFile; fileRef = 57A3805E24D045D7006FAFEC /* ProfileModel.swift */; };
		57A3806124D045DD006FAFEC /* Profile.framework in Frameworks */ = {isa = PBXBuildFile; fileRef = 57A3806024D045DD006FAFEC /* Profile.framework */; };
		57A3806224D045DD006FAFEC /* Profile.framework in Embed Frameworks */ = {isa = PBXBuildFile; fileRef = 57A3806024D045DD006FAFEC /* Profile.framework */; settings = {ATTRIBUTES = (CodeSignOnCopy, RemoveHeadersOnCopy, ); }; };
		57A3807824D07174006FAFEC /* UserDefaultsSettingsService.swift in Sources */ = {isa = PBXBuildFile; fileRef = 57A3807724D07174006FAFEC /* UserDefaultsSettingsService.swift */; };
		57A3807F24D08D04006FAFEC /* NotifySettings.swift in Sources */ = {isa = PBXBuildFile; fileRef = 57A3807E24D08D04006FAFEC /* NotifySettings.swift */; };
		57AFF41C24CC511B007B913E /* TravelQuestionService.swift in Sources */ = {isa = PBXBuildFile; fileRef = 57AFF41924CC511B007B913E /* TravelQuestionService.swift */; };
		57AFF41D24CC511B007B913E /* AuthService.swift in Sources */ = {isa = PBXBuildFile; fileRef = 57AFF41A24CC511B007B913E /* AuthService.swift */; };
		57AFF41E24CC511B007B913E /* OnBoardingService.swift in Sources */ = {isa = PBXBuildFile; fileRef = 57AFF41B24CC511B007B913E /* OnBoardingService.swift */; };
		E166335C24CD8A0200CDDAC8 /* LocalsService.swift in Sources */ = {isa = PBXBuildFile; fileRef = E166335B24CD8A0200CDDAC8 /* LocalsService.swift */; };
		E1BF21FC24CD8FC90023BCFC /* OnBoarding.framework in Frameworks */ = {isa = PBXBuildFile; fileRef = E1BF21FB24CD8FC90023BCFC /* OnBoarding.framework */; };
		E1BF21FD24CD8FC90023BCFC /* OnBoarding.framework in Embed Frameworks */ = {isa = PBXBuildFile; fileRef = E1BF21FB24CD8FC90023BCFC /* OnBoarding.framework */; settings = {ATTRIBUTES = (CodeSignOnCopy, RemoveHeadersOnCopy, ); }; };
/* End PBXBuildFile section */

/* Begin PBXCopyFilesBuildPhase section */
		570B38E624CC51E700827B42 /* Embed Frameworks */ = {
			isa = PBXCopyFilesBuildPhase;
			buildActionMask = 2147483647;
			dstPath = "";
			dstSubfolderSpec = 10;
			files = (
				57A37FB724CEFEE5006FAFEC /* Offers.framework in Embed Frameworks */,
				E1BF21FD24CD8FC90023BCFC /* OnBoarding.framework in Embed Frameworks */,
				57A3806224D045DD006FAFEC /* Profile.framework in Embed Frameworks */,
				570B38E524CC51E700827B42 /* Questions.framework in Embed Frameworks */,
			);
			name = "Embed Frameworks";
			runOnlyForDeploymentPostprocessing = 0;
		};
/* End PBXCopyFilesBuildPhase section */

/* Begin PBXFileReference section */
		570B38E324CC51E700827B42 /* Questions.framework */ = {isa = PBXFileReference; explicitFileType = wrapper.framework; path = Questions.framework; sourceTree = BUILT_PRODUCTS_DIR; };
		570B390624CC6FFD00827B42 /* Entities.framework */ = {isa = PBXFileReference; explicitFileType = wrapper.framework; path = Entities.framework; sourceTree = BUILT_PRODUCTS_DIR; };
		570B392A24CCB29200827B42 /* Models.framework */ = {isa = PBXFileReference; explicitFileType = wrapper.framework; path = Models.framework; sourceTree = BUILT_PRODUCTS_DIR; };
		570B393424CCB48C00827B42 /* OffersService.swift */ = {isa = PBXFileReference; lastKnownFileType = sourcecode.swift; path = OffersService.swift; sourceTree = "<group>"; };
		57A37FA224CEFD4D006FAFEC /* TravelAnswer.swift */ = {isa = PBXFileReference; fileEncoding = 4; lastKnownFileType = sourcecode.swift; path = TravelAnswer.swift; sourceTree = "<group>"; };
		57A37FA424CEFD4D006FAFEC /* Offer.swift */ = {isa = PBXFileReference; fileEncoding = 4; lastKnownFileType = sourcecode.swift; path = Offer.swift; sourceTree = "<group>"; };
		57A37FA524CEFD4D006FAFEC /* UserDefaultsUser.swift */ = {isa = PBXFileReference; fileEncoding = 4; lastKnownFileType = sourcecode.swift; path = UserDefaultsUser.swift; sourceTree = "<group>"; };
		57A37FA624CEFD4D006FAFEC /* TravelQuestion.swift */ = {isa = PBXFileReference; fileEncoding = 4; lastKnownFileType = sourcecode.swift; path = TravelQuestion.swift; sourceTree = "<group>"; };
		57A37FA724CEFD4D006FAFEC /* OnBoardingSlide.swift */ = {isa = PBXFileReference; fileEncoding = 4; lastKnownFileType = sourcecode.swift; path = OnBoardingSlide.swift; sourceTree = "<group>"; };
		57A37FB524CEFEE5006FAFEC /* Offers.framework */ = {isa = PBXFileReference; explicitFileType = wrapper.framework; path = Offers.framework; sourceTree = BUILT_PRODUCTS_DIR; };
		57A37FC824CF42A4006FAFEC /* LocalActivity.swift */ = {isa = PBXFileReference; lastKnownFileType = sourcecode.swift; path = LocalActivity.swift; sourceTree = "<group>"; };
		57A37FCA24CF42AD006FAFEC /* LocalLanguage.swift */ = {isa = PBXFileReference; lastKnownFileType = sourcecode.swift; path = LocalLanguage.swift; sourceTree = "<group>"; };
		57A37FCC24CF42B8006FAFEC /* LocalInterest.swift */ = {isa = PBXFileReference; lastKnownFileType = sourcecode.swift; path = LocalInterest.swift; sourceTree = "<group>"; };
		57A37FCE24CF42C1006FAFEC /* LocalEntity.swift */ = {isa = PBXFileReference; lastKnownFileType = sourcecode.swift; path = LocalEntity.swift; sourceTree = "<group>"; };
		57A3805B24D045CB006FAFEC /* ProfileService.swift */ = {isa = PBXFileReference; lastKnownFileType = sourcecode.swift; path = ProfileService.swift; sourceTree = "<group>"; };
		57A3805E24D045D7006FAFEC /* ProfileModel.swift */ = {isa = PBXFileReference; lastKnownFileType = sourcecode.swift; path = ProfileModel.swift; sourceTree = "<group>"; };
		57A3806024D045DD006FAFEC /* Profile.framework */ = {isa = PBXFileReference; explicitFileType = wrapper.framework; path = Profile.framework; sourceTree = BUILT_PRODUCTS_DIR; };
		57A3807724D07174006FAFEC /* UserDefaultsSettingsService.swift */ = {isa = PBXFileReference; lastKnownFileType = sourcecode.swift; path = UserDefaultsSettingsService.swift; sourceTree = "<group>"; };
		57A3807E24D08D04006FAFEC /* NotifySettings.swift */ = {isa = PBXFileReference; lastKnownFileType = sourcecode.swift; path = NotifySettings.swift; sourceTree = "<group>"; };
		57AFF40A24CC4F7D007B913E /* Services.framework */ = {isa = PBXFileReference; explicitFileType = wrapper.framework; includeInIndex = 0; path = Services.framework; sourceTree = BUILT_PRODUCTS_DIR; };
		57AFF40E24CC4F7D007B913E /* Info.plist */ = {isa = PBXFileReference; lastKnownFileType = text.plist.xml; path = Info.plist; sourceTree = "<group>"; };
		57AFF41924CC511B007B913E /* TravelQuestionService.swift */ = {isa = PBXFileReference; fileEncoding = 4; lastKnownFileType = sourcecode.swift; path = TravelQuestionService.swift; sourceTree = "<group>"; };
		57AFF41A24CC511B007B913E /* AuthService.swift */ = {isa = PBXFileReference; fileEncoding = 4; lastKnownFileType = sourcecode.swift; path = AuthService.swift; sourceTree = "<group>"; };
		57AFF41B24CC511B007B913E /* OnBoardingService.swift */ = {isa = PBXFileReference; fileEncoding = 4; lastKnownFileType = sourcecode.swift; path = OnBoardingService.swift; sourceTree = "<group>"; };
		E166335B24CD8A0200CDDAC8 /* LocalsService.swift */ = {isa = PBXFileReference; fileEncoding = 4; lastKnownFileType = sourcecode.swift; path = LocalsService.swift; sourceTree = "<group>"; };
		E1BF21FB24CD8FC90023BCFC /* OnBoarding.framework */ = {isa = PBXFileReference; explicitFileType = wrapper.framework; path = OnBoarding.framework; sourceTree = BUILT_PRODUCTS_DIR; };
/* End PBXFileReference section */

/* Begin PBXFrameworksBuildPhase section */
		57AFF40724CC4F7D007B913E /* Frameworks */ = {
			isa = PBXFrameworksBuildPhase;
			buildActionMask = 2147483647;
			files = (
				57A37FB624CEFEE5006FAFEC /* Offers.framework in Frameworks */,
				E1BF21FC24CD8FC90023BCFC /* OnBoarding.framework in Frameworks */,
				57A3806124D045DD006FAFEC /* Profile.framework in Frameworks */,
				570B38E424CC51E700827B42 /* Questions.framework in Frameworks */,
			);
			runOnlyForDeploymentPostprocessing = 0;
		};
/* End PBXFrameworksBuildPhase section */

/* Begin PBXGroup section */
		570B38E224CC51E700827B42 /* Frameworks */ = {
			isa = PBXGroup;
			children = (
				57A3806024D045DD006FAFEC /* Profile.framework */,
				57A37FB524CEFEE5006FAFEC /* Offers.framework */,
				E1BF21FB24CD8FC90023BCFC /* OnBoarding.framework */,
				570B392A24CCB29200827B42 /* Models.framework */,
				570B390624CC6FFD00827B42 /* Entities.framework */,
				570B38E324CC51E700827B42 /* Questions.framework */,
			);
			name = Frameworks;
			sourceTree = "<group>";
		};
		57A37FB224CEFDC2006FAFEC /* Environments */ = {
			isa = PBXGroup;
			children = (
				57AFF40E24CC4F7D007B913E /* Info.plist */,
			);
			path = Environments;
			sourceTree = "<group>";
		};
		57A37FBE24CF3FBD006FAFEC /* AuthServices */ = {
			isa = PBXGroup;
			children = (
				57AFF41A24CC511B007B913E /* AuthService.swift */,
				57A37FBF24CF41BC006FAFEC /* Models */,
			);
			path = AuthServices;
			sourceTree = "<group>";
		};
		57A37FBF24CF41BC006FAFEC /* Models */ = {
			isa = PBXGroup;
			children = (
				57A37FA524CEFD4D006FAFEC /* UserDefaultsUser.swift */,
			);
			path = Models;
			sourceTree = "<group>";
		};
		57A37FC024CF41D3006FAFEC /* OnBoardingServices */ = {
			isa = PBXGroup;
			children = (
				57AFF41B24CC511B007B913E /* OnBoardingService.swift */,
				57A37FC124CF41EB006FAFEC /* Models */,
			);
			path = OnBoardingServices;
			sourceTree = "<group>";
		};
		57A37FC124CF41EB006FAFEC /* Models */ = {
			isa = PBXGroup;
			children = (
				57A37FA724CEFD4D006FAFEC /* OnBoardingSlide.swift */,
			);
			path = Models;
			sourceTree = "<group>";
		};
		57A37FC224CF41F3006FAFEC /* LocalsServices */ = {
			isa = PBXGroup;
			children = (
				E166335B24CD8A0200CDDAC8 /* LocalsService.swift */,
				57A37FC724CF428D006FAFEC /* Models */,
			);
			path = LocalsServices;
			sourceTree = "<group>";
		};
		57A37FC324CF4218006FAFEC /* OffersServices */ = {
			isa = PBXGroup;
			children = (
				570B393424CCB48C00827B42 /* OffersService.swift */,
				57A37FC524CF4269006FAFEC /* Models */,
			);
			path = OffersServices;
			sourceTree = "<group>";
		};
		57A37FC424CF4222006FAFEC /* TravelQuestionServices */ = {
			isa = PBXGroup;
			children = (
				57AFF41924CC511B007B913E /* TravelQuestionService.swift */,
				57A37FC624CF4272006FAFEC /* Models */,
			);
			path = TravelQuestionServices;
			sourceTree = "<group>";
		};
		57A37FC524CF4269006FAFEC /* Models */ = {
			isa = PBXGroup;
			children = (
				57A37FA424CEFD4D006FAFEC /* Offer.swift */,
			);
			path = Models;
			sourceTree = "<group>";
		};
		57A37FC624CF4272006FAFEC /* Models */ = {
			isa = PBXGroup;
			children = (
				57A37FA224CEFD4D006FAFEC /* TravelAnswer.swift */,
				57A37FA624CEFD4D006FAFEC /* TravelQuestion.swift */,
			);
			path = Models;
			sourceTree = "<group>";
		};
		57A37FC724CF428D006FAFEC /* Models */ = {
			isa = PBXGroup;
			children = (
				57A37FC824CF42A4006FAFEC /* LocalActivity.swift */,
				57A37FCA24CF42AD006FAFEC /* LocalLanguage.swift */,
				57A37FCC24CF42B8006FAFEC /* LocalInterest.swift */,
				57A37FCE24CF42C1006FAFEC /* LocalEntity.swift */,
			);
			path = Models;
			sourceTree = "<group>";
		};
		57A3805A24D045BD006FAFEC /* ProfileServices */ = {
			isa = PBXGroup;
			children = (
				57A3805B24D045CB006FAFEC /* ProfileService.swift */,
				57A3805D24D045CF006FAFEC /* Models */,
			);
			path = ProfileServices;
			sourceTree = "<group>";
		};
		57A3805D24D045CF006FAFEC /* Models */ = {
			isa = PBXGroup;
			children = (
				57A3805E24D045D7006FAFEC /* ProfileModel.swift */,
			);
			path = Models;
			sourceTree = "<group>";
		};
		57A3807624D07150006FAFEC /* SettingsServices */ = {
			isa = PBXGroup;
			children = (
				57A3807724D07174006FAFEC /* UserDefaultsSettingsService.swift */,
				57A3807D24D08CFA006FAFEC /* Models */,
			);
			path = SettingsServices;
			sourceTree = "<group>";
		};
		57A3807D24D08CFA006FAFEC /* Models */ = {
			isa = PBXGroup;
			children = (
				57A3807E24D08D04006FAFEC /* NotifySettings.swift */,
			);
			path = Models;
			sourceTree = "<group>";
		};
		57AFF40024CC4F7D007B913E = {
			isa = PBXGroup;
			children = (
				57AFF40C24CC4F7D007B913E /* Services */,
				57A37FB224CEFDC2006FAFEC /* Environments */,
				57AFF40B24CC4F7D007B913E /* Products */,
				570B38E224CC51E700827B42 /* Frameworks */,
			);
			sourceTree = "<group>";
		};
		57AFF40B24CC4F7D007B913E /* Products */ = {
			isa = PBXGroup;
			children = (
				57AFF40A24CC4F7D007B913E /* Services.framework */,
			);
			name = Products;
			sourceTree = "<group>";
		};
		57AFF40C24CC4F7D007B913E /* Services */ = {
			isa = PBXGroup;
			children = (
				57A3807624D07150006FAFEC /* SettingsServices */,
				57A3805A24D045BD006FAFEC /* ProfileServices */,
				57A37FBE24CF3FBD006FAFEC /* AuthServices */,
				57A37FC024CF41D3006FAFEC /* OnBoardingServices */,
				57A37FC224CF41F3006FAFEC /* LocalsServices */,
				57A37FC324CF4218006FAFEC /* OffersServices */,
				57A37FC424CF4222006FAFEC /* TravelQuestionServices */,
			);
			path = Services;
			sourceTree = "<group>";
		};
/* End PBXGroup section */

/* Begin PBXHeadersBuildPhase section */
		57AFF40524CC4F7D007B913E /* Headers */ = {
			isa = PBXHeadersBuildPhase;
			buildActionMask = 2147483647;
			files = (
			);
			runOnlyForDeploymentPostprocessing = 0;
		};
/* End PBXHeadersBuildPhase section */

/* Begin PBXNativeTarget section */
		57AFF40924CC4F7D007B913E /* Services */ = {
			isa = PBXNativeTarget;
			buildConfigurationList = 57AFF41224CC4F7D007B913E /* Build configuration list for PBXNativeTarget "Services" */;
			buildPhases = (
				57AFF40524CC4F7D007B913E /* Headers */,
				57AFF40624CC4F7D007B913E /* Sources */,
				57AFF40724CC4F7D007B913E /* Frameworks */,
				57AFF40824CC4F7D007B913E /* Resources */,
				570B38E624CC51E700827B42 /* Embed Frameworks */,
			);
			buildRules = (
			);
			dependencies = (
			);
			name = Services;
			productName = Services;
			productReference = 57AFF40A24CC4F7D007B913E /* Services.framework */;
			productType = "com.apple.product-type.framework";
		};
/* End PBXNativeTarget section */

/* Begin PBXProject section */
		57AFF40124CC4F7D007B913E /* Project object */ = {
			isa = PBXProject;
			attributes = {
				LastUpgradeCheck = 1150;
				ORGANIZATIONNAME = "Artem Kufaev";
				TargetAttributes = {
					57AFF40924CC4F7D007B913E = {
						CreatedOnToolsVersion = 11.5;
					};
				};
			};
			buildConfigurationList = 57AFF40424CC4F7D007B913E /* Build configuration list for PBXProject "Services" */;
			compatibilityVersion = "Xcode 9.3";
			developmentRegion = en;
			hasScannedForEncodings = 0;
			knownRegions = (
				en,
				Base,
			);
			mainGroup = 57AFF40024CC4F7D007B913E;
			productRefGroup = 57AFF40B24CC4F7D007B913E /* Products */;
			projectDirPath = "";
			projectRoot = "";
			targets = (
				57AFF40924CC4F7D007B913E /* Services */,
			);
		};
/* End PBXProject section */

/* Begin PBXResourcesBuildPhase section */
		57AFF40824CC4F7D007B913E /* Resources */ = {
			isa = PBXResourcesBuildPhase;
			buildActionMask = 2147483647;
			files = (
			);
			runOnlyForDeploymentPostprocessing = 0;
		};
/* End PBXResourcesBuildPhase section */

/* Begin PBXSourcesBuildPhase section */
		57AFF40624CC4F7D007B913E /* Sources */ = {
			isa = PBXSourcesBuildPhase;
			buildActionMask = 2147483647;
			files = (
				570B393524CCB48C00827B42 /* OffersService.swift in Sources */,
				57A37FAF24CEFD4D006FAFEC /* TravelQuestion.swift in Sources */,
				57AFF41E24CC511B007B913E /* OnBoardingService.swift in Sources */,
				57AFF41C24CC511B007B913E /* TravelQuestionService.swift in Sources */,
				57A37FCD24CF42B8006FAFEC /* LocalInterest.swift in Sources */,
				57A3807824D07174006FAFEC /* UserDefaultsSettingsService.swift in Sources */,
				57A37FAD24CEFD4D006FAFEC /* Offer.swift in Sources */,
				57A37FCF24CF42C1006FAFEC /* LocalEntity.swift in Sources */,
				57A37FCB24CF42AD006FAFEC /* LocalLanguage.swift in Sources */,
				57A37FAB24CEFD4D006FAFEC /* TravelAnswer.swift in Sources */,
				57A3805F24D045D7006FAFEC /* ProfileModel.swift in Sources */,
				E166335C24CD8A0200CDDAC8 /* LocalsService.swift in Sources */,
				57AFF41D24CC511B007B913E /* AuthService.swift in Sources */,
				57A37FAE24CEFD4D006FAFEC /* UserDefaultsUser.swift in Sources */,
				57A37FB024CEFD4D006FAFEC /* OnBoardingSlide.swift in Sources */,
				57A3807F24D08D04006FAFEC /* NotifySettings.swift in Sources */,
				57A37FC924CF42A4006FAFEC /* LocalActivity.swift in Sources */,
				57A3805C24D045CB006FAFEC /* ProfileService.swift in Sources */,
			);
			runOnlyForDeploymentPostprocessing = 0;
		};
/* End PBXSourcesBuildPhase section */

/* Begin XCBuildConfiguration section */
		57AFF41024CC4F7D007B913E /* Debug */ = {
			isa = XCBuildConfiguration;
			buildSettings = {
				ALWAYS_SEARCH_USER_PATHS = NO;
				CLANG_ANALYZER_NONNULL = YES;
				CLANG_ANALYZER_NUMBER_OBJECT_CONVERSION = YES_AGGRESSIVE;
				CLANG_CXX_LANGUAGE_STANDARD = "gnu++14";
				CLANG_CXX_LIBRARY = "libc++";
				CLANG_ENABLE_MODULES = YES;
				CLANG_ENABLE_OBJC_ARC = YES;
				CLANG_ENABLE_OBJC_WEAK = YES;
				CLANG_WARN_BLOCK_CAPTURE_AUTORELEASING = YES;
				CLANG_WARN_BOOL_CONVERSION = YES;
				CLANG_WARN_COMMA = YES;
				CLANG_WARN_CONSTANT_CONVERSION = YES;
				CLANG_WARN_DEPRECATED_OBJC_IMPLEMENTATIONS = YES;
				CLANG_WARN_DIRECT_OBJC_ISA_USAGE = YES_ERROR;
				CLANG_WARN_DOCUMENTATION_COMMENTS = YES;
				CLANG_WARN_EMPTY_BODY = YES;
				CLANG_WARN_ENUM_CONVERSION = YES;
				CLANG_WARN_INFINITE_RECURSION = YES;
				CLANG_WARN_INT_CONVERSION = YES;
				CLANG_WARN_NON_LITERAL_NULL_CONVERSION = YES;
				CLANG_WARN_OBJC_IMPLICIT_RETAIN_SELF = YES;
				CLANG_WARN_OBJC_LITERAL_CONVERSION = YES;
				CLANG_WARN_OBJC_ROOT_CLASS = YES_ERROR;
				CLANG_WARN_RANGE_LOOP_ANALYSIS = YES;
				CLANG_WARN_STRICT_PROTOTYPES = YES;
				CLANG_WARN_SUSPICIOUS_MOVE = YES;
				CLANG_WARN_UNGUARDED_AVAILABILITY = YES_AGGRESSIVE;
				CLANG_WARN_UNREACHABLE_CODE = YES;
				CLANG_WARN__DUPLICATE_METHOD_MATCH = YES;
				COPY_PHASE_STRIP = NO;
				CURRENT_PROJECT_VERSION = 1;
				DEBUG_INFORMATION_FORMAT = dwarf;
				ENABLE_STRICT_OBJC_MSGSEND = YES;
				ENABLE_TESTABILITY = YES;
				GCC_C_LANGUAGE_STANDARD = gnu11;
				GCC_DYNAMIC_NO_PIC = NO;
				GCC_NO_COMMON_BLOCKS = YES;
				GCC_OPTIMIZATION_LEVEL = 0;
				GCC_PREPROCESSOR_DEFINITIONS = (
					"DEBUG=1",
					"$(inherited)",
				);
				GCC_WARN_64_TO_32_BIT_CONVERSION = YES;
				GCC_WARN_ABOUT_RETURN_TYPE = YES_ERROR;
				GCC_WARN_UNDECLARED_SELECTOR = YES;
				GCC_WARN_UNINITIALIZED_AUTOS = YES_AGGRESSIVE;
				GCC_WARN_UNUSED_FUNCTION = YES;
				GCC_WARN_UNUSED_VARIABLE = YES;
				IPHONEOS_DEPLOYMENT_TARGET = 10.3;
				MTL_ENABLE_DEBUG_INFO = INCLUDE_SOURCE;
				MTL_FAST_MATH = YES;
				ONLY_ACTIVE_ARCH = YES;
				SDKROOT = iphoneos;
				SWIFT_ACTIVE_COMPILATION_CONDITIONS = DEBUG;
				SWIFT_OPTIMIZATION_LEVEL = "-Onone";
				VERSIONING_SYSTEM = "apple-generic";
				VERSION_INFO_PREFIX = "";
			};
			name = Debug;
		};
		57AFF41124CC4F7D007B913E /* Release */ = {
			isa = XCBuildConfiguration;
			buildSettings = {
				ALWAYS_SEARCH_USER_PATHS = NO;
				CLANG_ANALYZER_NONNULL = YES;
				CLANG_ANALYZER_NUMBER_OBJECT_CONVERSION = YES_AGGRESSIVE;
				CLANG_CXX_LANGUAGE_STANDARD = "gnu++14";
				CLANG_CXX_LIBRARY = "libc++";
				CLANG_ENABLE_MODULES = YES;
				CLANG_ENABLE_OBJC_ARC = YES;
				CLANG_ENABLE_OBJC_WEAK = YES;
				CLANG_WARN_BLOCK_CAPTURE_AUTORELEASING = YES;
				CLANG_WARN_BOOL_CONVERSION = YES;
				CLANG_WARN_COMMA = YES;
				CLANG_WARN_CONSTANT_CONVERSION = YES;
				CLANG_WARN_DEPRECATED_OBJC_IMPLEMENTATIONS = YES;
				CLANG_WARN_DIRECT_OBJC_ISA_USAGE = YES_ERROR;
				CLANG_WARN_DOCUMENTATION_COMMENTS = YES;
				CLANG_WARN_EMPTY_BODY = YES;
				CLANG_WARN_ENUM_CONVERSION = YES;
				CLANG_WARN_INFINITE_RECURSION = YES;
				CLANG_WARN_INT_CONVERSION = YES;
				CLANG_WARN_NON_LITERAL_NULL_CONVERSION = YES;
				CLANG_WARN_OBJC_IMPLICIT_RETAIN_SELF = YES;
				CLANG_WARN_OBJC_LITERAL_CONVERSION = YES;
				CLANG_WARN_OBJC_ROOT_CLASS = YES_ERROR;
				CLANG_WARN_RANGE_LOOP_ANALYSIS = YES;
				CLANG_WARN_STRICT_PROTOTYPES = YES;
				CLANG_WARN_SUSPICIOUS_MOVE = YES;
				CLANG_WARN_UNGUARDED_AVAILABILITY = YES_AGGRESSIVE;
				CLANG_WARN_UNREACHABLE_CODE = YES;
				CLANG_WARN__DUPLICATE_METHOD_MATCH = YES;
				COPY_PHASE_STRIP = NO;
				CURRENT_PROJECT_VERSION = 1;
				DEBUG_INFORMATION_FORMAT = "dwarf-with-dsym";
				ENABLE_NS_ASSERTIONS = NO;
				ENABLE_STRICT_OBJC_MSGSEND = YES;
				GCC_C_LANGUAGE_STANDARD = gnu11;
				GCC_NO_COMMON_BLOCKS = YES;
				GCC_WARN_64_TO_32_BIT_CONVERSION = YES;
				GCC_WARN_ABOUT_RETURN_TYPE = YES_ERROR;
				GCC_WARN_UNDECLARED_SELECTOR = YES;
				GCC_WARN_UNINITIALIZED_AUTOS = YES_AGGRESSIVE;
				GCC_WARN_UNUSED_FUNCTION = YES;
				GCC_WARN_UNUSED_VARIABLE = YES;
				IPHONEOS_DEPLOYMENT_TARGET = 10.3;
				MTL_ENABLE_DEBUG_INFO = NO;
				MTL_FAST_MATH = YES;
				SDKROOT = iphoneos;
				SWIFT_COMPILATION_MODE = wholemodule;
				SWIFT_OPTIMIZATION_LEVEL = "-O";
				VALIDATE_PRODUCT = YES;
				VERSIONING_SYSTEM = "apple-generic";
				VERSION_INFO_PREFIX = "";
			};
			name = Release;
		};
		57AFF41324CC4F7D007B913E /* Debug */ = {
			isa = XCBuildConfiguration;
			buildSettings = {
				CODE_SIGN_STYLE = Automatic;
				DEFINES_MODULE = YES;
				DEVELOPMENT_TEAM = YX6VKW92JQ;
				DYLIB_COMPATIBILITY_VERSION = 1;
				DYLIB_CURRENT_VERSION = 1;
				DYLIB_INSTALL_NAME_BASE = "@rpath";
				INFOPLIST_FILE = Environments/Info.plist;
				INSTALL_PATH = "$(LOCAL_LIBRARY_DIR)/Frameworks";
				IPHONEOS_DEPLOYMENT_TARGET = 10.3;
				LD_RUNPATH_SEARCH_PATHS = (
					"$(inherited)",
					"@executable_path/Frameworks",
					"@loader_path/Frameworks",
				);
				PRODUCT_BUNDLE_IDENTIFIER = artemkufaev.Services;
				PRODUCT_NAME = "$(TARGET_NAME:c99extidentifier)";
				SKIP_INSTALL = YES;
				SWIFT_VERSION = 5.0;
				TARGETED_DEVICE_FAMILY = "1,2";
			};
			name = Debug;
		};
		57AFF41424CC4F7D007B913E /* Release */ = {
			isa = XCBuildConfiguration;
			buildSettings = {
				CODE_SIGN_STYLE = Automatic;
				DEFINES_MODULE = YES;
				DEVELOPMENT_TEAM = YX6VKW92JQ;
				DYLIB_COMPATIBILITY_VERSION = 1;
				DYLIB_CURRENT_VERSION = 1;
				DYLIB_INSTALL_NAME_BASE = "@rpath";
				INFOPLIST_FILE = Environments/Info.plist;
				INSTALL_PATH = "$(LOCAL_LIBRARY_DIR)/Frameworks";
				IPHONEOS_DEPLOYMENT_TARGET = 10.3;
				LD_RUNPATH_SEARCH_PATHS = (
					"$(inherited)",
					"@executable_path/Frameworks",
					"@loader_path/Frameworks",
				);
				PRODUCT_BUNDLE_IDENTIFIER = artemkufaev.Services;
				PRODUCT_NAME = "$(TARGET_NAME:c99extidentifier)";
				SKIP_INSTALL = YES;
				SWIFT_VERSION = 5.0;
				TARGETED_DEVICE_FAMILY = "1,2";
			};
			name = Release;
		};
/* End XCBuildConfiguration section */

/* Begin XCConfigurationList section */
		57AFF40424CC4F7D007B913E /* Build configuration list for PBXProject "Services" */ = {
			isa = XCConfigurationList;
			buildConfigurations = (
				57AFF41024CC4F7D007B913E /* Debug */,
				57AFF41124CC4F7D007B913E /* Release */,
			);
			defaultConfigurationIsVisible = 0;
			defaultConfigurationName = Release;
		};
		57AFF41224CC4F7D007B913E /* Build configuration list for PBXNativeTarget "Services" */ = {
			isa = XCConfigurationList;
			buildConfigurations = (
				57AFF41324CC4F7D007B913E /* Debug */,
				57AFF41424CC4F7D007B913E /* Release */,
			);
			defaultConfigurationIsVisible = 0;
			defaultConfigurationName = Release;
		};
/* End XCConfigurationList section */
	};
	rootObject = 57AFF40124CC4F7D007B913E /* Project object */;
}
