// !$*UTF8*$!
{
	archiveVersion = 1;
	classes = {
	};
	objectVersion = 50;
	objects = {

/* Begin PBXBuildFile section */
		CE0DECBC24A921930066B2FB /* Offers.framework in Frameworks */ = {isa = PBXBuildFile; fileRef = CE0DECB224A921930066B2FB /* Offers.framework */; };
		CE0DECC124A921930066B2FB /* OffersTests.swift in Sources */ = {isa = PBXBuildFile; fileRef = CE0DECC024A921930066B2FB /* OffersTests.swift */; };
		CE196A6924AA7A41001D7157 /* ListOfOffersFilterCollectionCell.swift in Sources */ = {isa = PBXBuildFile; fileRef = CE196A6824AA7A41001D7157 /* ListOfOffersFilterCollectionCell.swift */; };
		CE196A6B24AA8543001D7157 /* mock_fake_data.swift in Sources */ = {isa = PBXBuildFile; fileRef = CE196A6A24AA8543001D7157 /* mock_fake_data.swift */; };
		CE196A6D24AA8EEF001D7157 /* CalendarView.swift in Sources */ = {isa = PBXBuildFile; fileRef = CE196A6C24AA8EEF001D7157 /* CalendarView.swift */; };
		CE196A6F24AA9686001D7157 /* OffersCoordinator.swift in Sources */ = {isa = PBXBuildFile; fileRef = CE196A6E24AA9686001D7157 /* OffersCoordinator.swift */; };
		CE27405124C64AFC00BAD20B /* Pic.framework in Frameworks */ = {isa = PBXBuildFile; fileRef = CE27404F24C64AFC00BAD20B /* Pic.framework */; };
		CE27405224C64AFC00BAD20B /* Pic.framework in Embed Frameworks */ = {isa = PBXBuildFile; fileRef = CE27404F24C64AFC00BAD20B /* Pic.framework */; settings = {ATTRIBUTES = (CodeSignOnCopy, RemoveHeadersOnCopy, ); }; };
		CE27405324C64AFC00BAD20B /* Reviews.framework in Frameworks */ = {isa = PBXBuildFile; fileRef = CE27405024C64AFC00BAD20B /* Reviews.framework */; };
		CE27405424C64AFC00BAD20B /* Reviews.framework in Embed Frameworks */ = {isa = PBXBuildFile; fileRef = CE27405024C64AFC00BAD20B /* Reviews.framework */; settings = {ATTRIBUTES = (CodeSignOnCopy, RemoveHeadersOnCopy, ); }; };
		CE27405724C64BA600BAD20B /* Core.framework in Frameworks */ = {isa = PBXBuildFile; fileRef = CE27405524C64BA600BAD20B /* Core.framework */; };
		CE27405824C64BA600BAD20B /* Core.framework in Embed Frameworks */ = {isa = PBXBuildFile; fileRef = CE27405524C64BA600BAD20B /* Core.framework */; settings = {ATTRIBUTES = (CodeSignOnCopy, RemoveHeadersOnCopy, ); }; };
		CE27405924C64BA600BAD20B /* UI.framework in Frameworks */ = {isa = PBXBuildFile; fileRef = CE27405624C64BA600BAD20B /* UI.framework */; };
		CE27405A24C64BA600BAD20B /* UI.framework in Embed Frameworks */ = {isa = PBXBuildFile; fileRef = CE27405624C64BA600BAD20B /* UI.framework */; settings = {ATTRIBUTES = (CodeSignOnCopy, RemoveHeadersOnCopy, ); }; };
		CE2806A324A92C3B0066FE7A /* ListOfOffersController.swift in Sources */ = {isa = PBXBuildFile; fileRef = CE2806A224A92C3B0066FE7A /* ListOfOffersController.swift */; };
		CE2806A724A92CA30066FE7A /* ViewControllerFactory.swift in Sources */ = {isa = PBXBuildFile; fileRef = CE2806A624A92CA30066FE7A /* ViewControllerFactory.swift */; };
		CE2806B324A93EBA0066FE7A /* Offer.storyboard in Resources */ = {isa = PBXBuildFile; fileRef = CE2806B224A93EBA0066FE7A /* Offer.storyboard */; };
		CE2806B724A93F410066FE7A /* OfferController.swift in Sources */ = {isa = PBXBuildFile; fileRef = CE2806B624A93F410066FE7A /* OfferController.swift */; };
		CE2806BD24A947010066FE7A /* ListOfOffers.storyboard in Resources */ = {isa = PBXBuildFile; fileRef = CE2806BC24A947010066FE7A /* ListOfOffers.storyboard */; };
		CE2806C024A94DBE0066FE7A /* ListOfOffersImageCell.swift in Sources */ = {isa = PBXBuildFile; fileRef = CE2806BF24A94DBE0066FE7A /* ListOfOffersImageCell.swift */; };
		CE2806C224A94DF10066FE7A /* ListOfOffersDescriptionCell.swift in Sources */ = {isa = PBXBuildFile; fileRef = CE2806C124A94DF10066FE7A /* ListOfOffersDescriptionCell.swift */; };
		CE2806C424A94E170066FE7A /* ListOfOffersNameCell.swift in Sources */ = {isa = PBXBuildFile; fileRef = CE2806C324A94E170066FE7A /* ListOfOffersNameCell.swift */; };
		CE2E6D6F24B0D7AF0025023E /* OfferPictureCollectionViewCell.swift in Sources */ = {isa = PBXBuildFile; fileRef = CE2E6D6E24B0D7AF0025023E /* OfferPictureCollectionViewCell.swift */; };
		CE2E6D7124B0E15B0025023E /* OfferImageNameDescriptionCell.swift in Sources */ = {isa = PBXBuildFile; fileRef = CE2E6D7024B0E15B0025023E /* OfferImageNameDescriptionCell.swift */; };
		CE2E6D7324B0E1A90025023E /* OfferSocialCell.swift in Sources */ = {isa = PBXBuildFile; fileRef = CE2E6D7224B0E1A90025023E /* OfferSocialCell.swift */; };
		CE2E6D7524B0E1DC0025023E /* OfferRatingInfoCell.swift in Sources */ = {isa = PBXBuildFile; fileRef = CE2E6D7424B0E1DC0025023E /* OfferRatingInfoCell.swift */; };
		CE2E6D7724B103E60025023E /* OfferReviewWatchAllCell.swift in Sources */ = {isa = PBXBuildFile; fileRef = CE2E6D7624B103E60025023E /* OfferReviewWatchAllCell.swift */; };
		CE2E6D7924B106160025023E /* OfferLastThreeReviewsCell.swift in Sources */ = {isa = PBXBuildFile; fileRef = CE2E6D7824B106160025023E /* OfferLastThreeReviewsCell.swift */; };
		CE2E6D7B24B1112C0025023E /* OfferGuideInfoCell.swift in Sources */ = {isa = PBXBuildFile; fileRef = CE2E6D7A24B1112C0025023E /* OfferGuideInfoCell.swift */; };
		CE2E6D7D24B111510025023E /* OfferBookingCell.swift in Sources */ = {isa = PBXBuildFile; fileRef = CE2E6D7C24B111510025023E /* OfferBookingCell.swift */; };
		CE686BAA24AFC7F000952E43 /* Assets.xcassets in Resources */ = {isa = PBXBuildFile; fileRef = CE686BA924AFC7F000952E43 /* Assets.xcassets */; };
		CE686BAC24AFCE3600952E43 /* CustomTableViewCell.swift in Sources */ = {isa = PBXBuildFile; fileRef = CE686BAB24AFCE3600952E43 /* CustomTableViewCell.swift */; };
		CE686BAE24AFCFA900952E43 /* CustomeCollectionCell.swift in Sources */ = {isa = PBXBuildFile; fileRef = CE686BAD24AFCFA900952E43 /* CustomeCollectionCell.swift */; };
		CE90C79324C4634D00731135 /* OfferAddToFavoriteButtton.swift in Sources */ = {isa = PBXBuildFile; fileRef = CE90C79224C4634D00731135 /* OfferAddToFavoriteButtton.swift */; };
/* End PBXBuildFile section */

/* Begin PBXContainerItemProxy section */
		CE0DECBD24A921930066B2FB /* PBXContainerItemProxy */ = {
			isa = PBXContainerItemProxy;
			containerPortal = CE0DECA924A921930066B2FB /* Project object */;
			proxyType = 1;
			remoteGlobalIDString = CE0DECB124A921930066B2FB;
			remoteInfo = Offers;
		};
/* End PBXContainerItemProxy section */

/* Begin PBXCopyFilesBuildPhase section */
		CE17F77D24A9295C0097B224 /* Embed Frameworks */ = {
			isa = PBXCopyFilesBuildPhase;
			buildActionMask = 2147483647;
			dstPath = "";
			dstSubfolderSpec = 10;
			files = (
				CE27405224C64AFC00BAD20B /* Pic.framework in Embed Frameworks */,
				CE27405824C64BA600BAD20B /* Core.framework in Embed Frameworks */,
				CE27405A24C64BA600BAD20B /* UI.framework in Embed Frameworks */,
				CE27405424C64AFC00BAD20B /* Reviews.framework in Embed Frameworks */,
			);
			name = "Embed Frameworks";
			runOnlyForDeploymentPostprocessing = 0;
		};
/* End PBXCopyFilesBuildPhase section */

/* Begin PBXFileReference section */
		CE0DECB224A921930066B2FB /* Offers.framework */ = {isa = PBXFileReference; explicitFileType = wrapper.framework; includeInIndex = 0; path = Offers.framework; sourceTree = BUILT_PRODUCTS_DIR; };
		CE0DECB624A921930066B2FB /* Info.plist */ = {isa = PBXFileReference; lastKnownFileType = text.plist.xml; path = Info.plist; sourceTree = "<group>"; };
		CE0DECBB24A921930066B2FB /* OffersTests.xctest */ = {isa = PBXFileReference; explicitFileType = wrapper.cfbundle; includeInIndex = 0; path = OffersTests.xctest; sourceTree = BUILT_PRODUCTS_DIR; };
		CE0DECC024A921930066B2FB /* OffersTests.swift */ = {isa = PBXFileReference; lastKnownFileType = sourcecode.swift; path = OffersTests.swift; sourceTree = "<group>"; };
		CE0DECC224A921930066B2FB /* Info.plist */ = {isa = PBXFileReference; lastKnownFileType = text.plist.xml; path = Info.plist; sourceTree = "<group>"; };
		CE17F77A24A9295C0097B224 /* Core.framework */ = {isa = PBXFileReference; explicitFileType = wrapper.framework; path = Core.framework; sourceTree = BUILT_PRODUCTS_DIR; };
		CE17F77E24A929600097B224 /* UI.framework */ = {isa = PBXFileReference; explicitFileType = wrapper.framework; path = UI.framework; sourceTree = BUILT_PRODUCTS_DIR; };
		CE196A6824AA7A41001D7157 /* ListOfOffersFilterCollectionCell.swift */ = {isa = PBXFileReference; lastKnownFileType = sourcecode.swift; path = ListOfOffersFilterCollectionCell.swift; sourceTree = "<group>"; };
		CE196A6A24AA8543001D7157 /* mock_fake_data.swift */ = {isa = PBXFileReference; lastKnownFileType = sourcecode.swift; path = mock_fake_data.swift; sourceTree = "<group>"; };
		CE196A6C24AA8EEF001D7157 /* CalendarView.swift */ = {isa = PBXFileReference; lastKnownFileType = sourcecode.swift; path = CalendarView.swift; sourceTree = "<group>"; };
		CE196A6E24AA9686001D7157 /* OffersCoordinator.swift */ = {isa = PBXFileReference; lastKnownFileType = sourcecode.swift; path = OffersCoordinator.swift; sourceTree = "<group>"; };
		CE27402124C63AC000BAD20B /* Pic.framework */ = {isa = PBXFileReference; explicitFileType = wrapper.framework; path = Pic.framework; sourceTree = BUILT_PRODUCTS_DIR; };
		CE27402224C63AC000BAD20B /* Reviews.framework */ = {isa = PBXFileReference; explicitFileType = wrapper.framework; path = Reviews.framework; sourceTree = BUILT_PRODUCTS_DIR; };
		CE27404F24C64AFC00BAD20B /* Pic.framework */ = {isa = PBXFileReference; explicitFileType = wrapper.framework; path = Pic.framework; sourceTree = BUILT_PRODUCTS_DIR; };
		CE27405024C64AFC00BAD20B /* Reviews.framework */ = {isa = PBXFileReference; explicitFileType = wrapper.framework; path = Reviews.framework; sourceTree = BUILT_PRODUCTS_DIR; };
		CE27405524C64BA600BAD20B /* Core.framework */ = {isa = PBXFileReference; explicitFileType = wrapper.framework; path = Core.framework; sourceTree = BUILT_PRODUCTS_DIR; };
		CE27405624C64BA600BAD20B /* UI.framework */ = {isa = PBXFileReference; explicitFileType = wrapper.framework; path = UI.framework; sourceTree = BUILT_PRODUCTS_DIR; };
		CE2806A224A92C3B0066FE7A /* ListOfOffersController.swift */ = {isa = PBXFileReference; lastKnownFileType = sourcecode.swift; path = ListOfOffersController.swift; sourceTree = "<group>"; };
		CE2806A624A92CA30066FE7A /* ViewControllerFactory.swift */ = {isa = PBXFileReference; lastKnownFileType = sourcecode.swift; path = ViewControllerFactory.swift; sourceTree = "<group>"; };
		CE2806B224A93EBA0066FE7A /* Offer.storyboard */ = {isa = PBXFileReference; lastKnownFileType = file.storyboard; path = Offer.storyboard; sourceTree = "<group>"; };
		CE2806B624A93F410066FE7A /* OfferController.swift */ = {isa = PBXFileReference; lastKnownFileType = sourcecode.swift; path = OfferController.swift; sourceTree = "<group>"; };
		CE2806BC24A947010066FE7A /* ListOfOffers.storyboard */ = {isa = PBXFileReference; lastKnownFileType = file.storyboard; path = ListOfOffers.storyboard; sourceTree = "<group>"; };
		CE2806BF24A94DBE0066FE7A /* ListOfOffersImageCell.swift */ = {isa = PBXFileReference; lastKnownFileType = sourcecode.swift; path = ListOfOffersImageCell.swift; sourceTree = "<group>"; };
		CE2806C124A94DF10066FE7A /* ListOfOffersDescriptionCell.swift */ = {isa = PBXFileReference; lastKnownFileType = sourcecode.swift; path = ListOfOffersDescriptionCell.swift; sourceTree = "<group>"; };
		CE2806C324A94E170066FE7A /* ListOfOffersNameCell.swift */ = {isa = PBXFileReference; lastKnownFileType = sourcecode.swift; path = ListOfOffersNameCell.swift; sourceTree = "<group>"; };
		CE2E6D6E24B0D7AF0025023E /* OfferPictureCollectionViewCell.swift */ = {isa = PBXFileReference; lastKnownFileType = sourcecode.swift; path = OfferPictureCollectionViewCell.swift; sourceTree = "<group>"; };
		CE2E6D7024B0E15B0025023E /* OfferImageNameDescriptionCell.swift */ = {isa = PBXFileReference; lastKnownFileType = sourcecode.swift; path = OfferImageNameDescriptionCell.swift; sourceTree = "<group>"; };
		CE2E6D7224B0E1A90025023E /* OfferSocialCell.swift */ = {isa = PBXFileReference; lastKnownFileType = sourcecode.swift; path = OfferSocialCell.swift; sourceTree = "<group>"; };
		CE2E6D7424B0E1DC0025023E /* OfferRatingInfoCell.swift */ = {isa = PBXFileReference; lastKnownFileType = sourcecode.swift; path = OfferRatingInfoCell.swift; sourceTree = "<group>"; };
		CE2E6D7624B103E60025023E /* OfferReviewWatchAllCell.swift */ = {isa = PBXFileReference; lastKnownFileType = sourcecode.swift; path = OfferReviewWatchAllCell.swift; sourceTree = "<group>"; };
		CE2E6D7824B106160025023E /* OfferLastThreeReviewsCell.swift */ = {isa = PBXFileReference; lastKnownFileType = sourcecode.swift; path = OfferLastThreeReviewsCell.swift; sourceTree = "<group>"; };
		CE2E6D7A24B1112C0025023E /* OfferGuideInfoCell.swift */ = {isa = PBXFileReference; lastKnownFileType = sourcecode.swift; path = OfferGuideInfoCell.swift; sourceTree = "<group>"; };
		CE2E6D7C24B111510025023E /* OfferBookingCell.swift */ = {isa = PBXFileReference; lastKnownFileType = sourcecode.swift; path = OfferBookingCell.swift; sourceTree = "<group>"; };
		CE686BA924AFC7F000952E43 /* Assets.xcassets */ = {isa = PBXFileReference; lastKnownFileType = folder.assetcatalog; path = Assets.xcassets; sourceTree = "<group>"; };
		CE686BAB24AFCE3600952E43 /* CustomTableViewCell.swift */ = {isa = PBXFileReference; lastKnownFileType = sourcecode.swift; path = CustomTableViewCell.swift; sourceTree = "<group>"; };
		CE686BAD24AFCFA900952E43 /* CustomeCollectionCell.swift */ = {isa = PBXFileReference; lastKnownFileType = sourcecode.swift; path = CustomeCollectionCell.swift; sourceTree = "<group>"; };
		CE90C79224C4634D00731135 /* OfferAddToFavoriteButtton.swift */ = {isa = PBXFileReference; lastKnownFileType = sourcecode.swift; path = OfferAddToFavoriteButtton.swift; sourceTree = "<group>"; };
/* End PBXFileReference section */

/* Begin PBXFrameworksBuildPhase section */
		CE0DECAF24A921930066B2FB /* Frameworks */ = {
			isa = PBXFrameworksBuildPhase;
			buildActionMask = 2147483647;
			files = (
				CE27405124C64AFC00BAD20B /* Pic.framework in Frameworks */,
				CE27405724C64BA600BAD20B /* Core.framework in Frameworks */,
				CE27405924C64BA600BAD20B /* UI.framework in Frameworks */,
				CE27405324C64AFC00BAD20B /* Reviews.framework in Frameworks */,
			);
			runOnlyForDeploymentPostprocessing = 0;
		};
		CE0DECB824A921930066B2FB /* Frameworks */ = {
			isa = PBXFrameworksBuildPhase;
			buildActionMask = 2147483647;
			files = (
				CE0DECBC24A921930066B2FB /* Offers.framework in Frameworks */,
			);
			runOnlyForDeploymentPostprocessing = 0;
		};
/* End PBXFrameworksBuildPhase section */

/* Begin PBXGroup section */
		CE0DECA824A921930066B2FB = {
			isa = PBXGroup;
			children = (
				CE0DECB424A921930066B2FB /* Offers */,
				CE0DECBF24A921930066B2FB /* OffersTests */,
				CE0DECB324A921930066B2FB /* Products */,
				CE17F77924A9295C0097B224 /* Frameworks */,
			);
			sourceTree = "<group>";
		};
		CE0DECB324A921930066B2FB /* Products */ = {
			isa = PBXGroup;
			children = (
				CE0DECB224A921930066B2FB /* Offers.framework */,
				CE0DECBB24A921930066B2FB /* OffersTests.xctest */,
			);
			name = Products;
			sourceTree = "<group>";
		};
		CE0DECB424A921930066B2FB /* Offers */ = {
			isa = PBXGroup;
			children = (
				CE2806BB24A941440066FE7A /* Views */,
				CE2806A024A92BDC0066FE7A /* ViewControllers */,
				CE686BA824AFC78D00952E43 /* Resources */,
				CE196A6E24AA9686001D7157 /* OffersCoordinator.swift */,
				CE0DECB624A921930066B2FB /* Info.plist */,
			);
			path = Offers;
			sourceTree = "<group>";
		};
		CE0DECBF24A921930066B2FB /* OffersTests */ = {
			isa = PBXGroup;
			children = (
				CE0DECC024A921930066B2FB /* OffersTests.swift */,
				CE0DECC224A921930066B2FB /* Info.plist */,
			);
			path = OffersTests;
			sourceTree = "<group>";
		};
		CE17F77924A9295C0097B224 /* Frameworks */ = {
			isa = PBXGroup;
			children = (
				CE27405524C64BA600BAD20B /* Core.framework */,
				CE27405624C64BA600BAD20B /* UI.framework */,
				CE27404F24C64AFC00BAD20B /* Pic.framework */,
				CE27405024C64AFC00BAD20B /* Reviews.framework */,
				CE27402124C63AC000BAD20B /* Pic.framework */,
				CE27402224C63AC000BAD20B /* Reviews.framework */,
				CE17F77E24A929600097B224 /* UI.framework */,
				CE17F77A24A9295C0097B224 /* Core.framework */,
			);
			name = Frameworks;
			sourceTree = "<group>";
		};
		CE196A6624AA79E0001D7157 /* OffersTableView */ = {
			isa = PBXGroup;
			children = (
				CE2806BF24A94DBE0066FE7A /* ListOfOffersImageCell.swift */,
				CE2806C324A94E170066FE7A /* ListOfOffersNameCell.swift */,
				CE2806C124A94DF10066FE7A /* ListOfOffersDescriptionCell.swift */,
			);
			path = OffersTableView;
			sourceTree = "<group>";
		};
		CE196A6724AA79FC001D7157 /* OffersFilterCollectionView */ = {
			isa = PBXGroup;
			children = (
				CE196A6824AA7A41001D7157 /* ListOfOffersFilterCollectionCell.swift */,
			);
			path = OffersFilterCollectionView;
			sourceTree = "<group>";
		};
		CE2806A024A92BDC0066FE7A /* ViewControllers */ = {
			isa = PBXGroup;
			children = (
				CE2806A124A92C000066FE7A /* ListOfOffersController */,
				CE2806AC24A93A5A0066FE7A /* OfferController */,
				CE2806A624A92CA30066FE7A /* ViewControllerFactory.swift */,
			);
			path = ViewControllers;
			sourceTree = "<group>";
		};
		CE2806A124A92C000066FE7A /* ListOfOffersController */ = {
			isa = PBXGroup;
			children = (
				CE2806BC24A947010066FE7A /* ListOfOffers.storyboard */,
				CE2806A224A92C3B0066FE7A /* ListOfOffersController.swift */,
			);
			path = ListOfOffersController;
			sourceTree = "<group>";
		};
		CE2806AC24A93A5A0066FE7A /* OfferController */ = {
			isa = PBXGroup;
			children = (
				CE2806B224A93EBA0066FE7A /* Offer.storyboard */,
				CE2806B624A93F410066FE7A /* OfferController.swift */,
			);
			path = OfferController;
			sourceTree = "<group>";
		};
		CE2806BB24A941440066FE7A /* Views */ = {
			isa = PBXGroup;
			children = (
				CE2E6D6D24B0D4040025023E /* Custom */,
				CE2806BE24A94D7E0066FE7A /* ListOfOffersController */,
				CE2E6D6A24B0D2F80025023E /* OfferController */,
			);
			path = Views;
			sourceTree = "<group>";
		};
		CE2806BE24A94D7E0066FE7A /* ListOfOffersController */ = {
			isa = PBXGroup;
			children = (
				CE196A6724AA79FC001D7157 /* OffersFilterCollectionView */,
				CE196A6624AA79E0001D7157 /* OffersTableView */,
				CE196A6C24AA8EEF001D7157 /* CalendarView.swift */,
			);
			path = ListOfOffersController;
			sourceTree = "<group>";
		};
		CE2E6D6A24B0D2F80025023E /* OfferController */ = {
			isa = PBXGroup;
			children = (
				CE2E6D6C24B0D3360025023E /* OfferCollectionView */,
				CE2E6D6B24B0D3230025023E /* OfferTableView */,
			);
			path = OfferController;
			sourceTree = "<group>";
		};
		CE2E6D6B24B0D3230025023E /* OfferTableView */ = {
			isa = PBXGroup;
			children = (
				CE2E6D7024B0E15B0025023E /* OfferImageNameDescriptionCell.swift */,
				CE2E6D7424B0E1DC0025023E /* OfferRatingInfoCell.swift */,
				CE2E6D7224B0E1A90025023E /* OfferSocialCell.swift */,
				CE2E6D7624B103E60025023E /* OfferReviewWatchAllCell.swift */,
				CE2E6D7824B106160025023E /* OfferLastThreeReviewsCell.swift */,
				CE2E6D7A24B1112C0025023E /* OfferGuideInfoCell.swift */,
				CE2E6D7C24B111510025023E /* OfferBookingCell.swift */,
			);
			path = OfferTableView;
			sourceTree = "<group>";
		};
		CE2E6D6C24B0D3360025023E /* OfferCollectionView */ = {
			isa = PBXGroup;
			children = (
				CE2E6D6E24B0D7AF0025023E /* OfferPictureCollectionViewCell.swift */,
			);
			path = OfferCollectionView;
			sourceTree = "<group>";
		};
		CE2E6D6D24B0D4040025023E /* Custom */ = {
			isa = PBXGroup;
			children = (
				CE686BAD24AFCFA900952E43 /* CustomeCollectionCell.swift */,
				CE686BAB24AFCE3600952E43 /* CustomTableViewCell.swift */,
				CE90C79224C4634D00731135 /* OfferAddToFavoriteButtton.swift */,
			);
			path = Custom;
			sourceTree = "<group>";
		};
		CE686BA824AFC78D00952E43 /* Resources */ = {
			isa = PBXGroup;
			children = (
				CE196A6A24AA8543001D7157 /* mock_fake_data.swift */,
				CE686BA924AFC7F000952E43 /* Assets.xcassets */,
			);
			path = Resources;
			sourceTree = "<group>";
		};
/* End PBXGroup section */

/* Begin PBXNativeTarget section */
		CE0DECB124A921930066B2FB /* Offers */ = {
			isa = PBXNativeTarget;
			buildConfigurationList = CE0DECC624A921930066B2FB /* Build configuration list for PBXNativeTarget "Offers" */;
			buildPhases = (
				CE0DECAE24A921930066B2FB /* Sources */,
				CE0DECAF24A921930066B2FB /* Frameworks */,
				CE0DECB024A921930066B2FB /* Resources */,
				CE17F77D24A9295C0097B224 /* Embed Frameworks */,
			);
			buildRules = (
			);
			dependencies = (
			);
			name = Offers;
			productName = Offers;
			productReference = CE0DECB224A921930066B2FB /* Offers.framework */;
			productType = "com.apple.product-type.framework";
		};
		CE0DECBA24A921930066B2FB /* OffersTests */ = {
			isa = PBXNativeTarget;
			buildConfigurationList = CE0DECC924A921930066B2FB /* Build configuration list for PBXNativeTarget "OffersTests" */;
			buildPhases = (
				CE0DECB724A921930066B2FB /* Sources */,
				CE0DECB824A921930066B2FB /* Frameworks */,
				CE0DECB924A921930066B2FB /* Resources */,
			);
			buildRules = (
			);
			dependencies = (
				CE0DECBE24A921930066B2FB /* PBXTargetDependency */,
			);
			name = OffersTests;
			productName = OffersTests;
			productReference = CE0DECBB24A921930066B2FB /* OffersTests.xctest */;
			productType = "com.apple.product-type.bundle.unit-test";
		};
/* End PBXNativeTarget section */

/* Begin PBXProject section */
		CE0DECA924A921930066B2FB /* Project object */ = {
			isa = PBXProject;
			attributes = {
				LastSwiftUpdateCheck = 1150;
				LastUpgradeCheck = 1150;
				ORGANIZATIONNAME = "Igor Gapanovich";
				TargetAttributes = {
					CE0DECB124A921930066B2FB = {
						CreatedOnToolsVersion = 11.5;
						LastSwiftMigration = 1150;
					};
					CE0DECBA24A921930066B2FB = {
						CreatedOnToolsVersion = 11.5;
					};
				};
			};
			buildConfigurationList = CE0DECAC24A921930066B2FB /* Build configuration list for PBXProject "Offers" */;
			compatibilityVersion = "Xcode 9.3";
			developmentRegion = en;
			hasScannedForEncodings = 0;
			knownRegions = (
				en,
				Base,
			);
			mainGroup = CE0DECA824A921930066B2FB;
			productRefGroup = CE0DECB324A921930066B2FB /* Products */;
			projectDirPath = "";
			projectRoot = "";
			targets = (
				CE0DECB124A921930066B2FB /* Offers */,
				CE0DECBA24A921930066B2FB /* OffersTests */,
			);
		};
/* End PBXProject section */

/* Begin PBXResourcesBuildPhase section */
		CE0DECB024A921930066B2FB /* Resources */ = {
			isa = PBXResourcesBuildPhase;
			buildActionMask = 2147483647;
			files = (
				CE2806B324A93EBA0066FE7A /* Offer.storyboard in Resources */,
				CE2806BD24A947010066FE7A /* ListOfOffers.storyboard in Resources */,
				CE686BAA24AFC7F000952E43 /* Assets.xcassets in Resources */,
			);
			runOnlyForDeploymentPostprocessing = 0;
		};
		CE0DECB924A921930066B2FB /* Resources */ = {
			isa = PBXResourcesBuildPhase;
			buildActionMask = 2147483647;
			files = (
			);
			runOnlyForDeploymentPostprocessing = 0;
		};
/* End PBXResourcesBuildPhase section */

/* Begin PBXSourcesBuildPhase section */
		CE0DECAE24A921930066B2FB /* Sources */ = {
			isa = PBXSourcesBuildPhase;
			buildActionMask = 2147483647;
			files = (
				CE2E6D7124B0E15B0025023E /* OfferImageNameDescriptionCell.swift in Sources */,
				CE196A6D24AA8EEF001D7157 /* CalendarView.swift in Sources */,
				CE2E6D7524B0E1DC0025023E /* OfferRatingInfoCell.swift in Sources */,
				CE196A6F24AA9686001D7157 /* OffersCoordinator.swift in Sources */,
				CE2806C224A94DF10066FE7A /* ListOfOffersDescriptionCell.swift in Sources */,
				CE2E6D7324B0E1A90025023E /* OfferSocialCell.swift in Sources */,
				CE196A6B24AA8543001D7157 /* mock_fake_data.swift in Sources */,
				CE90C79324C4634D00731135 /* OfferAddToFavoriteButtton.swift in Sources */,
				CE2E6D7B24B1112C0025023E /* OfferGuideInfoCell.swift in Sources */,
				CE2806A324A92C3B0066FE7A /* ListOfOffersController.swift in Sources */,
				CE2806C424A94E170066FE7A /* ListOfOffersNameCell.swift in Sources */,
				CE2E6D7724B103E60025023E /* OfferReviewWatchAllCell.swift in Sources */,
				CE2806C024A94DBE0066FE7A /* ListOfOffersImageCell.swift in Sources */,
				CE2E6D7D24B111510025023E /* OfferBookingCell.swift in Sources */,
				CE686BAE24AFCFA900952E43 /* CustomeCollectionCell.swift in Sources */,
				CE2806B724A93F410066FE7A /* OfferController.swift in Sources */,
				CE196A6924AA7A41001D7157 /* ListOfOffersFilterCollectionCell.swift in Sources */,
				CE2E6D6F24B0D7AF0025023E /* OfferPictureCollectionViewCell.swift in Sources */,
				CE2E6D7924B106160025023E /* OfferLastThreeReviewsCell.swift in Sources */,
				CE686BAC24AFCE3600952E43 /* CustomTableViewCell.swift in Sources */,
				CE2806A724A92CA30066FE7A /* ViewControllerFactory.swift in Sources */,
			);
			runOnlyForDeploymentPostprocessing = 0;
		};
		CE0DECB724A921930066B2FB /* Sources */ = {
			isa = PBXSourcesBuildPhase;
			buildActionMask = 2147483647;
			files = (
				CE0DECC124A921930066B2FB /* OffersTests.swift in Sources */,
			);
			runOnlyForDeploymentPostprocessing = 0;
		};
/* End PBXSourcesBuildPhase section */

/* Begin PBXTargetDependency section */
		CE0DECBE24A921930066B2FB /* PBXTargetDependency */ = {
			isa = PBXTargetDependency;
			target = CE0DECB124A921930066B2FB /* Offers */;
			targetProxy = CE0DECBD24A921930066B2FB /* PBXContainerItemProxy */;
		};
/* End PBXTargetDependency section */

/* Begin XCBuildConfiguration section */
		CE0DECC424A921930066B2FB /* Debug */ = {
			isa = XCBuildConfiguration;
			buildSettings = {
				ALWAYS_SEARCH_USER_PATHS = NO;
				CLANG_ANALYZER_NONNULL = YES;
				CLANG_ANALYZER_NUMBER_OBJECT_CONVERSION = YES_AGGRESSIVE;
				CLANG_CXX_LANGUAGE_STANDARD = "gnu++14";
				CLANG_CXX_LIBRARY = "libc++";
				CLANG_ENABLE_MODULES = YES;
				CLANG_ENABLE_OBJC_ARC = YES;
				CLANG_ENABLE_OBJC_WEAK = YES;
				CLANG_WARN_BLOCK_CAPTURE_AUTORELEASING = YES;
				CLANG_WARN_BOOL_CONVERSION = YES;
				CLANG_WARN_COMMA = YES;
				CLANG_WARN_CONSTANT_CONVERSION = YES;
				CLANG_WARN_DEPRECATED_OBJC_IMPLEMENTATIONS = YES;
				CLANG_WARN_DIRECT_OBJC_ISA_USAGE = YES_ERROR;
				CLANG_WARN_DOCUMENTATION_COMMENTS = YES;
				CLANG_WARN_EMPTY_BODY = YES;
				CLANG_WARN_ENUM_CONVERSION = YES;
				CLANG_WARN_INFINITE_RECURSION = YES;
				CLANG_WARN_INT_CONVERSION = YES;
				CLANG_WARN_NON_LITERAL_NULL_CONVERSION = YES;
				CLANG_WARN_OBJC_IMPLICIT_RETAIN_SELF = YES;
				CLANG_WARN_OBJC_LITERAL_CONVERSION = YES;
				CLANG_WARN_OBJC_ROOT_CLASS = YES_ERROR;
				CLANG_WARN_RANGE_LOOP_ANALYSIS = YES;
				CLANG_WARN_STRICT_PROTOTYPES = YES;
				CLANG_WARN_SUSPICIOUS_MOVE = YES;
				CLANG_WARN_UNGUARDED_AVAILABILITY = YES_AGGRESSIVE;
				CLANG_WARN_UNREACHABLE_CODE = YES;
				CLANG_WARN__DUPLICATE_METHOD_MATCH = YES;
				COPY_PHASE_STRIP = NO;
				CURRENT_PROJECT_VERSION = 1;
				DEBUG_INFORMATION_FORMAT = dwarf;
				ENABLE_STRICT_OBJC_MSGSEND = YES;
				ENABLE_TESTABILITY = YES;
				GCC_C_LANGUAGE_STANDARD = gnu11;
				GCC_DYNAMIC_NO_PIC = NO;
				GCC_NO_COMMON_BLOCKS = YES;
				GCC_OPTIMIZATION_LEVEL = 0;
				GCC_PREPROCESSOR_DEFINITIONS = (
					"DEBUG=1",
					"$(inherited)",
				);
				GCC_WARN_64_TO_32_BIT_CONVERSION = YES;
				GCC_WARN_ABOUT_RETURN_TYPE = YES_ERROR;
				GCC_WARN_UNDECLARED_SELECTOR = YES;
				GCC_WARN_UNINITIALIZED_AUTOS = YES_AGGRESSIVE;
				GCC_WARN_UNUSED_FUNCTION = YES;
				GCC_WARN_UNUSED_VARIABLE = YES;
				IPHONEOS_DEPLOYMENT_TARGET = 10.3;
				MTL_ENABLE_DEBUG_INFO = INCLUDE_SOURCE;
				MTL_FAST_MATH = YES;
				ONLY_ACTIVE_ARCH = YES;
				SDKROOT = iphoneos;
				SWIFT_ACTIVE_COMPILATION_CONDITIONS = DEBUG;
				SWIFT_OPTIMIZATION_LEVEL = "-Onone";
				VERSIONING_SYSTEM = "apple-generic";
				VERSION_INFO_PREFIX = "";
			};
			name = Debug;
		};
		CE0DECC524A921930066B2FB /* Release */ = {
			isa = XCBuildConfiguration;
			buildSettings = {
				ALWAYS_SEARCH_USER_PATHS = NO;
				CLANG_ANALYZER_NONNULL = YES;
				CLANG_ANALYZER_NUMBER_OBJECT_CONVERSION = YES_AGGRESSIVE;
				CLANG_CXX_LANGUAGE_STANDARD = "gnu++14";
				CLANG_CXX_LIBRARY = "libc++";
				CLANG_ENABLE_MODULES = YES;
				CLANG_ENABLE_OBJC_ARC = YES;
				CLANG_ENABLE_OBJC_WEAK = YES;
				CLANG_WARN_BLOCK_CAPTURE_AUTORELEASING = YES;
				CLANG_WARN_BOOL_CONVERSION = YES;
				CLANG_WARN_COMMA = YES;
				CLANG_WARN_CONSTANT_CONVERSION = YES;
				CLANG_WARN_DEPRECATED_OBJC_IMPLEMENTATIONS = YES;
				CLANG_WARN_DIRECT_OBJC_ISA_USAGE = YES_ERROR;
				CLANG_WARN_DOCUMENTATION_COMMENTS = YES;
				CLANG_WARN_EMPTY_BODY = YES;
				CLANG_WARN_ENUM_CONVERSION = YES;
				CLANG_WARN_INFINITE_RECURSION = YES;
				CLANG_WARN_INT_CONVERSION = YES;
				CLANG_WARN_NON_LITERAL_NULL_CONVERSION = YES;
				CLANG_WARN_OBJC_IMPLICIT_RETAIN_SELF = YES;
				CLANG_WARN_OBJC_LITERAL_CONVERSION = YES;
				CLANG_WARN_OBJC_ROOT_CLASS = YES_ERROR;
				CLANG_WARN_RANGE_LOOP_ANALYSIS = YES;
				CLANG_WARN_STRICT_PROTOTYPES = YES;
				CLANG_WARN_SUSPICIOUS_MOVE = YES;
				CLANG_WARN_UNGUARDED_AVAILABILITY = YES_AGGRESSIVE;
				CLANG_WARN_UNREACHABLE_CODE = YES;
				CLANG_WARN__DUPLICATE_METHOD_MATCH = YES;
				COPY_PHASE_STRIP = NO;
				CURRENT_PROJECT_VERSION = 1;
				DEBUG_INFORMATION_FORMAT = "dwarf-with-dsym";
				ENABLE_NS_ASSERTIONS = NO;
				ENABLE_STRICT_OBJC_MSGSEND = YES;
				GCC_C_LANGUAGE_STANDARD = gnu11;
				GCC_NO_COMMON_BLOCKS = YES;
				GCC_WARN_64_TO_32_BIT_CONVERSION = YES;
				GCC_WARN_ABOUT_RETURN_TYPE = YES_ERROR;
				GCC_WARN_UNDECLARED_SELECTOR = YES;
				GCC_WARN_UNINITIALIZED_AUTOS = YES_AGGRESSIVE;
				GCC_WARN_UNUSED_FUNCTION = YES;
				GCC_WARN_UNUSED_VARIABLE = YES;
				IPHONEOS_DEPLOYMENT_TARGET = 10.3;
				MTL_ENABLE_DEBUG_INFO = NO;
				MTL_FAST_MATH = YES;
				SDKROOT = iphoneos;
				SWIFT_COMPILATION_MODE = wholemodule;
				SWIFT_OPTIMIZATION_LEVEL = "-O";
				VALIDATE_PRODUCT = YES;
				VERSIONING_SYSTEM = "apple-generic";
				VERSION_INFO_PREFIX = "";
			};
			name = Release;
		};
		CE0DECC724A921930066B2FB /* Debug */ = {
			isa = XCBuildConfiguration;
			buildSettings = {
				CLANG_ENABLE_MODULES = YES;
				CODE_SIGN_STYLE = Automatic;
				DEFINES_MODULE = YES;
				DYLIB_COMPATIBILITY_VERSION = 1;
				DYLIB_CURRENT_VERSION = 1;
				DYLIB_INSTALL_NAME_BASE = "@rpath";
				FRAMEWORK_SEARCH_PATHS = "";
				INFOPLIST_FILE = Offers/Info.plist;
				INSTALL_PATH = "$(LOCAL_LIBRARY_DIR)/Frameworks";
				LD_RUNPATH_SEARCH_PATHS = (
					"$(inherited)",
					"@executable_path/Frameworks",
					"@loader_path/Frameworks",
				);
				PRODUCT_BUNDLE_IDENTIFIER = com.igorlab.Offers;
				PRODUCT_NAME = "$(TARGET_NAME:c99extidentifier)";
				SKIP_INSTALL = YES;
				SUPPORTS_MACCATALYST = NO;
				SWIFT_OPTIMIZATION_LEVEL = "-Onone";
				SWIFT_VERSION = 5.0;
				TARGETED_DEVICE_FAMILY = 1;
			};
			name = Debug;
		};
		CE0DECC824A921930066B2FB /* Release */ = {
			isa = XCBuildConfiguration;
			buildSettings = {
				CLANG_ENABLE_MODULES = YES;
				CODE_SIGN_STYLE = Automatic;
				DEFINES_MODULE = YES;
				DYLIB_COMPATIBILITY_VERSION = 1;
				DYLIB_CURRENT_VERSION = 1;
				DYLIB_INSTALL_NAME_BASE = "@rpath";
				FRAMEWORK_SEARCH_PATHS = "";
				INFOPLIST_FILE = Offers/Info.plist;
				INSTALL_PATH = "$(LOCAL_LIBRARY_DIR)/Frameworks";
				LD_RUNPATH_SEARCH_PATHS = (
					"$(inherited)",
					"@executable_path/Frameworks",
					"@loader_path/Frameworks",
				);
				PRODUCT_BUNDLE_IDENTIFIER = com.igorlab.Offers;
				PRODUCT_NAME = "$(TARGET_NAME:c99extidentifier)";
				SKIP_INSTALL = YES;
				SUPPORTS_MACCATALYST = NO;
				SWIFT_VERSION = 5.0;
				TARGETED_DEVICE_FAMILY = 1;
			};
			name = Release;
		};
		CE0DECCA24A921930066B2FB /* Debug */ = {
			isa = XCBuildConfiguration;
			buildSettings = {
				ALWAYS_EMBED_SWIFT_STANDARD_LIBRARIES = YES;
				CODE_SIGN_STYLE = Automatic;
				INFOPLIST_FILE = OffersTests/Info.plist;
				LD_RUNPATH_SEARCH_PATHS = (
					"$(inherited)",
					"@executable_path/Frameworks",
					"@loader_path/Frameworks",
				);
				PRODUCT_BUNDLE_IDENTIFIER = com.igorlab.OffersTests;
				PRODUCT_NAME = "$(TARGET_NAME)";
				SWIFT_VERSION = 5.0;
				TARGETED_DEVICE_FAMILY = "1,2";
			};
			name = Debug;
		};
		CE0DECCB24A921930066B2FB /* Release */ = {
			isa = XCBuildConfiguration;
			buildSettings = {
				ALWAYS_EMBED_SWIFT_STANDARD_LIBRARIES = YES;
				CODE_SIGN_STYLE = Automatic;
				INFOPLIST_FILE = OffersTests/Info.plist;
				LD_RUNPATH_SEARCH_PATHS = (
					"$(inherited)",
					"@executable_path/Frameworks",
					"@loader_path/Frameworks",
				);
				PRODUCT_BUNDLE_IDENTIFIER = com.igorlab.OffersTests;
				PRODUCT_NAME = "$(TARGET_NAME)";
				SWIFT_VERSION = 5.0;
				TARGETED_DEVICE_FAMILY = "1,2";
			};
			name = Release;
		};
/* End XCBuildConfiguration section */

/* Begin XCConfigurationList section */
		CE0DECAC24A921930066B2FB /* Build configuration list for PBXProject "Offers" */ = {
			isa = XCConfigurationList;
			buildConfigurations = (
				CE0DECC424A921930066B2FB /* Debug */,
				CE0DECC524A921930066B2FB /* Release */,
			);
			defaultConfigurationIsVisible = 0;
			defaultConfigurationName = Release;
		};
		CE0DECC624A921930066B2FB /* Build configuration list for PBXNativeTarget "Offers" */ = {
			isa = XCConfigurationList;
			buildConfigurations = (
				CE0DECC724A921930066B2FB /* Debug */,
				CE0DECC824A921930066B2FB /* Release */,
			);
			defaultConfigurationIsVisible = 0;
			defaultConfigurationName = Release;
		};
		CE0DECC924A921930066B2FB /* Build configuration list for PBXNativeTarget "OffersTests" */ = {
			isa = XCConfigurationList;
			buildConfigurations = (
				CE0DECCA24A921930066B2FB /* Debug */,
				CE0DECCB24A921930066B2FB /* Release */,
			);
			defaultConfigurationIsVisible = 0;
			defaultConfigurationName = Release;
		};
/* End XCConfigurationList section */
	};
	rootObject = CE0DECA924A921930066B2FB /* Project object */;
}
