// !$*UTF8*$!
{
	archiveVersion = 1;
	classes = {
	};
	objectVersion = 52;
	objects = {

/* Begin PBXBuildFile section */
		570B393D24CCB88100827B42 /* CellProtocols.swift in Sources */ = {isa = PBXBuildFile; fileRef = 570B393A24CCB88100827B42 /* CellProtocols.swift */; };
		570B393E24CCB88100827B42 /* UITableView+ReusableCell.swift in Sources */ = {isa = PBXBuildFile; fileRef = 570B393B24CCB88100827B42 /* UITableView+ReusableCell.swift */; };
		570B393F24CCB88100827B42 /* TableViewAdapter.swift in Sources */ = {isa = PBXBuildFile; fileRef = 570B393C24CCB88100827B42 /* TableViewAdapter.swift */; };
		CE18235524C4E26B00FD9678 /* DateFormatter.swift in Sources */ = {isa = PBXBuildFile; fileRef = CE18235424C4E26B00FD9678 /* DateFormatter.swift */; };
		CE2806AA24A931980066FE7A /* CVCalendar in Frameworks */ = {isa = PBXBuildFile; productRef = CE2806A924A931980066FE7A /* CVCalendar */; };
		CE90C79524C48D0C00731135 /* Pic.storyboard in Resources */ = {isa = PBXBuildFile; fileRef = CE90C79424C48D0C00731135 /* Pic.storyboard */; };
		CE90C79724C48D3200731135 /* Reviews.storyboard in Resources */ = {isa = PBXBuildFile; fileRef = CE90C79624C48D3200731135 /* Reviews.storyboard */; };
		CE90C79B24C4A73500731135 /* ReviewsTableViewCell.swift in Sources */ = {isa = PBXBuildFile; fileRef = CE90C79A24C4A73500731135 /* ReviewsTableViewCell.swift */; };
		CE90C79D24C4A76A00731135 /* PicCollectionViewCell.swift in Sources */ = {isa = PBXBuildFile; fileRef = CE90C79C24C4A76A00731135 /* PicCollectionViewCell.swift */; };
		CE90C7A324C4C2C500731135 /* Assets.xcassets in Resources */ = {isa = PBXBuildFile; fileRef = CE90C7A224C4C2C500731135 /* Assets.xcassets */; };
		CE9EF0C924B66AB300B1D5E7 /* PicController.swift in Sources */ = {isa = PBXBuildFile; fileRef = CE9EF0C824B66AB300B1D5E7 /* PicController.swift */; };
		CE9EF0CB24B66AD300B1D5E7 /* ReviewsController.swift in Sources */ = {isa = PBXBuildFile; fileRef = CE9EF0CA24B66AD300B1D5E7 /* ReviewsController.swift */; };
		E121510924A49B8400C691E4 /* TextField.swift in Sources */ = {isa = PBXBuildFile; fileRef = E121510724A49B8000C691E4 /* TextField.swift */; };
		E121510A24A49B8700C691E4 /* Button.swift in Sources */ = {isa = PBXBuildFile; fileRef = E121510624A49B8000C691E4 /* Button.swift */; };
		E121510B24A49BA900C691E4 /* Label.swift in Sources */ = {isa = PBXBuildFile; fileRef = E121510524A49B8000C691E4 /* Label.swift */; };
		E121510C24A49BB300C691E4 /* LinkButton.swift in Sources */ = {isa = PBXBuildFile; fileRef = E121510124A49B8000C691E4 /* LinkButton.swift */; };
		E121510D24A49BBA00C691E4 /* PrimaryButton.swift in Sources */ = {isa = PBXBuildFile; fileRef = E121510224A49B8000C691E4 /* PrimaryButton.swift */; };
		E121510E24A49BC100C691E4 /* SecondaryButton.swift in Sources */ = {isa = PBXBuildFile; fileRef = E121510324A49B8000C691E4 /* SecondaryButton.swift */; };
		E121510F24A49BD100C691E4 /* PhoneNumberField.swift in Sources */ = {isa = PBXBuildFile; fileRef = E12150FF24A49B8000C691E4 /* PhoneNumberField.swift */; };
		E121511D24A49C2A00C691E4 /* UIStoryboard+instantiateViewController.swift in Sources */ = {isa = PBXBuildFile; fileRef = E121511824A49C2600C691E4 /* UIStoryboard+instantiateViewController.swift */; };
		E121511E24A49C2D00C691E4 /* UILabel+setLineHeight.swift in Sources */ = {isa = PBXBuildFile; fileRef = E121511924A49C2600C691E4 /* UILabel+setLineHeight.swift */; };
		E121511F24A49C2F00C691E4 /* UIColor+ThemeColors.swift in Sources */ = {isa = PBXBuildFile; fileRef = E121511A24A49C2600C691E4 /* UIColor+ThemeColors.swift */; };
		E121512024A49C3200C691E4 /* UIColor+hex.swift in Sources */ = {isa = PBXBuildFile; fileRef = E121511B24A49C2600C691E4 /* UIColor+hex.swift */; };
		E121512324A49C6D00C691E4 /* BaseViewController.swift in Sources */ = {isa = PBXBuildFile; fileRef = E121512124A49C6D00C691E4 /* BaseViewController.swift */; };
		E1300FAF24C70D8E00A75803 /* Font.swift in Sources */ = {isa = PBXBuildFile; fileRef = E1300FAE24C70D8E00A75803 /* Font.swift */; };
		E1300FB224C721A700A75803 /* PriceRangeControl.swift in Sources */ = {isa = PBXBuildFile; fileRef = E1300FB124C721A700A75803 /* PriceRangeControl.swift */; };
		E14434A924CD93DF0037E254 /* Models.framework in Frameworks */ = {isa = PBXBuildFile; fileRef = E14434A824CD93DF0037E254 /* Models.framework */; };
		E14434AA24CD93DF0037E254 /* Models.framework in Embed Frameworks */ = {isa = PBXBuildFile; fileRef = E14434A824CD93DF0037E254 /* Models.framework */; settings = {ATTRIBUTES = (CodeSignOnCopy, RemoveHeadersOnCopy, ); }; };
		E150DE1824C424C900804B9E /* ProgressView.swift in Sources */ = {isa = PBXBuildFile; fileRef = E150DE1724C424C900804B9E /* ProgressView.swift */; };
		E150DE1F24C4370F00804B9E /* BackBarButtonItem.swift in Sources */ = {isa = PBXBuildFile; fileRef = E150DE1E24C4370F00804B9E /* BackBarButtonItem.swift */; };
		E150DE2124C4379E00804B9E /* Assets.xcassets in Resources */ = {isa = PBXBuildFile; fileRef = E150DE2024C4379E00804B9E /* Assets.xcassets */; };
		E152E2BB24B2FE98002453D7 /* ImageView.swift in Sources */ = {isa = PBXBuildFile; fileRef = E152E2BA24B2FE98002453D7 /* ImageView.swift */; };
		E152E2BE24B2FEB6002453D7 /* SDWebImage in Frameworks */ = {isa = PBXBuildFile; productRef = E152E2BD24B2FEB6002453D7 /* SDWebImage */; };
		E16383C724C6D45A0091BE38 /* DropdownControl.swift in Sources */ = {isa = PBXBuildFile; fileRef = E16383C624C6D45A0091BE38 /* DropdownControl.swift */; };
		E17CAAD324B44C7E009C5318 /* BarButtonItem.swift in Sources */ = {isa = PBXBuildFile; fileRef = E17CAAD224B44C7E009C5318 /* BarButtonItem.swift */; };
		E1B9B61B24A77EF90031C0AD /* PhoneNumberKit in Frameworks */ = {isa = PBXBuildFile; productRef = E1B9B61A24A77EF90031C0AD /* PhoneNumberKit */; };
		E1B9B63224A785020031C0AD /* PhoneNumberMetadata.json in Resources */ = {isa = PBXBuildFile; fileRef = E1B9B63124A785020031C0AD /* PhoneNumberMetadata.json */; };
		E1BD8E2D24BD7EB600783F2A /* UITableView+Helpers.swift in Sources */ = {isa = PBXBuildFile; fileRef = E1BD8E2C24BD7EB600783F2A /* UITableView+Helpers.swift */; };
		E1E450A924AA846500BDDAFF /* UICollectionView+Helpers.swift in Sources */ = {isa = PBXBuildFile; fileRef = E1E450A824AA846500BDDAFF /* UICollectionView+Helpers.swift */; };
		E1E450C924AA93DD00BDDAFF /* ShadowView.swift in Sources */ = {isa = PBXBuildFile; fileRef = E1E450C824AA93DD00BDDAFF /* ShadowView.swift */; };
		E1E450CC24AB11EB00BDDAFF /* RoundedView.swift in Sources */ = {isa = PBXBuildFile; fileRef = E1E450CB24AB11EB00BDDAFF /* RoundedView.swift */; };
/* End PBXBuildFile section */

/* Begin PBXCopyFilesBuildPhase section */
		E1B9B60924A77C180031C0AD /* Embed Frameworks */ = {
			isa = PBXCopyFilesBuildPhase;
			buildActionMask = 2147483647;
			dstPath = "";
			dstSubfolderSpec = 10;
			files = (
				E14434AA24CD93DF0037E254 /* Models.framework in Embed Frameworks */,
			);
			name = "Embed Frameworks";
			runOnlyForDeploymentPostprocessing = 0;
		};
/* End PBXCopyFilesBuildPhase section */

/* Begin PBXFileReference section */
		570B393A24CCB88100827B42 /* CellProtocols.swift */ = {isa = PBXFileReference; fileEncoding = 4; lastKnownFileType = sourcecode.swift; path = CellProtocols.swift; sourceTree = "<group>"; };
		570B393B24CCB88100827B42 /* UITableView+ReusableCell.swift */ = {isa = PBXFileReference; fileEncoding = 4; lastKnownFileType = sourcecode.swift; path = "UITableView+ReusableCell.swift"; sourceTree = "<group>"; };
		570B393C24CCB88100827B42 /* TableViewAdapter.swift */ = {isa = PBXFileReference; fileEncoding = 4; lastKnownFileType = sourcecode.swift; path = TableViewAdapter.swift; sourceTree = "<group>"; };
		CE18235424C4E26B00FD9678 /* DateFormatter.swift */ = {isa = PBXFileReference; lastKnownFileType = sourcecode.swift; path = DateFormatter.swift; sourceTree = "<group>"; };
		CE90C79424C48D0C00731135 /* Pic.storyboard */ = {isa = PBXFileReference; lastKnownFileType = file.storyboard; path = Pic.storyboard; sourceTree = "<group>"; };
		CE90C79624C48D3200731135 /* Reviews.storyboard */ = {isa = PBXFileReference; lastKnownFileType = file.storyboard; path = Reviews.storyboard; sourceTree = "<group>"; };
		CE90C79A24C4A73500731135 /* ReviewsTableViewCell.swift */ = {isa = PBXFileReference; lastKnownFileType = sourcecode.swift; path = ReviewsTableViewCell.swift; sourceTree = "<group>"; };
		CE90C79C24C4A76A00731135 /* PicCollectionViewCell.swift */ = {isa = PBXFileReference; lastKnownFileType = sourcecode.swift; path = PicCollectionViewCell.swift; sourceTree = "<group>"; };
		CE90C7A224C4C2C500731135 /* Assets.xcassets */ = {isa = PBXFileReference; lastKnownFileType = folder.assetcatalog; path = Assets.xcassets; sourceTree = "<group>"; };
		CE9EF0C824B66AB300B1D5E7 /* PicController.swift */ = {isa = PBXFileReference; lastKnownFileType = sourcecode.swift; path = PicController.swift; sourceTree = "<group>"; };
		CE9EF0CA24B66AD300B1D5E7 /* ReviewsController.swift */ = {isa = PBXFileReference; lastKnownFileType = sourcecode.swift; path = ReviewsController.swift; sourceTree = "<group>"; };
		E12150E524A49B6100C691E4 /* UI.framework */ = {isa = PBXFileReference; explicitFileType = wrapper.framework; includeInIndex = 0; path = UI.framework; sourceTree = BUILT_PRODUCTS_DIR; };
		E12150E924A49B6100C691E4 /* Info.plist */ = {isa = PBXFileReference; lastKnownFileType = text.plist.xml; path = Info.plist; sourceTree = "<group>"; };
		E12150FF24A49B8000C691E4 /* PhoneNumberField.swift */ = {isa = PBXFileReference; lastKnownFileType = sourcecode.swift; path = PhoneNumberField.swift; sourceTree = "<group>"; };
		E121510124A49B8000C691E4 /* LinkButton.swift */ = {isa = PBXFileReference; lastKnownFileType = sourcecode.swift; path = LinkButton.swift; sourceTree = "<group>"; };
		E121510224A49B8000C691E4 /* PrimaryButton.swift */ = {isa = PBXFileReference; lastKnownFileType = sourcecode.swift; path = PrimaryButton.swift; sourceTree = "<group>"; };
		E121510324A49B8000C691E4 /* SecondaryButton.swift */ = {isa = PBXFileReference; lastKnownFileType = sourcecode.swift; path = SecondaryButton.swift; sourceTree = "<group>"; };
		E121510524A49B8000C691E4 /* Label.swift */ = {isa = PBXFileReference; lastKnownFileType = sourcecode.swift; path = Label.swift; sourceTree = "<group>"; };
		E121510624A49B8000C691E4 /* Button.swift */ = {isa = PBXFileReference; lastKnownFileType = sourcecode.swift; path = Button.swift; sourceTree = "<group>"; };
		E121510724A49B8000C691E4 /* TextField.swift */ = {isa = PBXFileReference; lastKnownFileType = sourcecode.swift; path = TextField.swift; sourceTree = "<group>"; };
		E121511824A49C2600C691E4 /* UIStoryboard+instantiateViewController.swift */ = {isa = PBXFileReference; lastKnownFileType = sourcecode.swift; path = "UIStoryboard+instantiateViewController.swift"; sourceTree = "<group>"; };
		E121511924A49C2600C691E4 /* UILabel+setLineHeight.swift */ = {isa = PBXFileReference; lastKnownFileType = sourcecode.swift; path = "UILabel+setLineHeight.swift"; sourceTree = "<group>"; };
		E121511A24A49C2600C691E4 /* UIColor+ThemeColors.swift */ = {isa = PBXFileReference; lastKnownFileType = sourcecode.swift; path = "UIColor+ThemeColors.swift"; sourceTree = "<group>"; };
		E121511B24A49C2600C691E4 /* UIColor+hex.swift */ = {isa = PBXFileReference; lastKnownFileType = sourcecode.swift; path = "UIColor+hex.swift"; sourceTree = "<group>"; };
		E121512124A49C6D00C691E4 /* BaseViewController.swift */ = {isa = PBXFileReference; lastKnownFileType = sourcecode.swift; path = BaseViewController.swift; sourceTree = "<group>"; };
		E1300FAE24C70D8E00A75803 /* Font.swift */ = {isa = PBXFileReference; lastKnownFileType = sourcecode.swift; path = Font.swift; sourceTree = "<group>"; };
		E1300FB124C721A700A75803 /* PriceRangeControl.swift */ = {isa = PBXFileReference; lastKnownFileType = sourcecode.swift; path = PriceRangeControl.swift; sourceTree = "<group>"; };
		E14434A824CD93DF0037E254 /* Models.framework */ = {isa = PBXFileReference; explicitFileType = wrapper.framework; path = Models.framework; sourceTree = BUILT_PRODUCTS_DIR; };
		E150DE1724C424C900804B9E /* ProgressView.swift */ = {isa = PBXFileReference; lastKnownFileType = sourcecode.swift; path = ProgressView.swift; sourceTree = "<group>"; };
		E150DE1E24C4370F00804B9E /* BackBarButtonItem.swift */ = {isa = PBXFileReference; lastKnownFileType = sourcecode.swift; path = BackBarButtonItem.swift; sourceTree = "<group>"; };
		E150DE2024C4379E00804B9E /* Assets.xcassets */ = {isa = PBXFileReference; lastKnownFileType = folder.assetcatalog; path = Assets.xcassets; sourceTree = "<group>"; };
		E152E2BA24B2FE98002453D7 /* ImageView.swift */ = {isa = PBXFileReference; lastKnownFileType = sourcecode.swift; path = ImageView.swift; sourceTree = "<group>"; };
		E16383C624C6D45A0091BE38 /* DropdownControl.swift */ = {isa = PBXFileReference; lastKnownFileType = sourcecode.swift; path = DropdownControl.swift; sourceTree = "<group>"; };
		E17CAAD224B44C7E009C5318 /* BarButtonItem.swift */ = {isa = PBXFileReference; lastKnownFileType = sourcecode.swift; path = BarButtonItem.swift; sourceTree = "<group>"; };
		E1B9B63124A785020031C0AD /* PhoneNumberMetadata.json */ = {isa = PBXFileReference; fileEncoding = 4; lastKnownFileType = text.json; path = PhoneNumberMetadata.json; sourceTree = "<group>"; };
		E1BD8E2C24BD7EB600783F2A /* UITableView+Helpers.swift */ = {isa = PBXFileReference; lastKnownFileType = sourcecode.swift; path = "UITableView+Helpers.swift"; sourceTree = "<group>"; };
		E1E450A824AA846500BDDAFF /* UICollectionView+Helpers.swift */ = {isa = PBXFileReference; lastKnownFileType = sourcecode.swift; path = "UICollectionView+Helpers.swift"; sourceTree = "<group>"; };
		E1E450C824AA93DD00BDDAFF /* ShadowView.swift */ = {isa = PBXFileReference; lastKnownFileType = sourcecode.swift; path = ShadowView.swift; sourceTree = "<group>"; };
		E1E450CB24AB11EB00BDDAFF /* RoundedView.swift */ = {isa = PBXFileReference; lastKnownFileType = sourcecode.swift; path = RoundedView.swift; sourceTree = "<group>"; };
/* End PBXFileReference section */

/* Begin PBXFrameworksBuildPhase section */
		E12150E224A49B6100C691E4 /* Frameworks */ = {
			isa = PBXFrameworksBuildPhase;
			buildActionMask = 2147483647;
			files = (
				E14434A924CD93DF0037E254 /* Models.framework in Frameworks */,
				E152E2BE24B2FEB6002453D7 /* SDWebImage in Frameworks */,
				E1B9B61B24A77EF90031C0AD /* PhoneNumberKit in Frameworks */,
				CE2806AA24A931980066FE7A /* CVCalendar in Frameworks */,
			);
			runOnlyForDeploymentPostprocessing = 0;
		};
/* End PBXFrameworksBuildPhase section */

/* Begin PBXGroup section */
		570B393924CCB86400827B42 /* TableViewAdapter */ = {
			isa = PBXGroup;
			children = (
				570B393A24CCB88100827B42 /* CellProtocols.swift */,
				570B393C24CCB88100827B42 /* TableViewAdapter.swift */,
				570B393B24CCB88100827B42 /* UITableView+ReusableCell.swift */,
			);
			path = TableViewAdapter;
			sourceTree = "<group>";
		};
		CE90C79824C4A10400731135 /* ReviewsController */ = {
			isa = PBXGroup;
			children = (
				CE90C79A24C4A73500731135 /* ReviewsTableViewCell.swift */,
			);
			path = ReviewsController;
			sourceTree = "<group>";
		};
		CE90C79924C4A70300731135 /* PicController */ = {
			isa = PBXGroup;
			children = (
				CE90C79C24C4A76A00731135 /* PicCollectionViewCell.swift */,
			);
			path = PicController;
			sourceTree = "<group>";
		};
		CE9EF0C724B66A7400B1D5E7 /* Controllers */ = {
			isa = PBXGroup;
			children = (
				CE9EF0CC24B66BAD00B1D5E7 /* PicController */,
				CE9EF0CD24B66BC400B1D5E7 /* ReviewsController */,
			);
			path = Controllers;
			sourceTree = "<group>";
		};
		CE9EF0CC24B66BAD00B1D5E7 /* PicController */ = {
			isa = PBXGroup;
			children = (
				CE90C79424C48D0C00731135 /* Pic.storyboard */,
				CE9EF0C824B66AB300B1D5E7 /* PicController.swift */,
			);
			path = PicController;
			sourceTree = "<group>";
		};
		CE9EF0CD24B66BC400B1D5E7 /* ReviewsController */ = {
			isa = PBXGroup;
			children = (
				CE90C79624C48D3200731135 /* Reviews.storyboard */,
				CE9EF0CA24B66AD300B1D5E7 /* ReviewsController.swift */,
			);
			path = ReviewsController;
			sourceTree = "<group>";
		};
		E12150DB24A49B6100C691E4 = {
			isa = PBXGroup;
			children = (
				E12150E724A49B6100C691E4 /* UI */,
				E12150E624A49B6100C691E4 /* Products */,
				E16383C324C6D2820091BE38 /* Recovered References */,
				E14434A724CD93DF0037E254 /* Frameworks */,
			);
			sourceTree = "<group>";
		};
		E12150E624A49B6100C691E4 /* Products */ = {
			isa = PBXGroup;
			children = (
				E12150E524A49B6100C691E4 /* UI.framework */,
			);
			name = Products;
			sourceTree = "<group>";
		};
		E12150E724A49B6100C691E4 /* UI */ = {
			isa = PBXGroup;
			children = (
				E1300FAD24C70D7A00A75803 /* Font */,
				570B393924CCB86400827B42 /* TableViewAdapter */,
				CE9EF0C724B66A7400B1D5E7 /* Controllers */,
				E121511C24A49C2600C691E4 /* Extensions */,
				E121510824A49B8000C691E4 /* Views */,
				E16383C424C6D4340091BE38 /* Controls */,
				E1B9B63024A784F10031C0AD /* Resources */,
				E121512124A49C6D00C691E4 /* BaseViewController.swift */,
				E12150E924A49B6100C691E4 /* Info.plist */,
			);
			path = UI;
			sourceTree = "<group>";
		};
		E121510024A49B8000C691E4 /* PhoneNumberField */ = {
			isa = PBXGroup;
			children = (
				E12150FF24A49B8000C691E4 /* PhoneNumberField.swift */,
			);
			path = PhoneNumberField;
			sourceTree = "<group>";
		};
		E121510424A49B8000C691E4 /* Buttons */ = {
			isa = PBXGroup;
			children = (
				E121510124A49B8000C691E4 /* LinkButton.swift */,
				E121510224A49B8000C691E4 /* PrimaryButton.swift */,
				E121510324A49B8000C691E4 /* SecondaryButton.swift */,
			);
			path = Buttons;
			sourceTree = "<group>";
		};
		E121510824A49B8000C691E4 /* Views */ = {
			isa = PBXGroup;
			children = (
				CE90C79924C4A70300731135 /* PicController */,
				CE90C79824C4A10400731135 /* ReviewsController */,
				E150DE1624C424AD00804B9E /* ProgressView */,
				E16034E824B2FBE7000E8303 /* ImageView */,
				E1E450CA24AB11D500BDDAFF /* RoundedView */,
				E1E450C724AA93CE00BDDAFF /* ShadowView */,
				E121510024A49B8000C691E4 /* PhoneNumberField */,
				E121510524A49B8000C691E4 /* Label.swift */,
				E121510624A49B8000C691E4 /* Button.swift */,
				E121510724A49B8000C691E4 /* TextField.swift */,
				E17CAAD224B44C7E009C5318 /* BarButtonItem.swift */,
			);
			path = Views;
			sourceTree = "<group>";
		};
		E121511C24A49C2600C691E4 /* Extensions */ = {
			isa = PBXGroup;
			children = (
				E121511824A49C2600C691E4 /* UIStoryboard+instantiateViewController.swift */,
				E121511924A49C2600C691E4 /* UILabel+setLineHeight.swift */,
				E121511A24A49C2600C691E4 /* UIColor+ThemeColors.swift */,
				E121511B24A49C2600C691E4 /* UIColor+hex.swift */,
				E1E450A824AA846500BDDAFF /* UICollectionView+Helpers.swift */,
				E1BD8E2C24BD7EB600783F2A /* UITableView+Helpers.swift */,
				CE18235424C4E26B00FD9678 /* DateFormatter.swift */,
			);
			path = Extensions;
			sourceTree = "<group>";
		};
		E1300FAD24C70D7A00A75803 /* Font */ = {
			isa = PBXGroup;
			children = (
				E1300FAE24C70D8E00A75803 /* Font.swift */,
			);
			path = Font;
			sourceTree = "<group>";
		};
		E1300FB024C7218A00A75803 /* PriceRangeControl */ = {
			isa = PBXGroup;
			children = (
				E1300FB124C721A700A75803 /* PriceRangeControl.swift */,
			);
			path = PriceRangeControl;
			sourceTree = "<group>";
		};
		E14434A724CD93DF0037E254 /* Frameworks */ = {
			isa = PBXGroup;
			children = (
				E14434A824CD93DF0037E254 /* Models.framework */,
			);
			name = Frameworks;
			sourceTree = "<group>";
		};
		E150DE1624C424AD00804B9E /* ProgressView */ = {
			isa = PBXGroup;
			children = (
				E150DE1724C424C900804B9E /* ProgressView.swift */,
			);
			path = ProgressView;
			sourceTree = "<group>";
		};
		E150DE1D24C436ED00804B9E /* BarButton */ = {
			isa = PBXGroup;
			children = (
				E150DE1E24C4370F00804B9E /* BackBarButtonItem.swift */,
			);
			path = BarButton;
			sourceTree = "<group>";
		};
		E16034E824B2FBE7000E8303 /* ImageView */ = {
			isa = PBXGroup;
			children = (
				E152E2BA24B2FE98002453D7 /* ImageView.swift */,
			);
			path = ImageView;
			sourceTree = "<group>";
		};
		E16383C324C6D2820091BE38 /* Recovered References */ = {
			isa = PBXGroup;
			children = (
				CE90C7A224C4C2C500731135 /* Assets.xcassets */,
			);
			name = "Recovered References";
			sourceTree = "<group>";
		};
		E16383C424C6D4340091BE38 /* Controls */ = {
			isa = PBXGroup;
			children = (
				E1300FB024C7218A00A75803 /* PriceRangeControl */,
				E150DE1D24C436ED00804B9E /* BarButton */,
				E121510424A49B8000C691E4 /* Buttons */,
				E16383C524C6D4430091BE38 /* DropdownControl */,
			);
			path = Controls;
			sourceTree = "<group>";
		};
		E16383C524C6D4430091BE38 /* DropdownControl */ = {
			isa = PBXGroup;
			children = (
				E16383C624C6D45A0091BE38 /* DropdownControl.swift */,
			);
			path = DropdownControl;
			sourceTree = "<group>";
		};
		E1B9B63024A784F10031C0AD /* Resources */ = {
			isa = PBXGroup;
			children = (
				E1B9B63124A785020031C0AD /* PhoneNumberMetadata.json */,
				E150DE2024C4379E00804B9E /* Assets.xcassets */,
			);
			path = Resources;
			sourceTree = "<group>";
		};
		E1E450C724AA93CE00BDDAFF /* ShadowView */ = {
			isa = PBXGroup;
			children = (
				E1E450C824AA93DD00BDDAFF /* ShadowView.swift */,
			);
			path = ShadowView;
			sourceTree = "<group>";
		};
		E1E450CA24AB11D500BDDAFF /* RoundedView */ = {
			isa = PBXGroup;
			children = (
				E1E450CB24AB11EB00BDDAFF /* RoundedView.swift */,
			);
			path = RoundedView;
			sourceTree = "<group>";
		};
/* End PBXGroup section */

/* Begin PBXNativeTarget section */
		E12150E424A49B6100C691E4 /* UI */ = {
			isa = PBXNativeTarget;
			buildConfigurationList = E12150F924A49B6100C691E4 /* Build configuration list for PBXNativeTarget "UI" */;
			buildPhases = (
				E12150E124A49B6100C691E4 /* Sources */,
				E12150E224A49B6100C691E4 /* Frameworks */,
				E12150E324A49B6100C691E4 /* Resources */,
				E1B9B60924A77C180031C0AD /* Embed Frameworks */,
			);
			buildRules = (
			);
			dependencies = (
				E1B9B62F24A7822A0031C0AD /* PBXTargetDependency */,
			);
			name = UI;
			packageProductDependencies = (
				E1B9B61A24A77EF90031C0AD /* PhoneNumberKit */,
				E152E2BD24B2FEB6002453D7 /* SDWebImage */,
				CE2806A924A931980066FE7A /* CVCalendar */,
			);
			productName = UI;
			productReference = E12150E524A49B6100C691E4 /* UI.framework */;
			productType = "com.apple.product-type.framework";
		};
/* End PBXNativeTarget section */

/* Begin PBXProject section */
		E12150DC24A49B6100C691E4 /* Project object */ = {
			isa = PBXProject;
			attributes = {
				LastSwiftUpdateCheck = 1150;
				LastUpgradeCheck = 1150;
				ORGANIZATIONNAME = "Maxim Timokhin";
				TargetAttributes = {
					E12150E424A49B6100C691E4 = {
						CreatedOnToolsVersion = 11.5;
					};
				};
			};
			buildConfigurationList = E12150DF24A49B6100C691E4 /* Build configuration list for PBXProject "UI" */;
			compatibilityVersion = "Xcode 9.3";
			developmentRegion = en;
			hasScannedForEncodings = 0;
			knownRegions = (
				en,
				Base,
			);
			mainGroup = E12150DB24A49B6100C691E4;
			packageReferences = (
				E1B9B61924A77EF90031C0AD /* XCRemoteSwiftPackageReference "PhoneNumberKit" */,
				E152E2BC24B2FEB6002453D7 /* XCRemoteSwiftPackageReference "SDWebImage" */,
				CE2806A824A931980066FE7A /* XCRemoteSwiftPackageReference "CVCalendar" */,
			);
			productRefGroup = E12150E624A49B6100C691E4 /* Products */;
			projectDirPath = "";
			projectRoot = "";
			targets = (
				E12150E424A49B6100C691E4 /* UI */,
			);
		};
/* End PBXProject section */

/* Begin PBXResourcesBuildPhase section */
		E12150E324A49B6100C691E4 /* Resources */ = {
			isa = PBXResourcesBuildPhase;
			buildActionMask = 2147483647;
			files = (
				E150DE2124C4379E00804B9E /* Assets.xcassets in Resources */,
				E1B9B63224A785020031C0AD /* PhoneNumberMetadata.json in Resources */,
				CE90C79724C48D3200731135 /* Reviews.storyboard in Resources */,
				CE90C7A324C4C2C500731135 /* Assets.xcassets in Resources */,
				CE90C79524C48D0C00731135 /* Pic.storyboard in Resources */,
			);
			runOnlyForDeploymentPostprocessing = 0;
		};
/* End PBXResourcesBuildPhase section */

/* Begin PBXSourcesBuildPhase section */
		E12150E124A49B6100C691E4 /* Sources */ = {
			isa = PBXSourcesBuildPhase;
			buildActionMask = 2147483647;
			files = (
				E121510E24A49BC100C691E4 /* SecondaryButton.swift in Sources */,
				E121511F24A49C2F00C691E4 /* UIColor+ThemeColors.swift in Sources */,
				E17CAAD324B44C7E009C5318 /* BarButtonItem.swift in Sources */,
				E1300FB224C721A700A75803 /* PriceRangeControl.swift in Sources */,
				E150DE1F24C4370F00804B9E /* BackBarButtonItem.swift in Sources */,
				CE18235524C4E26B00FD9678 /* DateFormatter.swift in Sources */,
				E121510924A49B8400C691E4 /* TextField.swift in Sources */,
				570B393F24CCB88100827B42 /* TableViewAdapter.swift in Sources */,
				570B393D24CCB88100827B42 /* CellProtocols.swift in Sources */,
				E121510F24A49BD100C691E4 /* PhoneNumberField.swift in Sources */,
				E1E450C924AA93DD00BDDAFF /* ShadowView.swift in Sources */,
				E121510C24A49BB300C691E4 /* LinkButton.swift in Sources */,
				E1E450A924AA846500BDDAFF /* UICollectionView+Helpers.swift in Sources */,
				E121512324A49C6D00C691E4 /* BaseViewController.swift in Sources */,
				E152E2BB24B2FE98002453D7 /* ImageView.swift in Sources */,
				E1E450CC24AB11EB00BDDAFF /* RoundedView.swift in Sources */,
				E121511D24A49C2A00C691E4 /* UIStoryboard+instantiateViewController.swift in Sources */,
				E121510D24A49BBA00C691E4 /* PrimaryButton.swift in Sources */,
				E1BD8E2D24BD7EB600783F2A /* UITableView+Helpers.swift in Sources */,
				CE90C79B24C4A73500731135 /* ReviewsTableViewCell.swift in Sources */,
				E121512024A49C3200C691E4 /* UIColor+hex.swift in Sources */,
				E121510A24A49B8700C691E4 /* Button.swift in Sources */,
				E150DE1824C424C900804B9E /* ProgressView.swift in Sources */,
				E121510B24A49BA900C691E4 /* Label.swift in Sources */,
				CE9EF0CB24B66AD300B1D5E7 /* ReviewsController.swift in Sources */,
				CE90C79D24C4A76A00731135 /* PicCollectionViewCell.swift in Sources */,
				CE9EF0C924B66AB300B1D5E7 /* PicController.swift in Sources */,
				E16383C724C6D45A0091BE38 /* DropdownControl.swift in Sources */,
				E1300FAF24C70D8E00A75803 /* Font.swift in Sources */,
				570B393E24CCB88100827B42 /* UITableView+ReusableCell.swift in Sources */,
				E121511E24A49C2D00C691E4 /* UILabel+setLineHeight.swift in Sources */,
			);
			runOnlyForDeploymentPostprocessing = 0;
		};
/* End PBXSourcesBuildPhase section */

/* Begin PBXTargetDependency section */
		E1B9B62F24A7822A0031C0AD /* PBXTargetDependency */ = {
			isa = PBXTargetDependency;
			productRef = E1B9B62E24A7822A0031C0AD /* PhoneNumberKit */;
		};
/* End PBXTargetDependency section */

/* Begin XCBuildConfiguration section */
		E12150F724A49B6100C691E4 /* Debug */ = {
			isa = XCBuildConfiguration;
			buildSettings = {
				ALWAYS_SEARCH_USER_PATHS = NO;
				CLANG_ANALYZER_NONNULL = YES;
				CLANG_ANALYZER_NUMBER_OBJECT_CONVERSION = YES_AGGRESSIVE;
				CLANG_CXX_LANGUAGE_STANDARD = "gnu++14";
				CLANG_CXX_LIBRARY = "libc++";
				CLANG_ENABLE_MODULES = YES;
				CLANG_ENABLE_OBJC_ARC = YES;
				CLANG_ENABLE_OBJC_WEAK = YES;
				CLANG_WARN_BLOCK_CAPTURE_AUTORELEASING = YES;
				CLANG_WARN_BOOL_CONVERSION = YES;
				CLANG_WARN_COMMA = YES;
				CLANG_WARN_CONSTANT_CONVERSION = YES;
				CLANG_WARN_DEPRECATED_OBJC_IMPLEMENTATIONS = YES;
				CLANG_WARN_DIRECT_OBJC_ISA_USAGE = YES_ERROR;
				CLANG_WARN_DOCUMENTATION_COMMENTS = YES;
				CLANG_WARN_EMPTY_BODY = YES;
				CLANG_WARN_ENUM_CONVERSION = YES;
				CLANG_WARN_INFINITE_RECURSION = YES;
				CLANG_WARN_INT_CONVERSION = YES;
				CLANG_WARN_NON_LITERAL_NULL_CONVERSION = YES;
				CLANG_WARN_OBJC_IMPLICIT_RETAIN_SELF = YES;
				CLANG_WARN_OBJC_LITERAL_CONVERSION = YES;
				CLANG_WARN_OBJC_ROOT_CLASS = YES_ERROR;
				CLANG_WARN_RANGE_LOOP_ANALYSIS = YES;
				CLANG_WARN_STRICT_PROTOTYPES = YES;
				CLANG_WARN_SUSPICIOUS_MOVE = YES;
				CLANG_WARN_UNGUARDED_AVAILABILITY = YES_AGGRESSIVE;
				CLANG_WARN_UNREACHABLE_CODE = YES;
				CLANG_WARN__DUPLICATE_METHOD_MATCH = YES;
				COPY_PHASE_STRIP = NO;
				CURRENT_PROJECT_VERSION = 1;
				DEBUG_INFORMATION_FORMAT = dwarf;
				ENABLE_STRICT_OBJC_MSGSEND = YES;
				ENABLE_TESTABILITY = YES;
				GCC_C_LANGUAGE_STANDARD = gnu11;
				GCC_DYNAMIC_NO_PIC = NO;
				GCC_NO_COMMON_BLOCKS = YES;
				GCC_OPTIMIZATION_LEVEL = 0;
				GCC_PREPROCESSOR_DEFINITIONS = (
					"DEBUG=1",
					"$(inherited)",
				);
				GCC_WARN_64_TO_32_BIT_CONVERSION = YES;
				GCC_WARN_ABOUT_RETURN_TYPE = YES_ERROR;
				GCC_WARN_UNDECLARED_SELECTOR = YES;
				GCC_WARN_UNINITIALIZED_AUTOS = YES_AGGRESSIVE;
				GCC_WARN_UNUSED_FUNCTION = YES;
				GCC_WARN_UNUSED_VARIABLE = YES;
				IPHONEOS_DEPLOYMENT_TARGET = 10.3;
				MTL_ENABLE_DEBUG_INFO = INCLUDE_SOURCE;
				MTL_FAST_MATH = YES;
				ONLY_ACTIVE_ARCH = YES;
				SDKROOT = iphoneos;
				SWIFT_ACTIVE_COMPILATION_CONDITIONS = DEBUG;
				SWIFT_OPTIMIZATION_LEVEL = "-Onone";
				VERSIONING_SYSTEM = "apple-generic";
				VERSION_INFO_PREFIX = "";
			};
			name = Debug;
		};
		E12150F824A49B6100C691E4 /* Release */ = {
			isa = XCBuildConfiguration;
			buildSettings = {
				ALWAYS_SEARCH_USER_PATHS = NO;
				CLANG_ANALYZER_NONNULL = YES;
				CLANG_ANALYZER_NUMBER_OBJECT_CONVERSION = YES_AGGRESSIVE;
				CLANG_CXX_LANGUAGE_STANDARD = "gnu++14";
				CLANG_CXX_LIBRARY = "libc++";
				CLANG_ENABLE_MODULES = YES;
				CLANG_ENABLE_OBJC_ARC = YES;
				CLANG_ENABLE_OBJC_WEAK = YES;
				CLANG_WARN_BLOCK_CAPTURE_AUTORELEASING = YES;
				CLANG_WARN_BOOL_CONVERSION = YES;
				CLANG_WARN_COMMA = YES;
				CLANG_WARN_CONSTANT_CONVERSION = YES;
				CLANG_WARN_DEPRECATED_OBJC_IMPLEMENTATIONS = YES;
				CLANG_WARN_DIRECT_OBJC_ISA_USAGE = YES_ERROR;
				CLANG_WARN_DOCUMENTATION_COMMENTS = YES;
				CLANG_WARN_EMPTY_BODY = YES;
				CLANG_WARN_ENUM_CONVERSION = YES;
				CLANG_WARN_INFINITE_RECURSION = YES;
				CLANG_WARN_INT_CONVERSION = YES;
				CLANG_WARN_NON_LITERAL_NULL_CONVERSION = YES;
				CLANG_WARN_OBJC_IMPLICIT_RETAIN_SELF = YES;
				CLANG_WARN_OBJC_LITERAL_CONVERSION = YES;
				CLANG_WARN_OBJC_ROOT_CLASS = YES_ERROR;
				CLANG_WARN_RANGE_LOOP_ANALYSIS = YES;
				CLANG_WARN_STRICT_PROTOTYPES = YES;
				CLANG_WARN_SUSPICIOUS_MOVE = YES;
				CLANG_WARN_UNGUARDED_AVAILABILITY = YES_AGGRESSIVE;
				CLANG_WARN_UNREACHABLE_CODE = YES;
				CLANG_WARN__DUPLICATE_METHOD_MATCH = YES;
				COPY_PHASE_STRIP = NO;
				CURRENT_PROJECT_VERSION = 1;
				DEBUG_INFORMATION_FORMAT = "dwarf-with-dsym";
				ENABLE_NS_ASSERTIONS = NO;
				ENABLE_STRICT_OBJC_MSGSEND = YES;
				GCC_C_LANGUAGE_STANDARD = gnu11;
				GCC_NO_COMMON_BLOCKS = YES;
				GCC_WARN_64_TO_32_BIT_CONVERSION = YES;
				GCC_WARN_ABOUT_RETURN_TYPE = YES_ERROR;
				GCC_WARN_UNDECLARED_SELECTOR = YES;
				GCC_WARN_UNINITIALIZED_AUTOS = YES_AGGRESSIVE;
				GCC_WARN_UNUSED_FUNCTION = YES;
				GCC_WARN_UNUSED_VARIABLE = YES;
				IPHONEOS_DEPLOYMENT_TARGET = 10.3;
				MTL_ENABLE_DEBUG_INFO = NO;
				MTL_FAST_MATH = YES;
				SDKROOT = iphoneos;
				SWIFT_COMPILATION_MODE = wholemodule;
				SWIFT_OPTIMIZATION_LEVEL = "-O";
				VALIDATE_PRODUCT = YES;
				VERSIONING_SYSTEM = "apple-generic";
				VERSION_INFO_PREFIX = "";
			};
			name = Release;
		};
		E12150FA24A49B6100C691E4 /* Debug */ = {
			isa = XCBuildConfiguration;
			buildSettings = {
				CODE_SIGN_STYLE = Manual;
				DEFINES_MODULE = YES;
				DEVELOPMENT_TEAM = "";
				DYLIB_COMPATIBILITY_VERSION = 1;
				DYLIB_CURRENT_VERSION = 1;
				DYLIB_INSTALL_NAME_BASE = "@rpath";
				FRAMEWORK_SEARCH_PATHS = (
					"$(inherited)",
					"\"${PODS_CONFIGURATION_BUILD_DIR}\"/**",
				);
				INFOPLIST_FILE = UI/Info.plist;
				INSTALL_PATH = "$(LOCAL_LIBRARY_DIR)/Frameworks";
				IPHONEOS_DEPLOYMENT_TARGET = 10.3;
				LD_RUNPATH_SEARCH_PATHS = (
					"$(inherited)",
					"@executable_path/Frameworks",
					"@loader_path/Frameworks",
				);
				PRODUCT_BUNDLE_IDENTIFIER = ru.getproger.UI;
				PRODUCT_NAME = "$(TARGET_NAME:c99extidentifier)";
				PROVISIONING_PROFILE_SPECIFIER = "";
				SKIP_INSTALL = YES;
				SUPPORTS_MACCATALYST = NO;
				SWIFT_VERSION = 5.0;
				TARGETED_DEVICE_FAMILY = 1;
			};
			name = Debug;
		};
		E12150FB24A49B6100C691E4 /* Release */ = {
			isa = XCBuildConfiguration;
			buildSettings = {
				CODE_SIGN_STYLE = Manual;
				DEFINES_MODULE = YES;
				DEVELOPMENT_TEAM = "";
				DYLIB_COMPATIBILITY_VERSION = 1;
				DYLIB_CURRENT_VERSION = 1;
				DYLIB_INSTALL_NAME_BASE = "@rpath";
				FRAMEWORK_SEARCH_PATHS = (
					"$(inherited)",
					"\"${PODS_CONFIGURATION_BUILD_DIR}\"/**",
				);
				INFOPLIST_FILE = UI/Info.plist;
				INSTALL_PATH = "$(LOCAL_LIBRARY_DIR)/Frameworks";
				IPHONEOS_DEPLOYMENT_TARGET = 10.3;
				LD_RUNPATH_SEARCH_PATHS = (
					"$(inherited)",
					"@executable_path/Frameworks",
					"@loader_path/Frameworks",
				);
				PRODUCT_BUNDLE_IDENTIFIER = ru.getproger.UI;
				PRODUCT_NAME = "$(TARGET_NAME:c99extidentifier)";
				PROVISIONING_PROFILE_SPECIFIER = "";
				SKIP_INSTALL = YES;
				SUPPORTS_MACCATALYST = NO;
				SWIFT_VERSION = 5.0;
				TARGETED_DEVICE_FAMILY = 1;
			};
			name = Release;
		};
/* End XCBuildConfiguration section */

/* Begin XCConfigurationList section */
		E12150DF24A49B6100C691E4 /* Build configuration list for PBXProject "UI" */ = {
			isa = XCConfigurationList;
			buildConfigurations = (
				E12150F724A49B6100C691E4 /* Debug */,
				E12150F824A49B6100C691E4 /* Release */,
			);
			defaultConfigurationIsVisible = 0;
			defaultConfigurationName = Release;
		};
		E12150F924A49B6100C691E4 /* Build configuration list for PBXNativeTarget "UI" */ = {
			isa = XCConfigurationList;
			buildConfigurations = (
				E12150FA24A49B6100C691E4 /* Debug */,
				E12150FB24A49B6100C691E4 /* Release */,
			);
			defaultConfigurationIsVisible = 0;
			defaultConfigurationName = Release;
		};
/* End XCConfigurationList section */

/* Begin XCRemoteSwiftPackageReference section */
		CE2806A824A931980066FE7A /* XCRemoteSwiftPackageReference "CVCalendar" */ = {
			isa = XCRemoteSwiftPackageReference;
			repositoryURL = "https://github.com/CVCalendar/CVCalendar";
			requirement = {
				kind = upToNextMajorVersion;
				minimumVersion = 1.7.0;
			};
		};
		E152E2BC24B2FEB6002453D7 /* XCRemoteSwiftPackageReference "SDWebImage" */ = {
			isa = XCRemoteSwiftPackageReference;
			repositoryURL = "https://github.com/SDWebImage/SDWebImage.git";
			requirement = {
				kind = upToNextMajorVersion;
				minimumVersion = 5.8.3;
			};
		};
		E1B9B61924A77EF90031C0AD /* XCRemoteSwiftPackageReference "PhoneNumberKit" */ = {
			isa = XCRemoteSwiftPackageReference;
			repositoryURL = "https://github.com/marmelroy/PhoneNumberKit.git";
			requirement = {
				kind = upToNextMajorVersion;
				minimumVersion = 3.2.0;
			};
		};
/* End XCRemoteSwiftPackageReference section */

/* Begin XCSwiftPackageProductDependency section */
		CE2806A924A931980066FE7A /* CVCalendar */ = {
			isa = XCSwiftPackageProductDependency;
			package = CE2806A824A931980066FE7A /* XCRemoteSwiftPackageReference "CVCalendar" */;
			productName = CVCalendar;
		};
		E152E2BD24B2FEB6002453D7 /* SDWebImage */ = {
			isa = XCSwiftPackageProductDependency;
			package = E152E2BC24B2FEB6002453D7 /* XCRemoteSwiftPackageReference "SDWebImage" */;
			productName = SDWebImage;
		};
		E1B9B61A24A77EF90031C0AD /* PhoneNumberKit */ = {
			isa = XCSwiftPackageProductDependency;
			package = E1B9B61924A77EF90031C0AD /* XCRemoteSwiftPackageReference "PhoneNumberKit" */;
			productName = PhoneNumberKit;
		};
		E1B9B62E24A7822A0031C0AD /* PhoneNumberKit */ = {
			isa = XCSwiftPackageProductDependency;
			package = E1B9B61924A77EF90031C0AD /* XCRemoteSwiftPackageReference "PhoneNumberKit" */;
			productName = PhoneNumberKit;
		};
/* End XCSwiftPackageProductDependency section */
	};
	rootObject = E12150DC24A49B6100C691E4 /* Project object */;
}
