{
  "object": {
    "pins": [
      {
        "package": "CVCalendar",
        "repositoryURL": "https://github.com/CVCalendar/CVCalendar",
        "state": {
          "branch": null,
          "revision": "c78d3cc52e9a1716ea243b22a0f8f5531734a6df",
          "version": "1.7.0"
        }
      },
      {
        "package": "PhoneNumberKit",
        "repositoryURL": "https://github.com/marmelroy/PhoneNumberKit.git",
        "state": {
          "branch": null,
          "revision": "5c8c906036dd44d0ac6d721c5fd0bf5602d1ff0e",
          "version": "3.2.0"
        }
      },
      {
        "package": "SDWebImage",
        "repositoryURL": "https://github.com/SDWebImage/SDWebImage.git",
        "state": {
          "branch": null,
          "revision": "f876da50318666141d72963e1568afee6f84f008",
          "version": "5.8.3"
        }
      }
    ]
  },
  "version": 1
}
